
Microsoft Visual Studio Solution File, Format Version 12.00
# Visual Studio Version 17
VisualStudioVersion = 17.9.34526.213
MinimumVisualStudioVersion = 10.0.40219.1
Project("{2150E333-8FDC-42A3-9474-1A3956D46DE8}") = "Source", "Source", "{8A5062BB-B35B-42C0-9BD8-642F371539FF}"
EndProject
Project("{2150E333-8FDC-42A3-9474-1A3956D46DE8}") = "Submodules", "Submodules", "{B2033982-2A75-4103-8778-9A226F8CB582}"
EndProject
Project("{2150E333-8FDC-42A3-9474-1A3956D46DE8}") = "CodeGen", "CodeGen", "{AE561F6E-E106-4C7E-9054-33C3AE93A3AE}"
EndProject
Project("{9A19103F-16F7-4668-BE54-9A1E7A4F7556}") = "ooeentwicklerapi.Controller", "src\ooeentwicklerapi.Controller\ooeentwicklerapi.Controller.csproj", "{85378B48-5657-4A6B-BF6C-0ECC2573A11D}"
EndProject
Project("{9A19103F-16F7-4668-BE54-9A1E7A4F7556}") = "ooeentwicklerapi.Database", "src\ooeentwicklerapi.Database\ooeentwicklerapi.Database.csproj", "{7888AAAE-6A89-4000-B0E3-7455B232370D}"
EndProject
Project("{9A19103F-16F7-4668-BE54-9A1E7A4F7556}") = "ooeentwicklerapi.Foundation", "src\ooeentwicklerapi.Foundation\ooeentwicklerapi.Foundation.csproj", "{07A980F2-4B43-43B1-A671-966A69E39287}"
EndProject
Project("{9A19103F-16F7-4668-BE54-9A1E7A4F7556}") = "ooeentwicklerapi.Managers", "src\ooeentwicklerapi.Managers\ooeentwicklerapi.Managers.csproj", "{9E3DB938-556D-4E7B-86CB-D9D84F8D4DDE}"
EndProject
Project("{9A19103F-16F7-4668-BE54-9A1E7A4F7556}") = "ooeentwicklerapi.Repositories", "src\ooeentwicklerapi.Repositories\ooeentwicklerapi.Repositories.csproj", "{579C6D07-2823-41F9-A85E-B4873D8C4B28}"
EndProject
Project("{9A19103F-16F7-4668-BE54-9A1E7A4F7556}") = "ooeentwicklerapi.Host", "src\ooeentwicklerapi.Host\ooeentwicklerapi.Host.csproj", "{04A8CF7C-7E79-4D0B-ACCB-FB0EC3AFCC86}"
EndProject
Project("{2150E333-8FDC-42A3-9474-1A3956D46DE8}") = "Shared", "Shared", "{155F58DA-92B2-47E7-AF6F-4070F4D5B622}"
EndProject
Project("{D954291E-2A0B-460D-934E-DC6B0785DB48}") = "ooeentwickler.foundation.shared", "..\ooeentwicklerfoundation\ooeentwickler.foundation.shared\ooeentwickler.foundation.shared.shproj", "{7722768E-1C27-409B-AB06-B705776F1C48}"
EndProject
Project("{9A19103F-16F7-4668-BE54-9A1E7A4F7556}") = "Shared", "..\..\..\..\Uno\Framework.Uno\submodules\Framework.Restservice\submodules\CodeGen\src\Common\Shared\Shared.csproj", "{5BDD3320-61C1-4A54-910D-2F24FC1DF9B7}"
EndProject
Project("{9A19103F-16F7-4668-BE54-9A1E7A4F7556}") = "Codelisk.GeneratorAttributes", "..\..\..\..\Uno\Framework.Uno\submodules\Framework.Restservice\submodules\CodeGen\src\Common\Codelisk.GeneratorAttributes\Codelisk.GeneratorAttributes.csproj", "{FE0DF761-21CD-417D-B822-BC8F37349660}"
EndProject
Project("{9A19103F-16F7-4668-BE54-9A1E7A4F7556}") = "Generators.Base", "..\..\..\..\Uno\Framework.Uno\submodules\Framework.Restservice\submodules\CodeGen\src\GeneratorHelper\Generators.Base\Generators.Base.csproj", "{1F87FACE-E637-4FD8-8492-0F055D381A87}"
EndProject
Project("{9A19103F-16F7-4668-BE54-9A1E7A4F7556}") = "Foundation.Crawler", "..\..\..\..\Uno\Framework.Uno\submodules\Framework.Restservice\submodules\CodeGen\src\GeneratorHelper\Foundation.Crawler\Foundation.Crawler.csproj", "{D5557360-D609-4FC6-A429-B44FA61436B7}"
EndProject
Project("{9A19103F-16F7-4668-BE54-9A1E7A4F7556}") = "Api.Generator", "..\..\..\..\Uno\Framework.Uno\submodules\Framework.Restservice\submodules\CodeGen\src\Generators\Api\Api.Generator\Api.Generator.csproj", "{D4777804-D579-4EBF-BB66-6FE86E911CC3}"
EndProject
Project("{9A19103F-16F7-4668-BE54-9A1E7A4F7556}") = "Codelisk.Api.RefitApis.Generator", "..\..\..\..\Uno\Framework.Uno\submodules\Framework.Restservice\submodules\CodeGen\src\Generators\Api\Codelisk.Api.RefitApis.Generator\Codelisk.Api.RefitApis.Generator.csproj", "{4CDC4A82-45A6-4854-84AC-3B225D7C4170}"
EndProject
Project("{9A19103F-16F7-4668-BE54-9A1E7A4F7556}") = "Codelisk.Foundation.Generator", "..\..\..\..\Uno\Framework.Uno\submodules\Framework.Restservice\submodules\CodeGen\src\Generators\Foundation\Codelisk.Foundation.Generator\Codelisk.Foundation.Generator.csproj", "{593A14A6-48E1-475A-A49B-D090102A9404}"
EndProject
Project("{9A19103F-16F7-4668-BE54-9A1E7A4F7556}") = "Codelisk.Controller.Generator", "..\..\..\..\Uno\Framework.Uno\submodules\Framework.Restservice\submodules\CodeGen\src\Generators\Web\Codelisk.Controller.Generator\Codelisk.Controller.Generator.csproj", "{64A5FAED-C965-442B-997E-04548B0C7A33}"
EndProject
Project("{9A19103F-16F7-4668-BE54-9A1E7A4F7556}") = "WebAutoMapperProfile.Generator", "..\..\..\..\Uno\Framework.Uno\submodules\Framework.Restservice\submodules\CodeGen\src\Generators\Web\WebAutoMapperProfile.Generator\WebAutoMapperProfile.Generator.csproj", "{4F3624B1-B426-4CDB-A307-FB27BEF4D8C3}"
EndProject
Project("{9A19103F-16F7-4668-BE54-9A1E7A4F7556}") = "WebDbContext.Generator", "..\..\..\..\Uno\Framework.Uno\submodules\Framework.Restservice\submodules\CodeGen\src\Generators\Web\WebDbContext.Generator\WebDbContext.Generator.csproj", "{28B451BC-1469-46E0-9F9C-D2C73B4E735F}"
EndProject
Project("{9A19103F-16F7-4668-BE54-9A1E7A4F7556}") = "WebGenerator.Base", "..\..\..\..\Uno\Framework.Uno\submodules\Framework.Restservice\submodules\CodeGen\src\Generators\Web\WebGenerator.Base\WebGenerator.Base.csproj", "{9AF3D4C0-DFAB-49F3-8256-EEE6CC10748A}"
EndProject
Project("{9A19103F-16F7-4668-BE54-9A1E7A4F7556}") = "WebManager.Contract.Generator", "..\..\..\..\Uno\Framework.Uno\submodules\Framework.Restservice\submodules\CodeGen\src\Generators\Web\WebManager.Contract.Generator\WebManager.Contract.Generator.csproj", "{0328E419-FF82-46B6-9C29-9AD3E5CECEBD}"
EndProject
Project("{9A19103F-16F7-4668-BE54-9A1E7A4F7556}") = "WebManager.Generator", "..\..\..\..\Uno\Framework.Uno\submodules\Framework.Restservice\submodules\CodeGen\src\Generators\Web\WebManager.Generator\WebManager.Generator.csproj", "{AEAE4D35-1C10-4214-BA1F-225B666DDFCD}"
EndProject
Project("{9A19103F-16F7-4668-BE54-9A1E7A4F7556}") = "WebRepositories.Contract.Generator", "..\..\..\..\Uno\Framework.Uno\submodules\Framework.Restservice\submodules\CodeGen\src\Generators\Web\WebRepositories.Contract.Generator\WebRepositories.Contract.Generator.csproj", "{DFEA56D4-C266-4FDE-A3CE-545B3B647C4E}"
EndProject
Project("{9A19103F-16F7-4668-BE54-9A1E7A4F7556}") = "WebRepositories.Generator", "..\..\..\..\Uno\Framework.Uno\submodules\Framework.Restservice\submodules\CodeGen\src\Generators\Web\WebRepositories.Generator\WebRepositories.Generator.csproj", "{16E64B63-0792-4B8D-908A-448E5DDDB42C}"
EndProject
Project("{2150E333-8FDC-42A3-9474-1A3956D46DE8}") = "Generators", "Generators", "{4DD848AF-301F-4CC8-AF60-019352CB7597}"
EndProject
Project("{9A19103F-16F7-4668-BE54-9A1E7A4F7556}") = "Codelisk.AutoFilterer.Generators", "..\..\..\..\Uno\Framework.Uno\submodules\Framework.Restservice\submodules\CodeGen\src\Submodules\AutoFilterer\src\AutoFilterer.Generators\Codelisk.AutoFilterer.Generators.csproj", "{11C87605-5EFF-452B-89E7-BD04945092CB}"
EndProject
Project("{9A19103F-16F7-4668-BE54-9A1E7A4F7556}") = "Codelisk.AutoRegisterInject.Generator", "..\..\..\..\Uno\Framework.Uno\submodules\Framework.Restservice\submodules\CodeGen\src\Submodules\AutoRegisterInject\src\AutoRegisterInject\Codelisk.AutoRegisterInject.Generator.csproj", "{AD93E733-B538-4111-9F49-CAAEE7C7461A}"
EndProject
Project("{9A19103F-16F7-4668-BE54-9A1E7A4F7556}") = "Framework.Restservice.Controller", "..\..\..\..\Uno\Framework.Uno\submodules\Framework.Restservice\src\Framework.Restservice.Controller\Framework.Restservice.Controller.csproj", "{82AA9BC7-C840-4D79-A93A-D5C20CCDCE2E}"
EndProject
Project("{9A19103F-16F7-4668-BE54-9A1E7A4F7556}") = "Framework.Restservice.Database", "..\..\..\..\Uno\Framework.Uno\submodules\Framework.Restservice\src\Framework.Restservice.Database\Framework.Restservice.Database.csproj", "{CDAAE057-9DE4-4F47-A792-E09DE2DAB90F}"
EndProject
Project("{9A19103F-16F7-4668-BE54-9A1E7A4F7556}") = "Framework.Restservice.Foundation", "..\..\..\..\Uno\Framework.Uno\submodules\Framework.Restservice\src\Framework.Restservice.Foundation\Framework.Restservice.Foundation.csproj", "{F768050A-559A-4EAA-9E3F-9F4D6B385571}"
EndProject
Project("{9A19103F-16F7-4668-BE54-9A1E7A4F7556}") = "Framework.Restservice.Managers", "..\..\..\..\Uno\Framework.Uno\submodules\Framework.Restservice\src\Framework.Restservice.Managers\Framework.Restservice.Managers.csproj", "{44D7CF70-1191-4B31-AF01-C82C32C65911}"
EndProject
Project("{9A19103F-16F7-4668-BE54-9A1E7A4F7556}") = "Framework.Restservice.Repositories", "..\..\..\..\Uno\Framework.Uno\submodules\Framework.Restservice\src\Framework.Restservice.Repositories\Framework.Restservice.Repositories.csproj", "{93D74351-8540-4885-AF92-393F3919CC45}"
EndProject
Project("{9A19103F-16F7-4668-BE54-9A1E7A4F7556}") = "Framework.Restservice.Server", "..\..\..\..\Uno\Framework.Uno\submodules\Framework.Restservice\src\Framework.Restservice.Server\Framework.Restservice.Server.csproj", "{DF6F9816-65C3-4040-B943-60756C66B92C}"
EndProject
Project("{2150E333-8FDC-42A3-9474-1A3956D46DE8}") = "Framework", "Framework", "{AC1587E7-DBCA-492E-AA25-540A16853EAF}"
EndProject
Global
	GlobalSection(SolutionConfigurationPlatforms) = preSolution
		Debug|Any CPU = Debug|Any CPU
		Release|Any CPU = Release|Any CPU
	EndGlobalSection
	GlobalSection(ProjectConfigurationPlatforms) = postSolution
		{85378B48-5657-4A6B-BF6C-0ECC2573A11D}.Debug|Any CPU.ActiveCfg = Debug|Any CPU
		{85378B48-5657-4A6B-BF6C-0ECC2573A11D}.Debug|Any CPU.Build.0 = Debug|Any CPU
		{85378B48-5657-4A6B-BF6C-0ECC2573A11D}.Release|Any CPU.ActiveCfg = Release|Any CPU
		{85378B48-5657-4A6B-BF6C-0ECC2573A11D}.Release|Any CPU.Build.0 = Release|Any CPU
		{7888AAAE-6A89-4000-B0E3-7455B232370D}.Debug|Any CPU.ActiveCfg = Debug|Any CPU
		{7888AAAE-6A89-4000-B0E3-7455B232370D}.Debug|Any CPU.Build.0 = Debug|Any CPU
		{7888AAAE-6A89-4000-B0E3-7455B232370D}.Release|Any CPU.ActiveCfg = Release|Any CPU
		{7888AAAE-6A89-4000-B0E3-7455B232370D}.Release|Any CPU.Build.0 = Release|Any CPU
		{07A980F2-4B43-43B1-A671-966A69E39287}.Debug|Any CPU.ActiveCfg = Debug|Any CPU
		{07A980F2-4B43-43B1-A671-966A69E39287}.Debug|Any CPU.Build.0 = Debug|Any CPU
		{07A980F2-4B43-43B1-A671-966A69E39287}.Release|Any CPU.ActiveCfg = Release|Any CPU
		{07A980F2-4B43-43B1-A671-966A69E39287}.Release|Any CPU.Build.0 = Release|Any CPU
		{9E3DB938-556D-4E7B-86CB-D9D84F8D4DDE}.Debug|Any CPU.ActiveCfg = Debug|Any CPU
		{9E3DB938-556D-4E7B-86CB-D9D84F8D4DDE}.Debug|Any CPU.Build.0 = Debug|Any CPU
		{9E3DB938-556D-4E7B-86CB-D9D84F8D4DDE}.Release|Any CPU.ActiveCfg = Release|Any CPU
		{9E3DB938-556D-4E7B-86CB-D9D84F8D4DDE}.Release|Any CPU.Build.0 = Release|Any CPU
		{579C6D07-2823-41F9-A85E-B4873D8C4B28}.Debug|Any CPU.ActiveCfg = Debug|Any CPU
		{579C6D07-2823-41F9-A85E-B4873D8C4B28}.Debug|Any CPU.Build.0 = Debug|Any CPU
		{579C6D07-2823-41F9-A85E-B4873D8C4B28}.Release|Any CPU.ActiveCfg = Release|Any CPU
		{579C6D07-2823-41F9-A85E-B4873D8C4B28}.Release|Any CPU.Build.0 = Release|Any CPU
		{04A8CF7C-7E79-4D0B-ACCB-FB0EC3AFCC86}.Debug|Any CPU.ActiveCfg = Debug|Any CPU
		{04A8CF7C-7E79-4D0B-ACCB-FB0EC3AFCC86}.Debug|Any CPU.Build.0 = Debug|Any CPU
		{04A8CF7C-7E79-4D0B-ACCB-FB0EC3AFCC86}.Release|Any CPU.ActiveCfg = Release|Any CPU
		{04A8CF7C-7E79-4D0B-ACCB-FB0EC3AFCC86}.Release|Any CPU.Build.0 = Release|Any CPU
		{5BDD3320-61C1-4A54-910D-2F24FC1DF9B7}.Debug|Any CPU.ActiveCfg = Debug|Any CPU
		{5BDD3320-61C1-4A54-910D-2F24FC1DF9B7}.Debug|Any CPU.Build.0 = Debug|Any CPU
		{5BDD3320-61C1-4A54-910D-2F24FC1DF9B7}.Release|Any CPU.ActiveCfg = Release|Any CPU
		{5BDD3320-61C1-4A54-910D-2F24FC1DF9B7}.Release|Any CPU.Build.0 = Release|Any CPU
		{FE0DF761-21CD-417D-B822-BC8F37349660}.Debug|Any CPU.ActiveCfg = Debug|Any CPU
		{FE0DF761-21CD-417D-B822-BC8F37349660}.Debug|Any CPU.Build.0 = Debug|Any CPU
		{FE0DF761-21CD-417D-B822-BC8F37349660}.Release|Any CPU.ActiveCfg = Release|Any CPU
		{FE0DF761-21CD-417D-B822-BC8F37349660}.Release|Any CPU.Build.0 = Release|Any CPU
		{1F87FACE-E637-4FD8-8492-0F055D381A87}.Debug|Any CPU.ActiveCfg = Debug|Any CPU
		{1F87FACE-E637-4FD8-8492-0F055D381A87}.Debug|Any CPU.Build.0 = Debug|Any CPU
		{1F87FACE-E637-4FD8-8492-0F055D381A87}.Release|Any CPU.ActiveCfg = Release|Any CPU
		{1F87FACE-E637-4FD8-8492-0F055D381A87}.Release|Any CPU.Build.0 = Release|Any CPU
		{D5557360-D609-4FC6-A429-B44FA61436B7}.Debug|Any CPU.ActiveCfg = Debug|Any CPU
		{D5557360-D609-4FC6-A429-B44FA61436B7}.Debug|Any CPU.Build.0 = Debug|Any CPU
		{D5557360-D609-4FC6-A429-B44FA61436B7}.Release|Any CPU.ActiveCfg = Release|Any CPU
		{D5557360-D609-4FC6-A429-B44FA61436B7}.Release|Any CPU.Build.0 = Release|Any CPU
		{D4777804-D579-4EBF-BB66-6FE86E911CC3}.Debug|Any CPU.ActiveCfg = Debug|Any CPU
		{D4777804-D579-4EBF-BB66-6FE86E911CC3}.Debug|Any CPU.Build.0 = Debug|Any CPU
		{D4777804-D579-4EBF-BB66-6FE86E911CC3}.Release|Any CPU.ActiveCfg = Release|Any CPU
		{D4777804-D579-4EBF-BB66-6FE86E911CC3}.Release|Any CPU.Build.0 = Release|Any CPU
		{4CDC4A82-45A6-4854-84AC-3B225D7C4170}.Debug|Any CPU.ActiveCfg = Debug|Any CPU
		{4CDC4A82-45A6-4854-84AC-3B225D7C4170}.Debug|Any CPU.Build.0 = Debug|Any CPU
		{4CDC4A82-45A6-4854-84AC-3B225D7C4170}.Release|Any CPU.ActiveCfg = Release|Any CPU
		{4CDC4A82-45A6-4854-84AC-3B225D7C4170}.Release|Any CPU.Build.0 = Release|Any CPU
		{593A14A6-48E1-475A-A49B-D090102A9404}.Debug|Any CPU.ActiveCfg = Debug|Any CPU
		{593A14A6-48E1-475A-A49B-D090102A9404}.Debug|Any CPU.Build.0 = Debug|Any CPU
		{593A14A6-48E1-475A-A49B-D090102A9404}.Release|Any CPU.ActiveCfg = Release|Any CPU
		{593A14A6-48E1-475A-A49B-D090102A9404}.Release|Any CPU.Build.0 = Release|Any CPU
		{64A5FAED-C965-442B-997E-04548B0C7A33}.Debug|Any CPU.ActiveCfg = Debug|Any CPU
		{64A5FAED-C965-442B-997E-04548B0C7A33}.Debug|Any CPU.Build.0 = Debug|Any CPU
		{64A5FAED-C965-442B-997E-04548B0C7A33}.Release|Any CPU.ActiveCfg = Release|Any CPU
		{64A5FAED-C965-442B-997E-04548B0C7A33}.Release|Any CPU.Build.0 = Release|Any CPU
		{4F3624B1-B426-4CDB-A307-FB27BEF4D8C3}.Debug|Any CPU.ActiveCfg = Debug|Any CPU
		{4F3624B1-B426-4CDB-A307-FB27BEF4D8C3}.Debug|Any CPU.Build.0 = Debug|Any CPU
		{4F3624B1-B426-4CDB-A307-FB27BEF4D8C3}.Release|Any CPU.ActiveCfg = Release|Any CPU
		{4F3624B1-B426-4CDB-A307-FB27BEF4D8C3}.Release|Any CPU.Build.0 = Release|Any CPU
		{28B451BC-1469-46E0-9F9C-D2C73B4E735F}.Debug|Any CPU.ActiveCfg = Debug|Any CPU
		{28B451BC-1469-46E0-9F9C-D2C73B4E735F}.Debug|Any CPU.Build.0 = Debug|Any CPU
		{28B451BC-1469-46E0-9F9C-D2C73B4E735F}.Release|Any CPU.ActiveCfg = Release|Any CPU
		{28B451BC-1469-46E0-9F9C-D2C73B4E735F}.Release|Any CPU.Build.0 = Release|Any CPU
		{9AF3D4C0-DFAB-49F3-8256-EEE6CC10748A}.Debug|Any CPU.ActiveCfg = Debug|Any CPU
		{9AF3D4C0-DFAB-49F3-8256-EEE6CC10748A}.Debug|Any CPU.Build.0 = Debug|Any CPU
		{9AF3D4C0-DFAB-49F3-8256-EEE6CC10748A}.Release|Any CPU.ActiveCfg = Release|Any CPU
		{9AF3D4C0-DFAB-49F3-8256-EEE6CC10748A}.Release|Any CPU.Build.0 = Release|Any CPU
		{0328E419-FF82-46B6-9C29-9AD3E5CECEBD}.Debug|Any CPU.ActiveCfg = Debug|Any CPU
		{0328E419-FF82-46B6-9C29-9AD3E5CECEBD}.Debug|Any CPU.Build.0 = Debug|Any CPU
		{0328E419-FF82-46B6-9C29-9AD3E5CECEBD}.Release|Any CPU.ActiveCfg = Release|Any CPU
		{0328E419-FF82-46B6-9C29-9AD3E5CECEBD}.Release|Any CPU.Build.0 = Release|Any CPU
		{AEAE4D35-1C10-4214-BA1F-225B666DDFCD}.Debug|Any CPU.ActiveCfg = Debug|Any CPU
		{AEAE4D35-1C10-4214-BA1F-225B666DDFCD}.Debug|Any CPU.Build.0 = Debug|Any CPU
		{AEAE4D35-1C10-4214-BA1F-225B666DDFCD}.Release|Any CPU.ActiveCfg = Release|Any CPU
		{AEAE4D35-1C10-4214-BA1F-225B666DDFCD}.Release|Any CPU.Build.0 = Release|Any CPU
		{DFEA56D4-C266-4FDE-A3CE-545B3B647C4E}.Debug|Any CPU.ActiveCfg = Debug|Any CPU
		{DFEA56D4-C266-4FDE-A3CE-545B3B647C4E}.Debug|Any CPU.Build.0 = Debug|Any CPU
		{DFEA56D4-C266-4FDE-A3CE-545B3B647C4E}.Release|Any CPU.ActiveCfg = Release|Any CPU
		{DFEA56D4-C266-4FDE-A3CE-545B3B647C4E}.Release|Any CPU.Build.0 = Release|Any CPU
		{16E64B63-0792-4B8D-908A-448E5DDDB42C}.Debug|Any CPU.ActiveCfg = Debug|Any CPU
		{16E64B63-0792-4B8D-908A-448E5DDDB42C}.Debug|Any CPU.Build.0 = Debug|Any CPU
		{16E64B63-0792-4B8D-908A-448E5DDDB42C}.Release|Any CPU.ActiveCfg = Release|Any CPU
		{16E64B63-0792-4B8D-908A-448E5DDDB42C}.Release|Any CPU.Build.0 = Release|Any CPU
		{11C87605-5EFF-452B-89E7-BD04945092CB}.Debug|Any CPU.ActiveCfg = Debug|Any CPU
		{11C87605-5EFF-452B-89E7-BD04945092CB}.Debug|Any CPU.Build.0 = Debug|Any CPU
		{11C87605-5EFF-452B-89E7-BD04945092CB}.Release|Any CPU.ActiveCfg = Release|Any CPU
		{11C87605-5EFF-452B-89E7-BD04945092CB}.Release|Any CPU.Build.0 = Release|Any CPU
		{AD93E733-B538-4111-9F49-CAAEE7C7461A}.Debug|Any CPU.ActiveCfg = Debug|Any CPU
		{AD93E733-B538-4111-9F49-CAAEE7C7461A}.Debug|Any CPU.Build.0 = Debug|Any CPU
		{AD93E733-B538-4111-9F49-CAAEE7C7461A}.Release|Any CPU.ActiveCfg = Release|Any CPU
		{AD93E733-B538-4111-9F49-CAAEE7C7461A}.Release|Any CPU.Build.0 = Release|Any CPU
		{82AA9BC7-C840-4D79-A93A-D5C20CCDCE2E}.Debug|Any CPU.ActiveCfg = Debug|Any CPU
		{82AA9BC7-C840-4D79-A93A-D5C20CCDCE2E}.Debug|Any CPU.Build.0 = Debug|Any CPU
		{82AA9BC7-C840-4D79-A93A-D5C20CCDCE2E}.Release|Any CPU.ActiveCfg = Release|Any CPU
		{82AA9BC7-C840-4D79-A93A-D5C20CCDCE2E}.Release|Any CPU.Build.0 = Release|Any CPU
		{CDAAE057-9DE4-4F47-A792-E09DE2DAB90F}.Debug|Any CPU.ActiveCfg = Debug|Any CPU
		{CDAAE057-9DE4-4F47-A792-E09DE2DAB90F}.Debug|Any CPU.Build.0 = Debug|Any CPU
		{CDAAE057-9DE4-4F47-A792-E09DE2DAB90F}.Release|Any CPU.ActiveCfg = Release|Any CPU
		{CDAAE057-9DE4-4F47-A792-E09DE2DAB90F}.Release|Any CPU.Build.0 = Release|Any CPU
		{F768050A-559A-4EAA-9E3F-9F4D6B385571}.Debug|Any CPU.ActiveCfg = Debug|Any CPU
		{F768050A-559A-4EAA-9E3F-9F4D6B385571}.Debug|Any CPU.Build.0 = Debug|Any CPU
		{F768050A-559A-4EAA-9E3F-9F4D6B385571}.Release|Any CPU.ActiveCfg = Release|Any CPU
		{F768050A-559A-4EAA-9E3F-9F4D6B385571}.Release|Any CPU.Build.0 = Release|Any CPU
		{44D7CF70-1191-4B31-AF01-C82C32C65911}.Debug|Any CPU.ActiveCfg = Debug|Any CPU
		{44D7CF70-1191-4B31-AF01-C82C32C65911}.Debug|Any CPU.Build.0 = Debug|Any CPU
		{44D7CF70-1191-4B31-AF01-C82C32C65911}.Release|Any CPU.ActiveCfg = Release|Any CPU
		{44D7CF70-1191-4B31-AF01-C82C32C65911}.Release|Any CPU.Build.0 = Release|Any CPU
		{93D74351-8540-4885-AF92-393F3919CC45}.Debug|Any CPU.ActiveCfg = Debug|Any CPU
		{93D74351-8540-4885-AF92-393F3919CC45}.Debug|Any CPU.Build.0 = Debug|Any CPU
		{93D74351-8540-4885-AF92-393F3919CC45}.Release|Any CPU.ActiveCfg = Release|Any CPU
		{93D74351-8540-4885-AF92-393F3919CC45}.Release|Any CPU.Build.0 = Release|Any CPU
		{DF6F9816-65C3-4040-B943-60756C66B92C}.Debug|Any CPU.ActiveCfg = Debug|Any CPU
		{DF6F9816-65C3-4040-B943-60756C66B92C}.Debug|Any CPU.Build.0 = Debug|Any CPU
		{DF6F9816-65C3-4040-B943-60756C66B92C}.Release|Any CPU.ActiveCfg = Release|Any CPU
		{DF6F9816-65C3-4040-B943-60756C66B92C}.Release|Any CPU.Build.0 = Release|Any CPU
	EndGlobalSection
	GlobalSection(SolutionProperties) = preSolution
		HideSolutionNode = FALSE
	EndGlobalSection
	GlobalSection(NestedProjects) = preSolution
		{AE561F6E-E106-4C7E-9054-33C3AE93A3AE} = {B2033982-2A75-4103-8778-9A226F8CB582}
		{85378B48-5657-4A6B-BF6C-0ECC2573A11D} = {8A5062BB-B35B-42C0-9BD8-642F371539FF}
		{7888AAAE-6A89-4000-B0E3-7455B232370D} = {8A5062BB-B35B-42C0-9BD8-642F371539FF}
		{07A980F2-4B43-43B1-A671-966A69E39287} = {8A5062BB-B35B-42C0-9BD8-642F371539FF}
		{9E3DB938-556D-4E7B-86CB-D9D84F8D4DDE} = {8A5062BB-B35B-42C0-9BD8-642F371539FF}
		{579C6D07-2823-41F9-A85E-B4873D8C4B28} = {8A5062BB-B35B-42C0-9BD8-642F371539FF}
		{04A8CF7C-7E79-4D0B-ACCB-FB0EC3AFCC86} = {8A5062BB-B35B-42C0-9BD8-642F371539FF}
		{7722768E-1C27-409B-AB06-B705776F1C48} = {155F58DA-92B2-47E7-AF6F-4070F4D5B622}
		{5BDD3320-61C1-4A54-910D-2F24FC1DF9B7} = {AE561F6E-E106-4C7E-9054-33C3AE93A3AE}
		{FE0DF761-21CD-417D-B822-BC8F37349660} = {AE561F6E-E106-4C7E-9054-33C3AE93A3AE}
		{1F87FACE-E637-4FD8-8492-0F055D381A87} = {AE561F6E-E106-4C7E-9054-33C3AE93A3AE}
		{D5557360-D609-4FC6-A429-B44FA61436B7} = {AE561F6E-E106-4C7E-9054-33C3AE93A3AE}
		{D4777804-D579-4EBF-BB66-6FE86E911CC3} = {4DD848AF-301F-4CC8-AF60-019352CB7597}
		{4CDC4A82-45A6-4854-84AC-3B225D7C4170} = {4DD848AF-301F-4CC8-AF60-019352CB7597}
		{593A14A6-48E1-475A-A49B-D090102A9404} = {4DD848AF-301F-4CC8-AF60-019352CB7597}
		{64A5FAED-C965-442B-997E-04548B0C7A33} = {4DD848AF-301F-4CC8-AF60-019352CB7597}
		{4F3624B1-B426-4CDB-A307-FB27BEF4D8C3} = {4DD848AF-301F-4CC8-AF60-019352CB7597}
		{28B451BC-1469-46E0-9F9C-D2C73B4E735F} = {4DD848AF-301F-4CC8-AF60-019352CB7597}
		{9AF3D4C0-DFAB-49F3-8256-EEE6CC10748A} = {4DD848AF-301F-4CC8-AF60-019352CB7597}
		{0328E419-FF82-46B6-9C29-9AD3E5CECEBD} = {4DD848AF-301F-4CC8-AF60-019352CB7597}
		{AEAE4D35-1C10-4214-BA1F-225B666DDFCD} = {4DD848AF-301F-4CC8-AF60-019352CB7597}
		{DFEA56D4-C266-4FDE-A3CE-545B3B647C4E} = {4DD848AF-301F-4CC8-AF60-019352CB7597}
		{16E64B63-0792-4B8D-908A-448E5DDDB42C} = {4DD848AF-301F-4CC8-AF60-019352CB7597}
		{4DD848AF-301F-4CC8-AF60-019352CB7597} = {AE561F6E-E106-4C7E-9054-33C3AE93A3AE}
		{11C87605-5EFF-452B-89E7-BD04945092CB} = {4DD848AF-301F-4CC8-AF60-019352CB7597}
		{AD93E733-B538-4111-9F49-CAAEE7C7461A} = {4DD848AF-301F-4CC8-AF60-019352CB7597}
		{82AA9BC7-C840-4D79-A93A-D5C20CCDCE2E} = {AC1587E7-DBCA-492E-AA25-540A16853EAF}
		{CDAAE057-9DE4-4F47-A792-E09DE2DAB90F} = {AC1587E7-DBCA-492E-AA25-540A16853EAF}
		{F768050A-559A-4EAA-9E3F-9F4D6B385571} = {AC1587E7-DBCA-492E-AA25-540A16853EAF}
		{44D7CF70-1191-4B31-AF01-C82C32C65911} = {AC1587E7-DBCA-492E-AA25-540A16853EAF}
		{93D74351-8540-4885-AF92-393F3919CC45} = {AC1587E7-DBCA-492E-AA25-540A16853EAF}
		{DF6F9816-65C3-4040-B943-60756C66B92C} = {AC1587E7-DBCA-492E-AA25-540A16853EAF}
		{AC1587E7-DBCA-492E-AA25-540A16853EAF} = {B2033982-2A75-4103-8778-9A226F8CB582}
	EndGlobalSection
	GlobalSection(ExtensibilityGlobals) = postSolution
		SolutionGuid = {EAE29681-AE4A-496D-90BC-0ED1EEE6F762}
	EndGlobalSection
	GlobalSection(SharedMSBuildProjectFiles) = preSolution
		..\ooeentwicklerfoundation\ooeentwickler.foundation.shared\ooeentwickler.foundation.shared.projitems*{07a980f2-4b43-43b1-a671-966a69e39287}*SharedItemsImports = 5
		..\ooeentwicklerfoundation\ooeentwickler.foundation.shared\ooeentwickler.foundation.shared.projitems*{7722768e-1c27-409b-ab06-b705776f1c48}*SharedItemsImports = 13
	EndGlobalSection
EndGlobal
