
Microsoft Visual Studio Solution File, Format Version 12.00
# Visual Studio Version 17
VisualStudioVersion = 17.9.34526.213
MinimumVisualStudioVersion = 10.0.40219.1
Project("{2150E333-8FDC-42A3-9474-1A3956D46DE8}") = "Source", "Source", "{8A5062BB-B35B-42C0-9BD8-642F371539FF}"
EndProject
Project("{2150E333-8FDC-42A3-9474-1A3956D46DE8}") = "Submodules", "Submodules", "{B2033982-2A75-4103-8778-9A226F8CB582}"
EndProject
Project("{2150E333-8FDC-42A3-9474-1A3956D46DE8}") = "CodeGen", "CodeGen", "{AE561F6E-E106-4C7E-9054-33C3AE93A3AE}"
EndProject
Project("{9A19103F-16F7-4668-BE54-9A1E7A4F7556}") = "ooeentwicklerapi.Controller", "src\ooeentwicklerapi.Controller\ooeentwicklerapi.Controller.csproj", "{85378B48-5657-4A6B-BF6C-0ECC2573A11D}"
EndProject
Project("{9A19103F-16F7-4668-BE54-9A1E7A4F7556}") = "ooeentwicklerapi.Database", "src\ooeentwicklerapi.Database\ooeentwicklerapi.Database.csproj", "{7888AAAE-6A89-4000-B0E3-7455B232370D}"
EndProject
Project("{9A19103F-16F7-4668-BE54-9A1E7A4F7556}") = "ooeentwicklerapi.Foundation", "src\ooeentwicklerapi.Foundation\ooeentwicklerapi.Foundation.csproj", "{07A980F2-4B43-43B1-A671-966A69E39287}"
EndProject
Project("{9A19103F-16F7-4668-BE54-9A1E7A4F7556}") = "ooeentwicklerapi.Managers", "src\ooeentwicklerapi.Managers\ooeentwicklerapi.Managers.csproj", "{9E3DB938-556D-4E7B-86CB-D9D84F8D4DDE}"
EndProject
Project("{9A19103F-16F7-4668-BE54-9A1E7A4F7556}") = "ooeentwicklerapi.Repositories", "src\ooeentwicklerapi.Repositories\ooeentwicklerapi.Repositories.csproj", "{579C6D07-2823-41F9-A85E-B4873D8C4B28}"
EndProject
Project("{9A19103F-16F7-4668-BE54-9A1E7A4F7556}") = "ooeentwicklerapi.Host", "src\ooeentwicklerapi.Host\ooeentwicklerapi.Host.csproj", "{04A8CF7C-7E79-4D0B-ACCB-FB0EC3AFCC86}"
EndProject
Project("{2150E333-8FDC-42A3-9474-1A3956D46DE8}") = "Shared", "Shared", "{155F58DA-92B2-47E7-AF6F-4070F4D5B622}"
EndProject
Project("{D954291E-2A0B-460D-934E-DC6B0785DB48}") = "ooeentwickler.foundation.shared", "..\ooeentwicklerfoundation\ooeentwickler.foundation.shared\ooeentwickler.foundation.shared.shproj", "{7722768E-1C27-409B-AB06-B705776F1C48}"
EndProject
Project("{9A19103F-16F7-4668-BE54-9A1E7A4F7556}") = "Codelisk.GeneratorAttributes", "..\..\..\..\Uno\Framework.Uno\submodules\Framework.Restservice\submodules\CodeGen\src\Common\Codelisk.GeneratorAttributes\Codelisk.GeneratorAttributes.csproj", "{B7EE0C1C-C624-4F03-9385-B5E3DCAFAF16}"
EndProject
Project("{9A19103F-16F7-4668-BE54-9A1E7A4F7556}") = "Foundation", "..\..\..\..\Uno\Framework.Uno\submodules\Framework.Restservice\submodules\CodeGen\src\Common\Foundation\Foundation.csproj", "{AE66D029-70A4-4C74-8C72-0538C64CDB1E}"
EndProject
Global
	GlobalSection(SolutionConfigurationPlatforms) = preSolution
		Debug|Any CPU = Debug|Any CPU
		Release|Any CPU = Release|Any CPU
	EndGlobalSection
	GlobalSection(ProjectConfigurationPlatforms) = postSolution
		{85378B48-5657-4A6B-BF6C-0ECC2573A11D}.Debug|Any CPU.ActiveCfg = Debug|Any CPU
		{85378B48-5657-4A6B-BF6C-0ECC2573A11D}.Debug|Any CPU.Build.0 = Debug|Any CPU
		{85378B48-5657-4A6B-BF6C-0ECC2573A11D}.Release|Any CPU.ActiveCfg = Release|Any CPU
		{85378B48-5657-4A6B-BF6C-0ECC2573A11D}.Release|Any CPU.Build.0 = Release|Any CPU
		{7888AAAE-6A89-4000-B0E3-7455B232370D}.Debug|Any CPU.ActiveCfg = Debug|Any CPU
		{7888AAAE-6A89-4000-B0E3-7455B232370D}.Debug|Any CPU.Build.0 = Debug|Any CPU
		{7888AAAE-6A89-4000-B0E3-7455B232370D}.Release|Any CPU.ActiveCfg = Release|Any CPU
		{7888AAAE-6A89-4000-B0E3-7455B232370D}.Release|Any CPU.Build.0 = Release|Any CPU
		{07A980F2-4B43-43B1-A671-966A69E39287}.Debug|Any CPU.ActiveCfg = Debug|Any CPU
		{07A980F2-4B43-43B1-A671-966A69E39287}.Debug|Any CPU.Build.0 = Debug|Any CPU
		{07A980F2-4B43-43B1-A671-966A69E39287}.Release|Any CPU.ActiveCfg = Release|Any CPU
		{07A980F2-4B43-43B1-A671-966A69E39287}.Release|Any CPU.Build.0 = Release|Any CPU
		{9E3DB938-556D-4E7B-86CB-D9D84F8D4DDE}.Debug|Any CPU.ActiveCfg = Debug|Any CPU
		{9E3DB938-556D-4E7B-86CB-D9D84F8D4DDE}.Debug|Any CPU.Build.0 = Debug|Any CPU
		{9E3DB938-556D-4E7B-86CB-D9D84F8D4DDE}.Release|Any CPU.ActiveCfg = Release|Any CPU
		{9E3DB938-556D-4E7B-86CB-D9D84F8D4DDE}.Release|Any CPU.Build.0 = Release|Any CPU
		{579C6D07-2823-41F9-A85E-B4873D8C4B28}.Debug|Any CPU.ActiveCfg = Debug|Any CPU
		{579C6D07-2823-41F9-A85E-B4873D8C4B28}.Debug|Any CPU.Build.0 = Debug|Any CPU
		{579C6D07-2823-41F9-A85E-B4873D8C4B28}.Release|Any CPU.ActiveCfg = Release|Any CPU
		{579C6D07-2823-41F9-A85E-B4873D8C4B28}.Release|Any CPU.Build.0 = Release|Any CPU
		{04A8CF7C-7E79-4D0B-ACCB-FB0EC3AFCC86}.Debug|Any CPU.ActiveCfg = Debug|Any CPU
		{04A8CF7C-7E79-4D0B-ACCB-FB0EC3AFCC86}.Debug|Any CPU.Build.0 = Debug|Any CPU
		{04A8CF7C-7E79-4D0B-ACCB-FB0EC3AFCC86}.Release|Any CPU.ActiveCfg = Release|Any CPU
		{04A8CF7C-7E79-4D0B-ACCB-FB0EC3AFCC86}.Release|Any CPU.Build.0 = Release|Any CPU
		{B7EE0C1C-C624-4F03-9385-B5E3DCAFAF16}.Debug|Any CPU.ActiveCfg = Debug|Any CPU
		{B7EE0C1C-C624-4F03-9385-B5E3DCAFAF16}.Debug|Any CPU.Build.0 = Debug|Any CPU
		{B7EE0C1C-C624-4F03-9385-B5E3DCAFAF16}.Release|Any CPU.ActiveCfg = Release|Any CPU
		{B7EE0C1C-C624-4F03-9385-B5E3DCAFAF16}.Release|Any CPU.Build.0 = Release|Any CPU
		{AE66D029-70A4-4C74-8C72-0538C64CDB1E}.Debug|Any CPU.ActiveCfg = Debug|Any CPU
		{AE66D029-70A4-4C74-8C72-0538C64CDB1E}.Debug|Any CPU.Build.0 = Debug|Any CPU
		{AE66D029-70A4-4C74-8C72-0538C64CDB1E}.Release|Any CPU.ActiveCfg = Release|Any CPU
		{AE66D029-70A4-4C74-8C72-0538C64CDB1E}.Release|Any CPU.Build.0 = Release|Any CPU
	EndGlobalSection
	GlobalSection(SolutionProperties) = preSolution
		HideSolutionNode = FALSE
	EndGlobalSection
	GlobalSection(NestedProjects) = preSolution
		{AE561F6E-E106-4C7E-9054-33C3AE93A3AE} = {B2033982-2A75-4103-8778-9A226F8CB582}
		{85378B48-5657-4A6B-BF6C-0ECC2573A11D} = {8A5062BB-B35B-42C0-9BD8-642F371539FF}
		{7888AAAE-6A89-4000-B0E3-7455B232370D} = {8A5062BB-B35B-42C0-9BD8-642F371539FF}
		{07A980F2-4B43-43B1-A671-966A69E39287} = {8A5062BB-B35B-42C0-9BD8-642F371539FF}
		{9E3DB938-556D-4E7B-86CB-D9D84F8D4DDE} = {8A5062BB-B35B-42C0-9BD8-642F371539FF}
		{579C6D07-2823-41F9-A85E-B4873D8C4B28} = {8A5062BB-B35B-42C0-9BD8-642F371539FF}
		{04A8CF7C-7E79-4D0B-ACCB-FB0EC3AFCC86} = {8A5062BB-B35B-42C0-9BD8-642F371539FF}
		{7722768E-1C27-409B-AB06-B705776F1C48} = {155F58DA-92B2-47E7-AF6F-4070F4D5B622}
	EndGlobalSection
	GlobalSection(ExtensibilityGlobals) = postSolution
		SolutionGuid = {EAE29681-AE4A-496D-90BC-0ED1EEE6F762}
	EndGlobalSection
	GlobalSection(SharedMSBuildProjectFiles) = preSolution
		..\ooeentwicklerfoundation\ooeentwickler.foundation.shared\ooeentwickler.foundation.shared.projitems*{07a980f2-4b43-43b1-a671-966a69e39287}*SharedItemsImports = 5
		..\ooeentwicklerfoundation\ooeentwickler.foundation.shared\ooeentwickler.foundation.shared.projitems*{7722768e-1c27-409b-ab06-b705776f1c48}*SharedItemsImports = 13
	EndGlobalSection
EndGlobal
