
Microsoft Visual Studio Solution File, Format Version 12.00
# Visual Studio Version 17
VisualStudioVersion = 17.9.34526.213
MinimumVisualStudioVersion = 10.0.40219.1
Project("{2150E333-8FDC-42A3-9474-1A3956D46DE8}") = "Source", "Source", "{D0533806-92D6-4E95-95AE-4791DCA4D739}"
EndProject
Project("{2150E333-8FDC-42A3-9474-1A3956D46DE8}") = "Platforms", "Platforms", "{11689861-BCC1-4F7B-B09F-34BE87A1A66B}"
EndProject
Project("{9A19103F-16F7-4668-BE54-9A1E7A4F7556}") = "ooeentwickleruno", "ooeentwickleruno\ooeentwickleruno.csproj", "{DC5BFD62-A0C6-4A13-A074-7AC9ED85F60D}"
EndProject
Project("{9A19103F-16F7-4668-BE54-9A1E7A4F7556}") = "ooeentwickleruno.Shared", "ooeentwickleruno.Shared\ooeentwickleruno.Shared.csproj", "{0F1C215C-DB15-4F7B-B97D-1DF769F8410D}"
EndProject
Project("{9A19103F-16F7-4668-BE54-9A1E7A4F7556}") = "ooeentwickleruno.Wasm", "ooeentwickleruno.Wasm\ooeentwickleruno.Wasm.csproj", "{7735B4D8-AA47-41AE-95FD-485598043EC9}"
EndProject
Project("{9A19103F-16F7-4668-BE54-9A1E7A4F7556}") = "ooeentwickleruno.Skia.Wpf", "ooeentwickleruno.Skia.WPF\ooeentwickleruno.Skia.Wpf.csproj", "{5D6CDB02-CC03-4894-A309-09DE47967A36}"
EndProject
Project("{2150E333-8FDC-42A3-9474-1A3956D46DE8}") = "Solution Items", "Solution Items", "{24F8BB11-5594-4E44-9189-C575BDEAEC69}"
	ProjectSection(SolutionItems) = preProject
		.gitignore = .gitignore
		Directory.Build.props = Directory.Build.props
		Directory.Build.targets = Directory.Build.targets
		Directory.Packages.props = Directory.Packages.props
		solution-config.props.sample = solution-config.props.sample
	EndProjectSection
EndProject
Project("{2150E333-8FDC-42A3-9474-1A3956D46DE8}") = "Framework.Uno", "Framework.Uno", "{BB0BA901-54C8-430D-A5DB-EAFCC89EA3D8}"
EndProject
Project("{9A19103F-16F7-4668-BE54-9A1E7A4F7556}") = "Framework.ApiClient", "..\..\submodules\Framework.Uno\src\Framework.Base\Framework.ApiClient\Framework.ApiClient.csproj", "{6B66B415-99BF-444B-B8A1-12412E1D4C12}"
EndProject
Project("{9A19103F-16F7-4668-BE54-9A1E7A4F7556}") = "Framework.Mvvm", "..\..\submodules\Framework.Uno\src\Framework.Base\Framework.Mvvm\Framework.Mvvm.csproj", "{29ED1150-56FF-487D-85DA-BB2763654C83}"
EndProject
Project("{9A19103F-16F7-4668-BE54-9A1E7A4F7556}") = "Framework.Services", "..\..\submodules\Framework.Uno\src\Framework.Base\Framework.Services\Framework.Services.csproj", "{63A1D088-F8E1-48DA-93D2-72FBE7B4A459}"
EndProject
Project("{D954291E-2A0B-460D-934E-DC6B0785DB48}") = "Framework.UnoNative.Shared", "..\..\submodules\Framework.Uno\src\Framework.Base\Framework.UnoNative.Shared\Framework.UnoNative.Shared.shproj", "{05414BC5-EE81-480F-A9F6-40617F802EB4}"
EndProject
Project("{2150E333-8FDC-42A3-9474-1A3956D46DE8}") = "Submodules", "Submodules", "{B0FD6D02-A35A-4E0A-9AE0-8B512C33D7C1}"
EndProject
Project("{2150E333-8FDC-42A3-9474-1A3956D46DE8}") = "CodeGen", "CodeGen", "{B37F1E79-D818-4A35-8450-E42722E5E3EA}"
EndProject
Project("{2150E333-8FDC-42A3-9474-1A3956D46DE8}") = "Shared", "Shared", "{CFD9188B-433B-462A-A261-A5DC116E9078}"
EndProject
Project("{9A19103F-16F7-4668-BE54-9A1E7A4F7556}") = "ooeentwickleruno.foundation", "ooeentwickleruno.foundation\ooeentwickleruno.foundation.csproj", "{0B9CE412-6F5F-4E24-8C9D-511827F21DE9}"
EndProject
Project("{2150E333-8FDC-42A3-9474-1A3956D46DE8}") = "Uno", "Uno", "{F92E5311-13F4-4706-9403-3845C0A87CC1}"
EndProject
Project("{2150E333-8FDC-42A3-9474-1A3956D46DE8}") = "ApiConnector", "ApiConnector", "{84F844EF-C567-4248-BF36-8DE784174DCE}"
EndProject
Project("{9A19103F-16F7-4668-BE54-9A1E7A4F7556}") = "ooeentwickleruno.apiclient", "ApiConnector\ooeentwickleruno.apiclient\ooeentwickleruno.apiclient.csproj", "{8D1A3F44-3D48-4A49-940F-9796E453452E}"
EndProject
Project("{2150E333-8FDC-42A3-9474-1A3956D46DE8}") = "Generators", "Generators", "{6243E01C-9969-4EDE-9B7C-29D1E5C5DAC8}"
EndProject
Project("{D954291E-2A0B-460D-934E-DC6B0785DB48}") = "ooeentwickler.foundation.shared", "..\ooeentwicklerfoundation\ooeentwickler.foundation.shared\ooeentwickler.foundation.shared.shproj", "{7722768E-1C27-409B-AB06-B705776F1C48}"
EndProject
Project("{9A19103F-16F7-4668-BE54-9A1E7A4F7556}") = "ooeentwickleruno.views", "Modules\ooeentwickleruno.views\ooeentwickleruno.views.csproj", "{3350BCD8-1BCC-45FA-8C00-BA63B787C9BA}"
EndProject
Project("{2150E333-8FDC-42A3-9474-1A3956D46DE8}") = "Modules", "Modules", "{F6E9DE9B-BA35-485B-9CAB-B384EDF72EA8}"
EndProject
Project("{9A19103F-16F7-4668-BE54-9A1E7A4F7556}") = "ooeentwickleruno.viewmodels", "Modules\ooeentwickleruno.viewmodels\ooeentwickleruno.viewmodels.csproj", "{09F7BC92-A46D-46E1-976F-C8A31FA4E9FE}"
EndProject
Project("{9A19103F-16F7-4668-BE54-9A1E7A4F7556}") = "ooeentwickleruno.controls", "Modules\ooeentwickleruno.controls\ooeentwickleruno.controls.csproj", "{F897C650-3CD3-4CB3-9DC3-13D5481B2621}"
EndProject
Project("{9A19103F-16F7-4668-BE54-9A1E7A4F7556}") = "Framework.UnoNative.Views", "..\..\submodules\Framework.Uno\src\Framework.Base\Framework.UnoNative.Views\Framework.UnoNative.Views.csproj", "{B1553A0D-3B35-44C9-AE65-FB29845C81AE}"
EndProject
Project("{9A19103F-16F7-4668-BE54-9A1E7A4F7556}") = "Codelisk.GeneratorAttributes", "..\..\submodules\Framework.Uno\submodules\Framework.Restservice\submodules\CodeGen\src\Common\Codelisk.GeneratorAttributes\Codelisk.GeneratorAttributes.csproj", "{950E736B-88F7-40F3-BAFC-ACA0FDE622C1}"
EndProject
Project("{9A19103F-16F7-4668-BE54-9A1E7A4F7556}") = "Generators.Base", "..\..\submodules\Framework.Uno\submodules\Framework.Restservice\submodules\CodeGen\src\GeneratorHelper\Generators.Base\Generators.Base.csproj", "{BEA79B4C-99A3-42EE-93D0-15CCB7DB1EA9}"
EndProject
Project("{9A19103F-16F7-4668-BE54-9A1E7A4F7556}") = "Foundation.Crawler", "..\..\submodules\Framework.Uno\submodules\Framework.Restservice\submodules\CodeGen\src\GeneratorHelper\Foundation.Crawler\Foundation.Crawler.csproj", "{DAAC9B39-F9A8-4947-B6D9-D510D5C8FBC9}"
EndProject
Project("{9A19103F-16F7-4668-BE54-9A1E7A4F7556}") = "Api.Generator", "..\..\submodules\Framework.Uno\submodules\Framework.Restservice\submodules\CodeGen\src\Generators\Api\Api.Generator\Api.Generator.csproj", "{9CDD9ABE-F092-49C1-AD90-664A4C929652}"
EndProject
Project("{9A19103F-16F7-4668-BE54-9A1E7A4F7556}") = "Codelisk.Api.RefitApis.Generator", "..\..\submodules\Framework.Uno\submodules\Framework.Restservice\submodules\CodeGen\src\Generators\Api\Codelisk.Api.RefitApis.Generator\Codelisk.Api.RefitApis.Generator.csproj", "{BBD52C11-A14C-40C9-985F-300D49E3590B}"
EndProject
Project("{9A19103F-16F7-4668-BE54-9A1E7A4F7556}") = "Codelisk.Foundation.Generator", "..\..\submodules\Framework.Uno\submodules\Framework.Restservice\submodules\CodeGen\src\Generators\Foundation\Codelisk.Foundation.Generator\Codelisk.Foundation.Generator.csproj", "{A3C0737F-187D-41F1-A9CB-80745B68838B}"
EndProject
Project("{9A19103F-16F7-4668-BE54-9A1E7A4F7556}") = "Codelisk.Controller.Generator", "..\..\submodules\Framework.Uno\submodules\Framework.Restservice\submodules\CodeGen\src\Generators\Web\Codelisk.Controller.Generator\Codelisk.Controller.Generator.csproj", "{79595318-0D44-4F43-8947-3DB1AE78EDE3}"
EndProject
Project("{9A19103F-16F7-4668-BE54-9A1E7A4F7556}") = "WebAutoMapperProfile.Generator", "..\..\submodules\Framework.Uno\submodules\Framework.Restservice\submodules\CodeGen\src\Generators\Web\WebAutoMapperProfile.Generator\WebAutoMapperProfile.Generator.csproj", "{6E376BAA-C7CE-4603-BD06-4F410129FFED}"
EndProject
Project("{9A19103F-16F7-4668-BE54-9A1E7A4F7556}") = "WebDbContext.Generator", "..\..\submodules\Framework.Uno\submodules\Framework.Restservice\submodules\CodeGen\src\Generators\Web\WebDbContext.Generator\WebDbContext.Generator.csproj", "{F994672A-2C7C-439D-A01B-AED8A6F68822}"
EndProject
Project("{9A19103F-16F7-4668-BE54-9A1E7A4F7556}") = "WebGenerator.Base", "..\..\submodules\Framework.Uno\submodules\Framework.Restservice\submodules\CodeGen\src\Generators\Web\WebGenerator.Base\WebGenerator.Base.csproj", "{AD5CC517-C2B5-4982-9E58-56E9898BA165}"
EndProject
Project("{9A19103F-16F7-4668-BE54-9A1E7A4F7556}") = "WebManager.Contract.Generator", "..\..\submodules\Framework.Uno\submodules\Framework.Restservice\submodules\CodeGen\src\Generators\Web\WebManager.Contract.Generator\WebManager.Contract.Generator.csproj", "{609DDF41-CEF7-45A4-BC32-92A1BCB51E70}"
EndProject
Project("{9A19103F-16F7-4668-BE54-9A1E7A4F7556}") = "WebManager.Generator", "..\..\submodules\Framework.Uno\submodules\Framework.Restservice\submodules\CodeGen\src\Generators\Web\WebManager.Generator\WebManager.Generator.csproj", "{828A4F28-41BE-47D6-8E65-CC8F4A7D34F0}"
EndProject
Project("{9A19103F-16F7-4668-BE54-9A1E7A4F7556}") = "WebRepositories.Contract.Generator", "..\..\submodules\Framework.Uno\submodules\Framework.Restservice\submodules\CodeGen\src\Generators\Web\WebRepositories.Contract.Generator\WebRepositories.Contract.Generator.csproj", "{ED7C8BE6-FBFC-4399-8470-AF32EDE52BC4}"
EndProject
Project("{9A19103F-16F7-4668-BE54-9A1E7A4F7556}") = "WebRepositories.Generator", "..\..\submodules\Framework.Uno\submodules\Framework.Restservice\submodules\CodeGen\src\Generators\Web\WebRepositories.Generator\WebRepositories.Generator.csproj", "{099F2520-FC4E-4AE4-85AE-BF327001125D}"
EndProject
Project("{9A19103F-16F7-4668-BE54-9A1E7A4F7556}") = "Codelisk.AutoFilterer.Generators", "..\..\submodules\Framework.Uno\submodules\Framework.Restservice\submodules\CodeGen\src\Submodules\AutoFilterer\src\AutoFilterer.Generators\Codelisk.AutoFilterer.Generators.csproj", "{702BCC1C-CD93-42A4-B5D7-5A797D913704}"
EndProject
Project("{9A19103F-16F7-4668-BE54-9A1E7A4F7556}") = "Codelisk.AutoRegisterInject.Generator", "..\..\submodules\Framework.Uno\submodules\Framework.Restservice\submodules\CodeGen\src\Submodules\AutoRegisterInject\src\AutoRegisterInject\Codelisk.AutoRegisterInject.Generator.csproj", "{0D8E7422-27BC-463A-A9B4-6F521F9F3BEC}"
EndProject
Project("{9A19103F-16F7-4668-BE54-9A1E7A4F7556}") = "Framework.Restservice.Foundation", "..\..\submodules\Framework.Uno\submodules\Framework.Restservice\src\Framework.Restservice.Foundation\Framework.Restservice.Foundation.csproj", "{EEA3949E-D60F-408C-9917-259711FC29B6}"
EndProject
Project("{9A19103F-16F7-4668-BE54-9A1E7A4F7556}") = "Codelisk.GeneratorShared", "..\..\submodules\Framework.Uno\submodules\Framework.Restservice\submodules\CodeGen\src\Common\Codelisk.GeneratorShared\Codelisk.GeneratorShared.csproj", "{46DF77A6-541B-4C2C-A8D4-EC241F9E21CC}"
EndProject
Global
	GlobalSection(SolutionConfigurationPlatforms) = preSolution
		Debug|Any CPU = Debug|Any CPU
		Debug|arm64 = Debug|arm64
		Debug|x64 = Debug|x64
		Debug|x86 = Debug|x86
		Release|Any CPU = Release|Any CPU
		Release|arm64 = Release|arm64
		Release|x64 = Release|x64
		Release|x86 = Release|x86
	EndGlobalSection
	GlobalSection(ProjectConfigurationPlatforms) = postSolution
		{DC5BFD62-A0C6-4A13-A074-7AC9ED85F60D}.Debug|Any CPU.ActiveCfg = Debug|Any CPU
		{DC5BFD62-A0C6-4A13-A074-7AC9ED85F60D}.Debug|Any CPU.Build.0 = Debug|Any CPU
		{DC5BFD62-A0C6-4A13-A074-7AC9ED85F60D}.Debug|arm64.ActiveCfg = Debug|Any CPU
		{DC5BFD62-A0C6-4A13-A074-7AC9ED85F60D}.Debug|arm64.Build.0 = Debug|Any CPU
		{DC5BFD62-A0C6-4A13-A074-7AC9ED85F60D}.Debug|x64.ActiveCfg = Debug|Any CPU
		{DC5BFD62-A0C6-4A13-A074-7AC9ED85F60D}.Debug|x64.Build.0 = Debug|Any CPU
		{DC5BFD62-A0C6-4A13-A074-7AC9ED85F60D}.Debug|x86.ActiveCfg = Debug|Any CPU
		{DC5BFD62-A0C6-4A13-A074-7AC9ED85F60D}.Debug|x86.Build.0 = Debug|Any CPU
		{DC5BFD62-A0C6-4A13-A074-7AC9ED85F60D}.Release|Any CPU.ActiveCfg = Release|Any CPU
		{DC5BFD62-A0C6-4A13-A074-7AC9ED85F60D}.Release|Any CPU.Build.0 = Release|Any CPU
		{DC5BFD62-A0C6-4A13-A074-7AC9ED85F60D}.Release|arm64.ActiveCfg = Release|Any CPU
		{DC5BFD62-A0C6-4A13-A074-7AC9ED85F60D}.Release|arm64.Build.0 = Release|Any CPU
		{DC5BFD62-A0C6-4A13-A074-7AC9ED85F60D}.Release|x64.ActiveCfg = Release|Any CPU
		{DC5BFD62-A0C6-4A13-A074-7AC9ED85F60D}.Release|x64.Build.0 = Release|Any CPU
		{DC5BFD62-A0C6-4A13-A074-7AC9ED85F60D}.Release|x86.ActiveCfg = Release|Any CPU
		{DC5BFD62-A0C6-4A13-A074-7AC9ED85F60D}.Release|x86.Build.0 = Release|Any CPU
		{0F1C215C-DB15-4F7B-B97D-1DF769F8410D}.Debug|Any CPU.ActiveCfg = Debug|Any CPU
		{0F1C215C-DB15-4F7B-B97D-1DF769F8410D}.Debug|Any CPU.Build.0 = Debug|Any CPU
		{0F1C215C-DB15-4F7B-B97D-1DF769F8410D}.Debug|arm64.ActiveCfg = Debug|Any CPU
		{0F1C215C-DB15-4F7B-B97D-1DF769F8410D}.Debug|arm64.Build.0 = Debug|Any CPU
		{0F1C215C-DB15-4F7B-B97D-1DF769F8410D}.Debug|x64.ActiveCfg = Debug|Any CPU
		{0F1C215C-DB15-4F7B-B97D-1DF769F8410D}.Debug|x64.Build.0 = Debug|Any CPU
		{0F1C215C-DB15-4F7B-B97D-1DF769F8410D}.Debug|x86.ActiveCfg = Debug|Any CPU
		{0F1C215C-DB15-4F7B-B97D-1DF769F8410D}.Debug|x86.Build.0 = Debug|Any CPU
		{0F1C215C-DB15-4F7B-B97D-1DF769F8410D}.Release|Any CPU.ActiveCfg = Release|Any CPU
		{0F1C215C-DB15-4F7B-B97D-1DF769F8410D}.Release|Any CPU.Build.0 = Release|Any CPU
		{0F1C215C-DB15-4F7B-B97D-1DF769F8410D}.Release|arm64.ActiveCfg = Release|Any CPU
		{0F1C215C-DB15-4F7B-B97D-1DF769F8410D}.Release|arm64.Build.0 = Release|Any CPU
		{0F1C215C-DB15-4F7B-B97D-1DF769F8410D}.Release|x64.ActiveCfg = Release|Any CPU
		{0F1C215C-DB15-4F7B-B97D-1DF769F8410D}.Release|x64.Build.0 = Release|Any CPU
		{0F1C215C-DB15-4F7B-B97D-1DF769F8410D}.Release|x86.ActiveCfg = Release|Any CPU
		{0F1C215C-DB15-4F7B-B97D-1DF769F8410D}.Release|x86.Build.0 = Release|Any CPU
		{7735B4D8-AA47-41AE-95FD-485598043EC9}.Debug|Any CPU.ActiveCfg = Debug|Any CPU
		{7735B4D8-AA47-41AE-95FD-485598043EC9}.Debug|Any CPU.Build.0 = Debug|Any CPU
		{7735B4D8-AA47-41AE-95FD-485598043EC9}.Debug|arm64.ActiveCfg = Debug|Any CPU
		{7735B4D8-AA47-41AE-95FD-485598043EC9}.Debug|arm64.Build.0 = Debug|Any CPU
		{7735B4D8-AA47-41AE-95FD-485598043EC9}.Debug|x64.ActiveCfg = Debug|Any CPU
		{7735B4D8-AA47-41AE-95FD-485598043EC9}.Debug|x64.Build.0 = Debug|Any CPU
		{7735B4D8-AA47-41AE-95FD-485598043EC9}.Debug|x86.ActiveCfg = Debug|Any CPU
		{7735B4D8-AA47-41AE-95FD-485598043EC9}.Debug|x86.Build.0 = Debug|Any CPU
		{7735B4D8-AA47-41AE-95FD-485598043EC9}.Release|Any CPU.ActiveCfg = Release|Any CPU
		{7735B4D8-AA47-41AE-95FD-485598043EC9}.Release|Any CPU.Build.0 = Release|Any CPU
		{7735B4D8-AA47-41AE-95FD-485598043EC9}.Release|arm64.ActiveCfg = Release|Any CPU
		{7735B4D8-AA47-41AE-95FD-485598043EC9}.Release|arm64.Build.0 = Release|Any CPU
		{7735B4D8-AA47-41AE-95FD-485598043EC9}.Release|x64.ActiveCfg = Release|Any CPU
		{7735B4D8-AA47-41AE-95FD-485598043EC9}.Release|x64.Build.0 = Release|Any CPU
		{7735B4D8-AA47-41AE-95FD-485598043EC9}.Release|x86.ActiveCfg = Release|Any CPU
		{7735B4D8-AA47-41AE-95FD-485598043EC9}.Release|x86.Build.0 = Release|Any CPU
		{5D6CDB02-CC03-4894-A309-09DE47967A36}.Debug|Any CPU.ActiveCfg = Debug|Any CPU
		{5D6CDB02-CC03-4894-A309-09DE47967A36}.Debug|Any CPU.Build.0 = Debug|Any CPU
		{5D6CDB02-CC03-4894-A309-09DE47967A36}.Debug|arm64.ActiveCfg = Debug|Any CPU
		{5D6CDB02-CC03-4894-A309-09DE47967A36}.Debug|arm64.Build.0 = Debug|Any CPU
		{5D6CDB02-CC03-4894-A309-09DE47967A36}.Debug|x64.ActiveCfg = Debug|Any CPU
		{5D6CDB02-CC03-4894-A309-09DE47967A36}.Debug|x64.Build.0 = Debug|Any CPU
		{5D6CDB02-CC03-4894-A309-09DE47967A36}.Debug|x86.ActiveCfg = Debug|Any CPU
		{5D6CDB02-CC03-4894-A309-09DE47967A36}.Debug|x86.Build.0 = Debug|Any CPU
		{5D6CDB02-CC03-4894-A309-09DE47967A36}.Release|Any CPU.ActiveCfg = Release|Any CPU
		{5D6CDB02-CC03-4894-A309-09DE47967A36}.Release|Any CPU.Build.0 = Release|Any CPU
		{5D6CDB02-CC03-4894-A309-09DE47967A36}.Release|arm64.ActiveCfg = Release|Any CPU
		{5D6CDB02-CC03-4894-A309-09DE47967A36}.Release|arm64.Build.0 = Release|Any CPU
		{5D6CDB02-CC03-4894-A309-09DE47967A36}.Release|x64.ActiveCfg = Release|Any CPU
		{5D6CDB02-CC03-4894-A309-09DE47967A36}.Release|x64.Build.0 = Release|Any CPU
		{5D6CDB02-CC03-4894-A309-09DE47967A36}.Release|x86.ActiveCfg = Release|Any CPU
		{5D6CDB02-CC03-4894-A309-09DE47967A36}.Release|x86.Build.0 = Release|Any CPU
		{6B66B415-99BF-444B-B8A1-12412E1D4C12}.Debug|Any CPU.ActiveCfg = Debug|Any CPU
		{6B66B415-99BF-444B-B8A1-12412E1D4C12}.Debug|Any CPU.Build.0 = Debug|Any CPU
		{6B66B415-99BF-444B-B8A1-12412E1D4C12}.Debug|arm64.ActiveCfg = Debug|Any CPU
		{6B66B415-99BF-444B-B8A1-12412E1D4C12}.Debug|arm64.Build.0 = Debug|Any CPU
		{6B66B415-99BF-444B-B8A1-12412E1D4C12}.Debug|x64.ActiveCfg = Debug|Any CPU
		{6B66B415-99BF-444B-B8A1-12412E1D4C12}.Debug|x64.Build.0 = Debug|Any CPU
		{6B66B415-99BF-444B-B8A1-12412E1D4C12}.Debug|x86.ActiveCfg = Debug|Any CPU
		{6B66B415-99BF-444B-B8A1-12412E1D4C12}.Debug|x86.Build.0 = Debug|Any CPU
		{6B66B415-99BF-444B-B8A1-12412E1D4C12}.Release|Any CPU.ActiveCfg = Release|Any CPU
		{6B66B415-99BF-444B-B8A1-12412E1D4C12}.Release|Any CPU.Build.0 = Release|Any CPU
		{6B66B415-99BF-444B-B8A1-12412E1D4C12}.Release|arm64.ActiveCfg = Release|Any CPU
		{6B66B415-99BF-444B-B8A1-12412E1D4C12}.Release|arm64.Build.0 = Release|Any CPU
		{6B66B415-99BF-444B-B8A1-12412E1D4C12}.Release|x64.ActiveCfg = Release|Any CPU
		{6B66B415-99BF-444B-B8A1-12412E1D4C12}.Release|x64.Build.0 = Release|Any CPU
		{6B66B415-99BF-444B-B8A1-12412E1D4C12}.Release|x86.ActiveCfg = Release|Any CPU
		{6B66B415-99BF-444B-B8A1-12412E1D4C12}.Release|x86.Build.0 = Release|Any CPU
		{29ED1150-56FF-487D-85DA-BB2763654C83}.Debug|Any CPU.ActiveCfg = Debug|Any CPU
		{29ED1150-56FF-487D-85DA-BB2763654C83}.Debug|Any CPU.Build.0 = Debug|Any CPU
		{29ED1150-56FF-487D-85DA-BB2763654C83}.Debug|arm64.ActiveCfg = Debug|Any CPU
		{29ED1150-56FF-487D-85DA-BB2763654C83}.Debug|arm64.Build.0 = Debug|Any CPU
		{29ED1150-56FF-487D-85DA-BB2763654C83}.Debug|x64.ActiveCfg = Debug|Any CPU
		{29ED1150-56FF-487D-85DA-BB2763654C83}.Debug|x64.Build.0 = Debug|Any CPU
		{29ED1150-56FF-487D-85DA-BB2763654C83}.Debug|x86.ActiveCfg = Debug|Any CPU
		{29ED1150-56FF-487D-85DA-BB2763654C83}.Debug|x86.Build.0 = Debug|Any CPU
		{29ED1150-56FF-487D-85DA-BB2763654C83}.Release|Any CPU.ActiveCfg = Release|Any CPU
		{29ED1150-56FF-487D-85DA-BB2763654C83}.Release|Any CPU.Build.0 = Release|Any CPU
		{29ED1150-56FF-487D-85DA-BB2763654C83}.Release|arm64.ActiveCfg = Release|Any CPU
		{29ED1150-56FF-487D-85DA-BB2763654C83}.Release|arm64.Build.0 = Release|Any CPU
		{29ED1150-56FF-487D-85DA-BB2763654C83}.Release|x64.ActiveCfg = Release|Any CPU
		{29ED1150-56FF-487D-85DA-BB2763654C83}.Release|x64.Build.0 = Release|Any CPU
		{29ED1150-56FF-487D-85DA-BB2763654C83}.Release|x86.ActiveCfg = Release|Any CPU
		{29ED1150-56FF-487D-85DA-BB2763654C83}.Release|x86.Build.0 = Release|Any CPU
		{63A1D088-F8E1-48DA-93D2-72FBE7B4A459}.Debug|Any CPU.ActiveCfg = Debug|Any CPU
		{63A1D088-F8E1-48DA-93D2-72FBE7B4A459}.Debug|Any CPU.Build.0 = Debug|Any CPU
		{63A1D088-F8E1-48DA-93D2-72FBE7B4A459}.Debug|arm64.ActiveCfg = Debug|Any CPU
		{63A1D088-F8E1-48DA-93D2-72FBE7B4A459}.Debug|arm64.Build.0 = Debug|Any CPU
		{63A1D088-F8E1-48DA-93D2-72FBE7B4A459}.Debug|x64.ActiveCfg = Debug|Any CPU
		{63A1D088-F8E1-48DA-93D2-72FBE7B4A459}.Debug|x64.Build.0 = Debug|Any CPU
		{63A1D088-F8E1-48DA-93D2-72FBE7B4A459}.Debug|x86.ActiveCfg = Debug|Any CPU
		{63A1D088-F8E1-48DA-93D2-72FBE7B4A459}.Debug|x86.Build.0 = Debug|Any CPU
		{63A1D088-F8E1-48DA-93D2-72FBE7B4A459}.Release|Any CPU.ActiveCfg = Release|Any CPU
		{63A1D088-F8E1-48DA-93D2-72FBE7B4A459}.Release|Any CPU.Build.0 = Release|Any CPU
		{63A1D088-F8E1-48DA-93D2-72FBE7B4A459}.Release|arm64.ActiveCfg = Release|Any CPU
		{63A1D088-F8E1-48DA-93D2-72FBE7B4A459}.Release|arm64.Build.0 = Release|Any CPU
		{63A1D088-F8E1-48DA-93D2-72FBE7B4A459}.Release|x64.ActiveCfg = Release|Any CPU
		{63A1D088-F8E1-48DA-93D2-72FBE7B4A459}.Release|x64.Build.0 = Release|Any CPU
		{63A1D088-F8E1-48DA-93D2-72FBE7B4A459}.Release|x86.ActiveCfg = Release|Any CPU
		{63A1D088-F8E1-48DA-93D2-72FBE7B4A459}.Release|x86.Build.0 = Release|Any CPU
		{0B9CE412-6F5F-4E24-8C9D-511827F21DE9}.Debug|Any CPU.ActiveCfg = Debug|Any CPU
		{0B9CE412-6F5F-4E24-8C9D-511827F21DE9}.Debug|Any CPU.Build.0 = Debug|Any CPU
		{0B9CE412-6F5F-4E24-8C9D-511827F21DE9}.Debug|arm64.ActiveCfg = Debug|Any CPU
		{0B9CE412-6F5F-4E24-8C9D-511827F21DE9}.Debug|arm64.Build.0 = Debug|Any CPU
		{0B9CE412-6F5F-4E24-8C9D-511827F21DE9}.Debug|x64.ActiveCfg = Debug|Any CPU
		{0B9CE412-6F5F-4E24-8C9D-511827F21DE9}.Debug|x64.Build.0 = Debug|Any CPU
		{0B9CE412-6F5F-4E24-8C9D-511827F21DE9}.Debug|x86.ActiveCfg = Debug|Any CPU
		{0B9CE412-6F5F-4E24-8C9D-511827F21DE9}.Debug|x86.Build.0 = Debug|Any CPU
		{0B9CE412-6F5F-4E24-8C9D-511827F21DE9}.Release|Any CPU.ActiveCfg = Release|Any CPU
		{0B9CE412-6F5F-4E24-8C9D-511827F21DE9}.Release|Any CPU.Build.0 = Release|Any CPU
		{0B9CE412-6F5F-4E24-8C9D-511827F21DE9}.Release|arm64.ActiveCfg = Release|Any CPU
		{0B9CE412-6F5F-4E24-8C9D-511827F21DE9}.Release|arm64.Build.0 = Release|Any CPU
		{0B9CE412-6F5F-4E24-8C9D-511827F21DE9}.Release|x64.ActiveCfg = Release|Any CPU
		{0B9CE412-6F5F-4E24-8C9D-511827F21DE9}.Release|x64.Build.0 = Release|Any CPU
		{0B9CE412-6F5F-4E24-8C9D-511827F21DE9}.Release|x86.ActiveCfg = Release|Any CPU
		{0B9CE412-6F5F-4E24-8C9D-511827F21DE9}.Release|x86.Build.0 = Release|Any CPU
		{8D1A3F44-3D48-4A49-940F-9796E453452E}.Debug|Any CPU.ActiveCfg = Debug|Any CPU
		{8D1A3F44-3D48-4A49-940F-9796E453452E}.Debug|Any CPU.Build.0 = Debug|Any CPU
		{8D1A3F44-3D48-4A49-940F-9796E453452E}.Debug|arm64.ActiveCfg = Debug|Any CPU
		{8D1A3F44-3D48-4A49-940F-9796E453452E}.Debug|arm64.Build.0 = Debug|Any CPU
		{8D1A3F44-3D48-4A49-940F-9796E453452E}.Debug|x64.ActiveCfg = Debug|Any CPU
		{8D1A3F44-3D48-4A49-940F-9796E453452E}.Debug|x64.Build.0 = Debug|Any CPU
		{8D1A3F44-3D48-4A49-940F-9796E453452E}.Debug|x86.ActiveCfg = Debug|Any CPU
		{8D1A3F44-3D48-4A49-940F-9796E453452E}.Debug|x86.Build.0 = Debug|Any CPU
		{8D1A3F44-3D48-4A49-940F-9796E453452E}.Release|Any CPU.ActiveCfg = Release|Any CPU
		{8D1A3F44-3D48-4A49-940F-9796E453452E}.Release|Any CPU.Build.0 = Release|Any CPU
		{8D1A3F44-3D48-4A49-940F-9796E453452E}.Release|arm64.ActiveCfg = Release|Any CPU
		{8D1A3F44-3D48-4A49-940F-9796E453452E}.Release|arm64.Build.0 = Release|Any CPU
		{8D1A3F44-3D48-4A49-940F-9796E453452E}.Release|x64.ActiveCfg = Release|Any CPU
		{8D1A3F44-3D48-4A49-940F-9796E453452E}.Release|x64.Build.0 = Release|Any CPU
		{8D1A3F44-3D48-4A49-940F-9796E453452E}.Release|x86.ActiveCfg = Release|Any CPU
		{8D1A3F44-3D48-4A49-940F-9796E453452E}.Release|x86.Build.0 = Release|Any CPU
		{3350BCD8-1BCC-45FA-8C00-BA63B787C9BA}.Debug|Any CPU.ActiveCfg = Debug|Any CPU
		{3350BCD8-1BCC-45FA-8C00-BA63B787C9BA}.Debug|Any CPU.Build.0 = Debug|Any CPU
		{3350BCD8-1BCC-45FA-8C00-BA63B787C9BA}.Debug|arm64.ActiveCfg = Debug|Any CPU
		{3350BCD8-1BCC-45FA-8C00-BA63B787C9BA}.Debug|arm64.Build.0 = Debug|Any CPU
		{3350BCD8-1BCC-45FA-8C00-BA63B787C9BA}.Debug|x64.ActiveCfg = Debug|Any CPU
		{3350BCD8-1BCC-45FA-8C00-BA63B787C9BA}.Debug|x64.Build.0 = Debug|Any CPU
		{3350BCD8-1BCC-45FA-8C00-BA63B787C9BA}.Debug|x86.ActiveCfg = Debug|Any CPU
		{3350BCD8-1BCC-45FA-8C00-BA63B787C9BA}.Debug|x86.Build.0 = Debug|Any CPU
		{3350BCD8-1BCC-45FA-8C00-BA63B787C9BA}.Release|Any CPU.ActiveCfg = Release|Any CPU
		{3350BCD8-1BCC-45FA-8C00-BA63B787C9BA}.Release|Any CPU.Build.0 = Release|Any CPU
		{3350BCD8-1BCC-45FA-8C00-BA63B787C9BA}.Release|arm64.ActiveCfg = Release|Any CPU
		{3350BCD8-1BCC-45FA-8C00-BA63B787C9BA}.Release|arm64.Build.0 = Release|Any CPU
		{3350BCD8-1BCC-45FA-8C00-BA63B787C9BA}.Release|x64.ActiveCfg = Release|Any CPU
		{3350BCD8-1BCC-45FA-8C00-BA63B787C9BA}.Release|x64.Build.0 = Release|Any CPU
		{3350BCD8-1BCC-45FA-8C00-BA63B787C9BA}.Release|x86.ActiveCfg = Release|Any CPU
		{3350BCD8-1BCC-45FA-8C00-BA63B787C9BA}.Release|x86.Build.0 = Release|Any CPU
		{09F7BC92-A46D-46E1-976F-C8A31FA4E9FE}.Debug|Any CPU.ActiveCfg = Debug|Any CPU
		{09F7BC92-A46D-46E1-976F-C8A31FA4E9FE}.Debug|Any CPU.Build.0 = Debug|Any CPU
		{09F7BC92-A46D-46E1-976F-C8A31FA4E9FE}.Debug|arm64.ActiveCfg = Debug|Any CPU
		{09F7BC92-A46D-46E1-976F-C8A31FA4E9FE}.Debug|arm64.Build.0 = Debug|Any CPU
		{09F7BC92-A46D-46E1-976F-C8A31FA4E9FE}.Debug|x64.ActiveCfg = Debug|Any CPU
		{09F7BC92-A46D-46E1-976F-C8A31FA4E9FE}.Debug|x64.Build.0 = Debug|Any CPU
		{09F7BC92-A46D-46E1-976F-C8A31FA4E9FE}.Debug|x86.ActiveCfg = Debug|Any CPU
		{09F7BC92-A46D-46E1-976F-C8A31FA4E9FE}.Debug|x86.Build.0 = Debug|Any CPU
		{09F7BC92-A46D-46E1-976F-C8A31FA4E9FE}.Release|Any CPU.ActiveCfg = Release|Any CPU
		{09F7BC92-A46D-46E1-976F-C8A31FA4E9FE}.Release|Any CPU.Build.0 = Release|Any CPU
		{09F7BC92-A46D-46E1-976F-C8A31FA4E9FE}.Release|arm64.ActiveCfg = Release|Any CPU
		{09F7BC92-A46D-46E1-976F-C8A31FA4E9FE}.Release|arm64.Build.0 = Release|Any CPU
		{09F7BC92-A46D-46E1-976F-C8A31FA4E9FE}.Release|x64.ActiveCfg = Release|Any CPU
		{09F7BC92-A46D-46E1-976F-C8A31FA4E9FE}.Release|x64.Build.0 = Release|Any CPU
		{09F7BC92-A46D-46E1-976F-C8A31FA4E9FE}.Release|x86.ActiveCfg = Release|Any CPU
		{09F7BC92-A46D-46E1-976F-C8A31FA4E9FE}.Release|x86.Build.0 = Release|Any CPU
		{F897C650-3CD3-4CB3-9DC3-13D5481B2621}.Debug|Any CPU.ActiveCfg = Debug|Any CPU
		{F897C650-3CD3-4CB3-9DC3-13D5481B2621}.Debug|Any CPU.Build.0 = Debug|Any CPU
		{F897C650-3CD3-4CB3-9DC3-13D5481B2621}.Debug|arm64.ActiveCfg = Debug|Any CPU
		{F897C650-3CD3-4CB3-9DC3-13D5481B2621}.Debug|arm64.Build.0 = Debug|Any CPU
		{F897C650-3CD3-4CB3-9DC3-13D5481B2621}.Debug|x64.ActiveCfg = Debug|Any CPU
		{F897C650-3CD3-4CB3-9DC3-13D5481B2621}.Debug|x64.Build.0 = Debug|Any CPU
		{F897C650-3CD3-4CB3-9DC3-13D5481B2621}.Debug|x86.ActiveCfg = Debug|Any CPU
		{F897C650-3CD3-4CB3-9DC3-13D5481B2621}.Debug|x86.Build.0 = Debug|Any CPU
		{F897C650-3CD3-4CB3-9DC3-13D5481B2621}.Release|Any CPU.ActiveCfg = Release|Any CPU
		{F897C650-3CD3-4CB3-9DC3-13D5481B2621}.Release|Any CPU.Build.0 = Release|Any CPU
		{F897C650-3CD3-4CB3-9DC3-13D5481B2621}.Release|arm64.ActiveCfg = Release|Any CPU
		{F897C650-3CD3-4CB3-9DC3-13D5481B2621}.Release|arm64.Build.0 = Release|Any CPU
		{F897C650-3CD3-4CB3-9DC3-13D5481B2621}.Release|x64.ActiveCfg = Release|Any CPU
		{F897C650-3CD3-4CB3-9DC3-13D5481B2621}.Release|x64.Build.0 = Release|Any CPU
		{F897C650-3CD3-4CB3-9DC3-13D5481B2621}.Release|x86.ActiveCfg = Release|Any CPU
		{F897C650-3CD3-4CB3-9DC3-13D5481B2621}.Release|x86.Build.0 = Release|Any CPU
		{B1553A0D-3B35-44C9-AE65-FB29845C81AE}.Debug|Any CPU.ActiveCfg = Debug|Any CPU
		{B1553A0D-3B35-44C9-AE65-FB29845C81AE}.Debug|Any CPU.Build.0 = Debug|Any CPU
		{B1553A0D-3B35-44C9-AE65-FB29845C81AE}.Debug|arm64.ActiveCfg = Debug|Any CPU
		{B1553A0D-3B35-44C9-AE65-FB29845C81AE}.Debug|arm64.Build.0 = Debug|Any CPU
		{B1553A0D-3B35-44C9-AE65-FB29845C81AE}.Debug|x64.ActiveCfg = Debug|Any CPU
		{B1553A0D-3B35-44C9-AE65-FB29845C81AE}.Debug|x64.Build.0 = Debug|Any CPU
		{B1553A0D-3B35-44C9-AE65-FB29845C81AE}.Debug|x86.ActiveCfg = Debug|Any CPU
		{B1553A0D-3B35-44C9-AE65-FB29845C81AE}.Debug|x86.Build.0 = Debug|Any CPU
		{B1553A0D-3B35-44C9-AE65-FB29845C81AE}.Release|Any CPU.ActiveCfg = Release|Any CPU
		{B1553A0D-3B35-44C9-AE65-FB29845C81AE}.Release|Any CPU.Build.0 = Release|Any CPU
		{B1553A0D-3B35-44C9-AE65-FB29845C81AE}.Release|arm64.ActiveCfg = Release|Any CPU
		{B1553A0D-3B35-44C9-AE65-FB29845C81AE}.Release|arm64.Build.0 = Release|Any CPU
		{B1553A0D-3B35-44C9-AE65-FB29845C81AE}.Release|x64.ActiveCfg = Release|Any CPU
		{B1553A0D-3B35-44C9-AE65-FB29845C81AE}.Release|x64.Build.0 = Release|Any CPU
		{B1553A0D-3B35-44C9-AE65-FB29845C81AE}.Release|x86.ActiveCfg = Release|Any CPU
		{B1553A0D-3B35-44C9-AE65-FB29845C81AE}.Release|x86.Build.0 = Release|Any CPU
		{950E736B-88F7-40F3-BAFC-ACA0FDE622C1}.Debug|Any CPU.ActiveCfg = Debug|Any CPU
		{950E736B-88F7-40F3-BAFC-ACA0FDE622C1}.Debug|Any CPU.Build.0 = Debug|Any CPU
		{950E736B-88F7-40F3-BAFC-ACA0FDE622C1}.Debug|arm64.ActiveCfg = Debug|Any CPU
		{950E736B-88F7-40F3-BAFC-ACA0FDE622C1}.Debug|arm64.Build.0 = Debug|Any CPU
		{950E736B-88F7-40F3-BAFC-ACA0FDE622C1}.Debug|x64.ActiveCfg = Debug|Any CPU
		{950E736B-88F7-40F3-BAFC-ACA0FDE622C1}.Debug|x64.Build.0 = Debug|Any CPU
		{950E736B-88F7-40F3-BAFC-ACA0FDE622C1}.Debug|x86.ActiveCfg = Debug|Any CPU
		{950E736B-88F7-40F3-BAFC-ACA0FDE622C1}.Debug|x86.Build.0 = Debug|Any CPU
		{950E736B-88F7-40F3-BAFC-ACA0FDE622C1}.Release|Any CPU.ActiveCfg = Release|Any CPU
		{950E736B-88F7-40F3-BAFC-ACA0FDE622C1}.Release|Any CPU.Build.0 = Release|Any CPU
		{950E736B-88F7-40F3-BAFC-ACA0FDE622C1}.Release|arm64.ActiveCfg = Release|Any CPU
		{950E736B-88F7-40F3-BAFC-ACA0FDE622C1}.Release|arm64.Build.0 = Release|Any CPU
		{950E736B-88F7-40F3-BAFC-ACA0FDE622C1}.Release|x64.ActiveCfg = Release|Any CPU
		{950E736B-88F7-40F3-BAFC-ACA0FDE622C1}.Release|x64.Build.0 = Release|Any CPU
		{950E736B-88F7-40F3-BAFC-ACA0FDE622C1}.Release|x86.ActiveCfg = Release|Any CPU
		{950E736B-88F7-40F3-BAFC-ACA0FDE622C1}.Release|x86.Build.0 = Release|Any CPU
		{BEA79B4C-99A3-42EE-93D0-15CCB7DB1EA9}.Debug|Any CPU.ActiveCfg = Debug|Any CPU
		{BEA79B4C-99A3-42EE-93D0-15CCB7DB1EA9}.Debug|Any CPU.Build.0 = Debug|Any CPU
		{BEA79B4C-99A3-42EE-93D0-15CCB7DB1EA9}.Debug|arm64.ActiveCfg = Debug|Any CPU
		{BEA79B4C-99A3-42EE-93D0-15CCB7DB1EA9}.Debug|arm64.Build.0 = Debug|Any CPU
		{BEA79B4C-99A3-42EE-93D0-15CCB7DB1EA9}.Debug|x64.ActiveCfg = Debug|Any CPU
		{BEA79B4C-99A3-42EE-93D0-15CCB7DB1EA9}.Debug|x64.Build.0 = Debug|Any CPU
		{BEA79B4C-99A3-42EE-93D0-15CCB7DB1EA9}.Debug|x86.ActiveCfg = Debug|Any CPU
		{BEA79B4C-99A3-42EE-93D0-15CCB7DB1EA9}.Debug|x86.Build.0 = Debug|Any CPU
		{BEA79B4C-99A3-42EE-93D0-15CCB7DB1EA9}.Release|Any CPU.ActiveCfg = Release|Any CPU
		{BEA79B4C-99A3-42EE-93D0-15CCB7DB1EA9}.Release|Any CPU.Build.0 = Release|Any CPU
		{BEA79B4C-99A3-42EE-93D0-15CCB7DB1EA9}.Release|arm64.ActiveCfg = Release|Any CPU
		{BEA79B4C-99A3-42EE-93D0-15CCB7DB1EA9}.Release|arm64.Build.0 = Release|Any CPU
		{BEA79B4C-99A3-42EE-93D0-15CCB7DB1EA9}.Release|x64.ActiveCfg = Release|Any CPU
		{BEA79B4C-99A3-42EE-93D0-15CCB7DB1EA9}.Release|x64.Build.0 = Release|Any CPU
		{BEA79B4C-99A3-42EE-93D0-15CCB7DB1EA9}.Release|x86.ActiveCfg = Release|Any CPU
		{BEA79B4C-99A3-42EE-93D0-15CCB7DB1EA9}.Release|x86.Build.0 = Release|Any CPU
		{DAAC9B39-F9A8-4947-B6D9-D510D5C8FBC9}.Debug|Any CPU.ActiveCfg = Debug|Any CPU
		{DAAC9B39-F9A8-4947-B6D9-D510D5C8FBC9}.Debug|Any CPU.Build.0 = Debug|Any CPU
		{DAAC9B39-F9A8-4947-B6D9-D510D5C8FBC9}.Debug|arm64.ActiveCfg = Debug|Any CPU
		{DAAC9B39-F9A8-4947-B6D9-D510D5C8FBC9}.Debug|arm64.Build.0 = Debug|Any CPU
		{DAAC9B39-F9A8-4947-B6D9-D510D5C8FBC9}.Debug|x64.ActiveCfg = Debug|Any CPU
		{DAAC9B39-F9A8-4947-B6D9-D510D5C8FBC9}.Debug|x64.Build.0 = Debug|Any CPU
		{DAAC9B39-F9A8-4947-B6D9-D510D5C8FBC9}.Debug|x86.ActiveCfg = Debug|Any CPU
		{DAAC9B39-F9A8-4947-B6D9-D510D5C8FBC9}.Debug|x86.Build.0 = Debug|Any CPU
		{DAAC9B39-F9A8-4947-B6D9-D510D5C8FBC9}.Release|Any CPU.ActiveCfg = Release|Any CPU
		{DAAC9B39-F9A8-4947-B6D9-D510D5C8FBC9}.Release|Any CPU.Build.0 = Release|Any CPU
		{DAAC9B39-F9A8-4947-B6D9-D510D5C8FBC9}.Release|arm64.ActiveCfg = Release|Any CPU
		{DAAC9B39-F9A8-4947-B6D9-D510D5C8FBC9}.Release|arm64.Build.0 = Release|Any CPU
		{DAAC9B39-F9A8-4947-B6D9-D510D5C8FBC9}.Release|x64.ActiveCfg = Release|Any CPU
		{DAAC9B39-F9A8-4947-B6D9-D510D5C8FBC9}.Release|x64.Build.0 = Release|Any CPU
		{DAAC9B39-F9A8-4947-B6D9-D510D5C8FBC9}.Release|x86.ActiveCfg = Release|Any CPU
		{DAAC9B39-F9A8-4947-B6D9-D510D5C8FBC9}.Release|x86.Build.0 = Release|Any CPU
		{9CDD9ABE-F092-49C1-AD90-664A4C929652}.Debug|Any CPU.ActiveCfg = Debug|Any CPU
		{9CDD9ABE-F092-49C1-AD90-664A4C929652}.Debug|Any CPU.Build.0 = Debug|Any CPU
		{9CDD9ABE-F092-49C1-AD90-664A4C929652}.Debug|arm64.ActiveCfg = Debug|Any CPU
		{9CDD9ABE-F092-49C1-AD90-664A4C929652}.Debug|arm64.Build.0 = Debug|Any CPU
		{9CDD9ABE-F092-49C1-AD90-664A4C929652}.Debug|x64.ActiveCfg = Debug|Any CPU
		{9CDD9ABE-F092-49C1-AD90-664A4C929652}.Debug|x64.Build.0 = Debug|Any CPU
		{9CDD9ABE-F092-49C1-AD90-664A4C929652}.Debug|x86.ActiveCfg = Debug|Any CPU
		{9CDD9ABE-F092-49C1-AD90-664A4C929652}.Debug|x86.Build.0 = Debug|Any CPU
		{9CDD9ABE-F092-49C1-AD90-664A4C929652}.Release|Any CPU.ActiveCfg = Release|Any CPU
		{9CDD9ABE-F092-49C1-AD90-664A4C929652}.Release|Any CPU.Build.0 = Release|Any CPU
		{9CDD9ABE-F092-49C1-AD90-664A4C929652}.Release|arm64.ActiveCfg = Release|Any CPU
		{9CDD9ABE-F092-49C1-AD90-664A4C929652}.Release|arm64.Build.0 = Release|Any CPU
		{9CDD9ABE-F092-49C1-AD90-664A4C929652}.Release|x64.ActiveCfg = Release|Any CPU
		{9CDD9ABE-F092-49C1-AD90-664A4C929652}.Release|x64.Build.0 = Release|Any CPU
		{9CDD9ABE-F092-49C1-AD90-664A4C929652}.Release|x86.ActiveCfg = Release|Any CPU
		{9CDD9ABE-F092-49C1-AD90-664A4C929652}.Release|x86.Build.0 = Release|Any CPU
		{BBD52C11-A14C-40C9-985F-300D49E3590B}.Debug|Any CPU.ActiveCfg = Debug|Any CPU
		{BBD52C11-A14C-40C9-985F-300D49E3590B}.Debug|Any CPU.Build.0 = Debug|Any CPU
		{BBD52C11-A14C-40C9-985F-300D49E3590B}.Debug|arm64.ActiveCfg = Debug|Any CPU
		{BBD52C11-A14C-40C9-985F-300D49E3590B}.Debug|arm64.Build.0 = Debug|Any CPU
		{BBD52C11-A14C-40C9-985F-300D49E3590B}.Debug|x64.ActiveCfg = Debug|Any CPU
		{BBD52C11-A14C-40C9-985F-300D49E3590B}.Debug|x64.Build.0 = Debug|Any CPU
		{BBD52C11-A14C-40C9-985F-300D49E3590B}.Debug|x86.ActiveCfg = Debug|Any CPU
		{BBD52C11-A14C-40C9-985F-300D49E3590B}.Debug|x86.Build.0 = Debug|Any CPU
		{BBD52C11-A14C-40C9-985F-300D49E3590B}.Release|Any CPU.ActiveCfg = Release|Any CPU
		{BBD52C11-A14C-40C9-985F-300D49E3590B}.Release|Any CPU.Build.0 = Release|Any CPU
		{BBD52C11-A14C-40C9-985F-300D49E3590B}.Release|arm64.ActiveCfg = Release|Any CPU
		{BBD52C11-A14C-40C9-985F-300D49E3590B}.Release|arm64.Build.0 = Release|Any CPU
		{BBD52C11-A14C-40C9-985F-300D49E3590B}.Release|x64.ActiveCfg = Release|Any CPU
		{BBD52C11-A14C-40C9-985F-300D49E3590B}.Release|x64.Build.0 = Release|Any CPU
		{BBD52C11-A14C-40C9-985F-300D49E3590B}.Release|x86.ActiveCfg = Release|Any CPU
		{BBD52C11-A14C-40C9-985F-300D49E3590B}.Release|x86.Build.0 = Release|Any CPU
		{A3C0737F-187D-41F1-A9CB-80745B68838B}.Debug|Any CPU.ActiveCfg = Debug|Any CPU
		{A3C0737F-187D-41F1-A9CB-80745B68838B}.Debug|Any CPU.Build.0 = Debug|Any CPU
		{A3C0737F-187D-41F1-A9CB-80745B68838B}.Debug|arm64.ActiveCfg = Debug|Any CPU
		{A3C0737F-187D-41F1-A9CB-80745B68838B}.Debug|arm64.Build.0 = Debug|Any CPU
		{A3C0737F-187D-41F1-A9CB-80745B68838B}.Debug|x64.ActiveCfg = Debug|Any CPU
		{A3C0737F-187D-41F1-A9CB-80745B68838B}.Debug|x64.Build.0 = Debug|Any CPU
		{A3C0737F-187D-41F1-A9CB-80745B68838B}.Debug|x86.ActiveCfg = Debug|Any CPU
		{A3C0737F-187D-41F1-A9CB-80745B68838B}.Debug|x86.Build.0 = Debug|Any CPU
		{A3C0737F-187D-41F1-A9CB-80745B68838B}.Release|Any CPU.ActiveCfg = Release|Any CPU
		{A3C0737F-187D-41F1-A9CB-80745B68838B}.Release|Any CPU.Build.0 = Release|Any CPU
		{A3C0737F-187D-41F1-A9CB-80745B68838B}.Release|arm64.ActiveCfg = Release|Any CPU
		{A3C0737F-187D-41F1-A9CB-80745B68838B}.Release|arm64.Build.0 = Release|Any CPU
		{A3C0737F-187D-41F1-A9CB-80745B68838B}.Release|x64.ActiveCfg = Release|Any CPU
		{A3C0737F-187D-41F1-A9CB-80745B68838B}.Release|x64.Build.0 = Release|Any CPU
		{A3C0737F-187D-41F1-A9CB-80745B68838B}.Release|x86.ActiveCfg = Release|Any CPU
		{A3C0737F-187D-41F1-A9CB-80745B68838B}.Release|x86.Build.0 = Release|Any CPU
		{79595318-0D44-4F43-8947-3DB1AE78EDE3}.Debug|Any CPU.ActiveCfg = Debug|Any CPU
		{79595318-0D44-4F43-8947-3DB1AE78EDE3}.Debug|Any CPU.Build.0 = Debug|Any CPU
		{79595318-0D44-4F43-8947-3DB1AE78EDE3}.Debug|arm64.ActiveCfg = Debug|Any CPU
		{79595318-0D44-4F43-8947-3DB1AE78EDE3}.Debug|arm64.Build.0 = Debug|Any CPU
		{79595318-0D44-4F43-8947-3DB1AE78EDE3}.Debug|x64.ActiveCfg = Debug|Any CPU
		{79595318-0D44-4F43-8947-3DB1AE78EDE3}.Debug|x64.Build.0 = Debug|Any CPU
		{79595318-0D44-4F43-8947-3DB1AE78EDE3}.Debug|x86.ActiveCfg = Debug|Any CPU
		{79595318-0D44-4F43-8947-3DB1AE78EDE3}.Debug|x86.Build.0 = Debug|Any CPU
		{79595318-0D44-4F43-8947-3DB1AE78EDE3}.Release|Any CPU.ActiveCfg = Release|Any CPU
		{79595318-0D44-4F43-8947-3DB1AE78EDE3}.Release|Any CPU.Build.0 = Release|Any CPU
		{79595318-0D44-4F43-8947-3DB1AE78EDE3}.Release|arm64.ActiveCfg = Release|Any CPU
		{79595318-0D44-4F43-8947-3DB1AE78EDE3}.Release|arm64.Build.0 = Release|Any CPU
		{79595318-0D44-4F43-8947-3DB1AE78EDE3}.Release|x64.ActiveCfg = Release|Any CPU
		{79595318-0D44-4F43-8947-3DB1AE78EDE3}.Release|x64.Build.0 = Release|Any CPU
		{79595318-0D44-4F43-8947-3DB1AE78EDE3}.Release|x86.ActiveCfg = Release|Any CPU
		{79595318-0D44-4F43-8947-3DB1AE78EDE3}.Release|x86.Build.0 = Release|Any CPU
		{6E376BAA-C7CE-4603-BD06-4F410129FFED}.Debug|Any CPU.ActiveCfg = Debug|Any CPU
		{6E376BAA-C7CE-4603-BD06-4F410129FFED}.Debug|Any CPU.Build.0 = Debug|Any CPU
		{6E376BAA-C7CE-4603-BD06-4F410129FFED}.Debug|arm64.ActiveCfg = Debug|Any CPU
		{6E376BAA-C7CE-4603-BD06-4F410129FFED}.Debug|arm64.Build.0 = Debug|Any CPU
		{6E376BAA-C7CE-4603-BD06-4F410129FFED}.Debug|x64.ActiveCfg = Debug|Any CPU
		{6E376BAA-C7CE-4603-BD06-4F410129FFED}.Debug|x64.Build.0 = Debug|Any CPU
		{6E376BAA-C7CE-4603-BD06-4F410129FFED}.Debug|x86.ActiveCfg = Debug|Any CPU
		{6E376BAA-C7CE-4603-BD06-4F410129FFED}.Debug|x86.Build.0 = Debug|Any CPU
		{6E376BAA-C7CE-4603-BD06-4F410129FFED}.Release|Any CPU.ActiveCfg = Release|Any CPU
		{6E376BAA-C7CE-4603-BD06-4F410129FFED}.Release|Any CPU.Build.0 = Release|Any CPU
		{6E376BAA-C7CE-4603-BD06-4F410129FFED}.Release|arm64.ActiveCfg = Release|Any CPU
		{6E376BAA-C7CE-4603-BD06-4F410129FFED}.Release|arm64.Build.0 = Release|Any CPU
		{6E376BAA-C7CE-4603-BD06-4F410129FFED}.Release|x64.ActiveCfg = Release|Any CPU
		{6E376BAA-C7CE-4603-BD06-4F410129FFED}.Release|x64.Build.0 = Release|Any CPU
		{6E376BAA-C7CE-4603-BD06-4F410129FFED}.Release|x86.ActiveCfg = Release|Any CPU
		{6E376BAA-C7CE-4603-BD06-4F410129FFED}.Release|x86.Build.0 = Release|Any CPU
		{F994672A-2C7C-439D-A01B-AED8A6F68822}.Debug|Any CPU.ActiveCfg = Debug|Any CPU
		{F994672A-2C7C-439D-A01B-AED8A6F68822}.Debug|Any CPU.Build.0 = Debug|Any CPU
		{F994672A-2C7C-439D-A01B-AED8A6F68822}.Debug|arm64.ActiveCfg = Debug|Any CPU
		{F994672A-2C7C-439D-A01B-AED8A6F68822}.Debug|arm64.Build.0 = Debug|Any CPU
		{F994672A-2C7C-439D-A01B-AED8A6F68822}.Debug|x64.ActiveCfg = Debug|Any CPU
		{F994672A-2C7C-439D-A01B-AED8A6F68822}.Debug|x64.Build.0 = Debug|Any CPU
		{F994672A-2C7C-439D-A01B-AED8A6F68822}.Debug|x86.ActiveCfg = Debug|Any CPU
		{F994672A-2C7C-439D-A01B-AED8A6F68822}.Debug|x86.Build.0 = Debug|Any CPU
		{F994672A-2C7C-439D-A01B-AED8A6F68822}.Release|Any CPU.ActiveCfg = Release|Any CPU
		{F994672A-2C7C-439D-A01B-AED8A6F68822}.Release|Any CPU.Build.0 = Release|Any CPU
		{F994672A-2C7C-439D-A01B-AED8A6F68822}.Release|arm64.ActiveCfg = Release|Any CPU
		{F994672A-2C7C-439D-A01B-AED8A6F68822}.Release|arm64.Build.0 = Release|Any CPU
		{F994672A-2C7C-439D-A01B-AED8A6F68822}.Release|x64.ActiveCfg = Release|Any CPU
		{F994672A-2C7C-439D-A01B-AED8A6F68822}.Release|x64.Build.0 = Release|Any CPU
		{F994672A-2C7C-439D-A01B-AED8A6F68822}.Release|x86.ActiveCfg = Release|Any CPU
		{F994672A-2C7C-439D-A01B-AED8A6F68822}.Release|x86.Build.0 = Release|Any CPU
		{AD5CC517-C2B5-4982-9E58-56E9898BA165}.Debug|Any CPU.ActiveCfg = Debug|Any CPU
		{AD5CC517-C2B5-4982-9E58-56E9898BA165}.Debug|Any CPU.Build.0 = Debug|Any CPU
		{AD5CC517-C2B5-4982-9E58-56E9898BA165}.Debug|arm64.ActiveCfg = Debug|Any CPU
		{AD5CC517-C2B5-4982-9E58-56E9898BA165}.Debug|arm64.Build.0 = Debug|Any CPU
		{AD5CC517-C2B5-4982-9E58-56E9898BA165}.Debug|x64.ActiveCfg = Debug|Any CPU
		{AD5CC517-C2B5-4982-9E58-56E9898BA165}.Debug|x64.Build.0 = Debug|Any CPU
		{AD5CC517-C2B5-4982-9E58-56E9898BA165}.Debug|x86.ActiveCfg = Debug|Any CPU
		{AD5CC517-C2B5-4982-9E58-56E9898BA165}.Debug|x86.Build.0 = Debug|Any CPU
		{AD5CC517-C2B5-4982-9E58-56E9898BA165}.Release|Any CPU.ActiveCfg = Release|Any CPU
		{AD5CC517-C2B5-4982-9E58-56E9898BA165}.Release|Any CPU.Build.0 = Release|Any CPU
		{AD5CC517-C2B5-4982-9E58-56E9898BA165}.Release|arm64.ActiveCfg = Release|Any CPU
		{AD5CC517-C2B5-4982-9E58-56E9898BA165}.Release|arm64.Build.0 = Release|Any CPU
		{AD5CC517-C2B5-4982-9E58-56E9898BA165}.Release|x64.ActiveCfg = Release|Any CPU
		{AD5CC517-C2B5-4982-9E58-56E9898BA165}.Release|x64.Build.0 = Release|Any CPU
		{AD5CC517-C2B5-4982-9E58-56E9898BA165}.Release|x86.ActiveCfg = Release|Any CPU
		{AD5CC517-C2B5-4982-9E58-56E9898BA165}.Release|x86.Build.0 = Release|Any CPU
		{609DDF41-CEF7-45A4-BC32-92A1BCB51E70}.Debug|Any CPU.ActiveCfg = Debug|Any CPU
		{609DDF41-CEF7-45A4-BC32-92A1BCB51E70}.Debug|Any CPU.Build.0 = Debug|Any CPU
		{609DDF41-CEF7-45A4-BC32-92A1BCB51E70}.Debug|arm64.ActiveCfg = Debug|Any CPU
		{609DDF41-CEF7-45A4-BC32-92A1BCB51E70}.Debug|arm64.Build.0 = Debug|Any CPU
		{609DDF41-CEF7-45A4-BC32-92A1BCB51E70}.Debug|x64.ActiveCfg = Debug|Any CPU
		{609DDF41-CEF7-45A4-BC32-92A1BCB51E70}.Debug|x64.Build.0 = Debug|Any CPU
		{609DDF41-CEF7-45A4-BC32-92A1BCB51E70}.Debug|x86.ActiveCfg = Debug|Any CPU
		{609DDF41-CEF7-45A4-BC32-92A1BCB51E70}.Debug|x86.Build.0 = Debug|Any CPU
		{609DDF41-CEF7-45A4-BC32-92A1BCB51E70}.Release|Any CPU.ActiveCfg = Release|Any CPU
		{609DDF41-CEF7-45A4-BC32-92A1BCB51E70}.Release|Any CPU.Build.0 = Release|Any CPU
		{609DDF41-CEF7-45A4-BC32-92A1BCB51E70}.Release|arm64.ActiveCfg = Release|Any CPU
		{609DDF41-CEF7-45A4-BC32-92A1BCB51E70}.Release|arm64.Build.0 = Release|Any CPU
		{609DDF41-CEF7-45A4-BC32-92A1BCB51E70}.Release|x64.ActiveCfg = Release|Any CPU
		{609DDF41-CEF7-45A4-BC32-92A1BCB51E70}.Release|x64.Build.0 = Release|Any CPU
		{609DDF41-CEF7-45A4-BC32-92A1BCB51E70}.Release|x86.ActiveCfg = Release|Any CPU
		{609DDF41-CEF7-45A4-BC32-92A1BCB51E70}.Release|x86.Build.0 = Release|Any CPU
		{828A4F28-41BE-47D6-8E65-CC8F4A7D34F0}.Debug|Any CPU.ActiveCfg = Debug|Any CPU
		{828A4F28-41BE-47D6-8E65-CC8F4A7D34F0}.Debug|Any CPU.Build.0 = Debug|Any CPU
		{828A4F28-41BE-47D6-8E65-CC8F4A7D34F0}.Debug|arm64.ActiveCfg = Debug|Any CPU
		{828A4F28-41BE-47D6-8E65-CC8F4A7D34F0}.Debug|arm64.Build.0 = Debug|Any CPU
		{828A4F28-41BE-47D6-8E65-CC8F4A7D34F0}.Debug|x64.ActiveCfg = Debug|Any CPU
		{828A4F28-41BE-47D6-8E65-CC8F4A7D34F0}.Debug|x64.Build.0 = Debug|Any CPU
		{828A4F28-41BE-47D6-8E65-CC8F4A7D34F0}.Debug|x86.ActiveCfg = Debug|Any CPU
		{828A4F28-41BE-47D6-8E65-CC8F4A7D34F0}.Debug|x86.Build.0 = Debug|Any CPU
		{828A4F28-41BE-47D6-8E65-CC8F4A7D34F0}.Release|Any CPU.ActiveCfg = Release|Any CPU
		{828A4F28-41BE-47D6-8E65-CC8F4A7D34F0}.Release|Any CPU.Build.0 = Release|Any CPU
		{828A4F28-41BE-47D6-8E65-CC8F4A7D34F0}.Release|arm64.ActiveCfg = Release|Any CPU
		{828A4F28-41BE-47D6-8E65-CC8F4A7D34F0}.Release|arm64.Build.0 = Release|Any CPU
		{828A4F28-41BE-47D6-8E65-CC8F4A7D34F0}.Release|x64.ActiveCfg = Release|Any CPU
		{828A4F28-41BE-47D6-8E65-CC8F4A7D34F0}.Release|x64.Build.0 = Release|Any CPU
		{828A4F28-41BE-47D6-8E65-CC8F4A7D34F0}.Release|x86.ActiveCfg = Release|Any CPU
		{828A4F28-41BE-47D6-8E65-CC8F4A7D34F0}.Release|x86.Build.0 = Release|Any CPU
		{ED7C8BE6-FBFC-4399-8470-AF32EDE52BC4}.Debug|Any CPU.ActiveCfg = Debug|Any CPU
		{ED7C8BE6-FBFC-4399-8470-AF32EDE52BC4}.Debug|Any CPU.Build.0 = Debug|Any CPU
		{ED7C8BE6-FBFC-4399-8470-AF32EDE52BC4}.Debug|arm64.ActiveCfg = Debug|Any CPU
		{ED7C8BE6-FBFC-4399-8470-AF32EDE52BC4}.Debug|arm64.Build.0 = Debug|Any CPU
		{ED7C8BE6-FBFC-4399-8470-AF32EDE52BC4}.Debug|x64.ActiveCfg = Debug|Any CPU
		{ED7C8BE6-FBFC-4399-8470-AF32EDE52BC4}.Debug|x64.Build.0 = Debug|Any CPU
		{ED7C8BE6-FBFC-4399-8470-AF32EDE52BC4}.Debug|x86.ActiveCfg = Debug|Any CPU
		{ED7C8BE6-FBFC-4399-8470-AF32EDE52BC4}.Debug|x86.Build.0 = Debug|Any CPU
		{ED7C8BE6-FBFC-4399-8470-AF32EDE52BC4}.Release|Any CPU.ActiveCfg = Release|Any CPU
		{ED7C8BE6-FBFC-4399-8470-AF32EDE52BC4}.Release|Any CPU.Build.0 = Release|Any CPU
		{ED7C8BE6-FBFC-4399-8470-AF32EDE52BC4}.Release|arm64.ActiveCfg = Release|Any CPU
		{ED7C8BE6-FBFC-4399-8470-AF32EDE52BC4}.Release|arm64.Build.0 = Release|Any CPU
		{ED7C8BE6-FBFC-4399-8470-AF32EDE52BC4}.Release|x64.ActiveCfg = Release|Any CPU
		{ED7C8BE6-FBFC-4399-8470-AF32EDE52BC4}.Release|x64.Build.0 = Release|Any CPU
		{ED7C8BE6-FBFC-4399-8470-AF32EDE52BC4}.Release|x86.ActiveCfg = Release|Any CPU
		{ED7C8BE6-FBFC-4399-8470-AF32EDE52BC4}.Release|x86.Build.0 = Release|Any CPU
		{099F2520-FC4E-4AE4-85AE-BF327001125D}.Debug|Any CPU.ActiveCfg = Debug|Any CPU
		{099F2520-FC4E-4AE4-85AE-BF327001125D}.Debug|Any CPU.Build.0 = Debug|Any CPU
		{099F2520-FC4E-4AE4-85AE-BF327001125D}.Debug|arm64.ActiveCfg = Debug|Any CPU
		{099F2520-FC4E-4AE4-85AE-BF327001125D}.Debug|arm64.Build.0 = Debug|Any CPU
		{099F2520-FC4E-4AE4-85AE-BF327001125D}.Debug|x64.ActiveCfg = Debug|Any CPU
		{099F2520-FC4E-4AE4-85AE-BF327001125D}.Debug|x64.Build.0 = Debug|Any CPU
		{099F2520-FC4E-4AE4-85AE-BF327001125D}.Debug|x86.ActiveCfg = Debug|Any CPU
		{099F2520-FC4E-4AE4-85AE-BF327001125D}.Debug|x86.Build.0 = Debug|Any CPU
		{099F2520-FC4E-4AE4-85AE-BF327001125D}.Release|Any CPU.ActiveCfg = Release|Any CPU
		{099F2520-FC4E-4AE4-85AE-BF327001125D}.Release|Any CPU.Build.0 = Release|Any CPU
		{099F2520-FC4E-4AE4-85AE-BF327001125D}.Release|arm64.ActiveCfg = Release|Any CPU
		{099F2520-FC4E-4AE4-85AE-BF327001125D}.Release|arm64.Build.0 = Release|Any CPU
		{099F2520-FC4E-4AE4-85AE-BF327001125D}.Release|x64.ActiveCfg = Release|Any CPU
		{099F2520-FC4E-4AE4-85AE-BF327001125D}.Release|x64.Build.0 = Release|Any CPU
		{099F2520-FC4E-4AE4-85AE-BF327001125D}.Release|x86.ActiveCfg = Release|Any CPU
		{099F2520-FC4E-4AE4-85AE-BF327001125D}.Release|x86.Build.0 = Release|Any CPU
		{702BCC1C-CD93-42A4-B5D7-5A797D913704}.Debug|Any CPU.ActiveCfg = Debug|Any CPU
		{702BCC1C-CD93-42A4-B5D7-5A797D913704}.Debug|Any CPU.Build.0 = Debug|Any CPU
		{702BCC1C-CD93-42A4-B5D7-5A797D913704}.Debug|arm64.ActiveCfg = Debug|Any CPU
		{702BCC1C-CD93-42A4-B5D7-5A797D913704}.Debug|arm64.Build.0 = Debug|Any CPU
		{702BCC1C-CD93-42A4-B5D7-5A797D913704}.Debug|x64.ActiveCfg = Debug|Any CPU
		{702BCC1C-CD93-42A4-B5D7-5A797D913704}.Debug|x64.Build.0 = Debug|Any CPU
		{702BCC1C-CD93-42A4-B5D7-5A797D913704}.Debug|x86.ActiveCfg = Debug|Any CPU
		{702BCC1C-CD93-42A4-B5D7-5A797D913704}.Debug|x86.Build.0 = Debug|Any CPU
		{702BCC1C-CD93-42A4-B5D7-5A797D913704}.Release|Any CPU.ActiveCfg = Release|Any CPU
		{702BCC1C-CD93-42A4-B5D7-5A797D913704}.Release|Any CPU.Build.0 = Release|Any CPU
		{702BCC1C-CD93-42A4-B5D7-5A797D913704}.Release|arm64.ActiveCfg = Release|Any CPU
		{702BCC1C-CD93-42A4-B5D7-5A797D913704}.Release|arm64.Build.0 = Release|Any CPU
		{702BCC1C-CD93-42A4-B5D7-5A797D913704}.Release|x64.ActiveCfg = Release|Any CPU
		{702BCC1C-CD93-42A4-B5D7-5A797D913704}.Release|x64.Build.0 = Release|Any CPU
		{702BCC1C-CD93-42A4-B5D7-5A797D913704}.Release|x86.ActiveCfg = Release|Any CPU
		{702BCC1C-CD93-42A4-B5D7-5A797D913704}.Release|x86.Build.0 = Release|Any CPU
		{0D8E7422-27BC-463A-A9B4-6F521F9F3BEC}.Debug|Any CPU.ActiveCfg = Debug|Any CPU
		{0D8E7422-27BC-463A-A9B4-6F521F9F3BEC}.Debug|Any CPU.Build.0 = Debug|Any CPU
		{0D8E7422-27BC-463A-A9B4-6F521F9F3BEC}.Debug|arm64.ActiveCfg = Debug|Any CPU
		{0D8E7422-27BC-463A-A9B4-6F521F9F3BEC}.Debug|arm64.Build.0 = Debug|Any CPU
		{0D8E7422-27BC-463A-A9B4-6F521F9F3BEC}.Debug|x64.ActiveCfg = Debug|Any CPU
		{0D8E7422-27BC-463A-A9B4-6F521F9F3BEC}.Debug|x64.Build.0 = Debug|Any CPU
		{0D8E7422-27BC-463A-A9B4-6F521F9F3BEC}.Debug|x86.ActiveCfg = Debug|Any CPU
		{0D8E7422-27BC-463A-A9B4-6F521F9F3BEC}.Debug|x86.Build.0 = Debug|Any CPU
		{0D8E7422-27BC-463A-A9B4-6F521F9F3BEC}.Release|Any CPU.ActiveCfg = Release|Any CPU
		{0D8E7422-27BC-463A-A9B4-6F521F9F3BEC}.Release|Any CPU.Build.0 = Release|Any CPU
		{0D8E7422-27BC-463A-A9B4-6F521F9F3BEC}.Release|arm64.ActiveCfg = Release|Any CPU
		{0D8E7422-27BC-463A-A9B4-6F521F9F3BEC}.Release|arm64.Build.0 = Release|Any CPU
		{0D8E7422-27BC-463A-A9B4-6F521F9F3BEC}.Release|x64.ActiveCfg = Release|Any CPU
		{0D8E7422-27BC-463A-A9B4-6F521F9F3BEC}.Release|x64.Build.0 = Release|Any CPU
		{0D8E7422-27BC-463A-A9B4-6F521F9F3BEC}.Release|x86.ActiveCfg = Release|Any CPU
		{0D8E7422-27BC-463A-A9B4-6F521F9F3BEC}.Release|x86.Build.0 = Release|Any CPU
		{EEA3949E-D60F-408C-9917-259711FC29B6}.Debug|Any CPU.ActiveCfg = Debug|Any CPU
		{EEA3949E-D60F-408C-9917-259711FC29B6}.Debug|Any CPU.Build.0 = Debug|Any CPU
		{EEA3949E-D60F-408C-9917-259711FC29B6}.Debug|arm64.ActiveCfg = Debug|Any CPU
		{EEA3949E-D60F-408C-9917-259711FC29B6}.Debug|arm64.Build.0 = Debug|Any CPU
		{EEA3949E-D60F-408C-9917-259711FC29B6}.Debug|x64.ActiveCfg = Debug|Any CPU
		{EEA3949E-D60F-408C-9917-259711FC29B6}.Debug|x64.Build.0 = Debug|Any CPU
		{EEA3949E-D60F-408C-9917-259711FC29B6}.Debug|x86.ActiveCfg = Debug|Any CPU
		{EEA3949E-D60F-408C-9917-259711FC29B6}.Debug|x86.Build.0 = Debug|Any CPU
		{EEA3949E-D60F-408C-9917-259711FC29B6}.Release|Any CPU.ActiveCfg = Release|Any CPU
		{EEA3949E-D60F-408C-9917-259711FC29B6}.Release|Any CPU.Build.0 = Release|Any CPU
		{EEA3949E-D60F-408C-9917-259711FC29B6}.Release|arm64.ActiveCfg = Release|Any CPU
		{EEA3949E-D60F-408C-9917-259711FC29B6}.Release|arm64.Build.0 = Release|Any CPU
		{EEA3949E-D60F-408C-9917-259711FC29B6}.Release|x64.ActiveCfg = Release|Any CPU
		{EEA3949E-D60F-408C-9917-259711FC29B6}.Release|x64.Build.0 = Release|Any CPU
		{EEA3949E-D60F-408C-9917-259711FC29B6}.Release|x86.ActiveCfg = Release|Any CPU
		{EEA3949E-D60F-408C-9917-259711FC29B6}.Release|x86.Build.0 = Release|Any CPU
		{46DF77A6-541B-4C2C-A8D4-EC241F9E21CC}.Debug|Any CPU.ActiveCfg = Debug|Any CPU
		{46DF77A6-541B-4C2C-A8D4-EC241F9E21CC}.Debug|Any CPU.Build.0 = Debug|Any CPU
		{46DF77A6-541B-4C2C-A8D4-EC241F9E21CC}.Debug|arm64.ActiveCfg = Debug|Any CPU
		{46DF77A6-541B-4C2C-A8D4-EC241F9E21CC}.Debug|arm64.Build.0 = Debug|Any CPU
		{46DF77A6-541B-4C2C-A8D4-EC241F9E21CC}.Debug|x64.ActiveCfg = Debug|Any CPU
		{46DF77A6-541B-4C2C-A8D4-EC241F9E21CC}.Debug|x64.Build.0 = Debug|Any CPU
		{46DF77A6-541B-4C2C-A8D4-EC241F9E21CC}.Debug|x86.ActiveCfg = Debug|Any CPU
		{46DF77A6-541B-4C2C-A8D4-EC241F9E21CC}.Debug|x86.Build.0 = Debug|Any CPU
		{46DF77A6-541B-4C2C-A8D4-EC241F9E21CC}.Release|Any CPU.ActiveCfg = Release|Any CPU
		{46DF77A6-541B-4C2C-A8D4-EC241F9E21CC}.Release|Any CPU.Build.0 = Release|Any CPU
		{46DF77A6-541B-4C2C-A8D4-EC241F9E21CC}.Release|arm64.ActiveCfg = Release|Any CPU
		{46DF77A6-541B-4C2C-A8D4-EC241F9E21CC}.Release|arm64.Build.0 = Release|Any CPU
		{46DF77A6-541B-4C2C-A8D4-EC241F9E21CC}.Release|x64.ActiveCfg = Release|Any CPU
		{46DF77A6-541B-4C2C-A8D4-EC241F9E21CC}.Release|x64.Build.0 = Release|Any CPU
		{46DF77A6-541B-4C2C-A8D4-EC241F9E21CC}.Release|x86.ActiveCfg = Release|Any CPU
		{46DF77A6-541B-4C2C-A8D4-EC241F9E21CC}.Release|x86.Build.0 = Release|Any CPU
	EndGlobalSection
	GlobalSection(SolutionProperties) = preSolution
		HideSolutionNode = FALSE
	EndGlobalSection
	GlobalSection(NestedProjects) = preSolution
		{11689861-BCC1-4F7B-B09F-34BE87A1A66B} = {F92E5311-13F4-4706-9403-3845C0A87CC1}
		{DC5BFD62-A0C6-4A13-A074-7AC9ED85F60D} = {F92E5311-13F4-4706-9403-3845C0A87CC1}
		{0F1C215C-DB15-4F7B-B97D-1DF769F8410D} = {11689861-BCC1-4F7B-B09F-34BE87A1A66B}
		{7735B4D8-AA47-41AE-95FD-485598043EC9} = {11689861-BCC1-4F7B-B09F-34BE87A1A66B}
		{5D6CDB02-CC03-4894-A309-09DE47967A36} = {11689861-BCC1-4F7B-B09F-34BE87A1A66B}
		{BB0BA901-54C8-430D-A5DB-EAFCC89EA3D8} = {B0FD6D02-A35A-4E0A-9AE0-8B512C33D7C1}
		{6B66B415-99BF-444B-B8A1-12412E1D4C12} = {BB0BA901-54C8-430D-A5DB-EAFCC89EA3D8}
		{29ED1150-56FF-487D-85DA-BB2763654C83} = {BB0BA901-54C8-430D-A5DB-EAFCC89EA3D8}
		{63A1D088-F8E1-48DA-93D2-72FBE7B4A459} = {BB0BA901-54C8-430D-A5DB-EAFCC89EA3D8}
		{05414BC5-EE81-480F-A9F6-40617F802EB4} = {BB0BA901-54C8-430D-A5DB-EAFCC89EA3D8}
		{B37F1E79-D818-4A35-8450-E42722E5E3EA} = {B0FD6D02-A35A-4E0A-9AE0-8B512C33D7C1}
		{0B9CE412-6F5F-4E24-8C9D-511827F21DE9} = {D0533806-92D6-4E95-95AE-4791DCA4D739}
		{F92E5311-13F4-4706-9403-3845C0A87CC1} = {D0533806-92D6-4E95-95AE-4791DCA4D739}
		{84F844EF-C567-4248-BF36-8DE784174DCE} = {D0533806-92D6-4E95-95AE-4791DCA4D739}
		{8D1A3F44-3D48-4A49-940F-9796E453452E} = {84F844EF-C567-4248-BF36-8DE784174DCE}
		{6243E01C-9969-4EDE-9B7C-29D1E5C5DAC8} = {B37F1E79-D818-4A35-8450-E42722E5E3EA}
		{7722768E-1C27-409B-AB06-B705776F1C48} = {CFD9188B-433B-462A-A261-A5DC116E9078}
		{3350BCD8-1BCC-45FA-8C00-BA63B787C9BA} = {F6E9DE9B-BA35-485B-9CAB-B384EDF72EA8}
		{F6E9DE9B-BA35-485B-9CAB-B384EDF72EA8} = {F92E5311-13F4-4706-9403-3845C0A87CC1}
		{09F7BC92-A46D-46E1-976F-C8A31FA4E9FE} = {F6E9DE9B-BA35-485B-9CAB-B384EDF72EA8}
		{F897C650-3CD3-4CB3-9DC3-13D5481B2621} = {F6E9DE9B-BA35-485B-9CAB-B384EDF72EA8}
		{B1553A0D-3B35-44C9-AE65-FB29845C81AE} = {BB0BA901-54C8-430D-A5DB-EAFCC89EA3D8}
		{950E736B-88F7-40F3-BAFC-ACA0FDE622C1} = {B37F1E79-D818-4A35-8450-E42722E5E3EA}
		{BEA79B4C-99A3-42EE-93D0-15CCB7DB1EA9} = {B37F1E79-D818-4A35-8450-E42722E5E3EA}
		{DAAC9B39-F9A8-4947-B6D9-D510D5C8FBC9} = {B37F1E79-D818-4A35-8450-E42722E5E3EA}
		{9CDD9ABE-F092-49C1-AD90-664A4C929652} = {6243E01C-9969-4EDE-9B7C-29D1E5C5DAC8}
		{BBD52C11-A14C-40C9-985F-300D49E3590B} = {6243E01C-9969-4EDE-9B7C-29D1E5C5DAC8}
		{A3C0737F-187D-41F1-A9CB-80745B68838B} = {6243E01C-9969-4EDE-9B7C-29D1E5C5DAC8}
		{79595318-0D44-4F43-8947-3DB1AE78EDE3} = {6243E01C-9969-4EDE-9B7C-29D1E5C5DAC8}
		{6E376BAA-C7CE-4603-BD06-4F410129FFED} = {6243E01C-9969-4EDE-9B7C-29D1E5C5DAC8}
		{F994672A-2C7C-439D-A01B-AED8A6F68822} = {6243E01C-9969-4EDE-9B7C-29D1E5C5DAC8}
		{AD5CC517-C2B5-4982-9E58-56E9898BA165} = {B37F1E79-D818-4A35-8450-E42722E5E3EA}
		{609DDF41-CEF7-45A4-BC32-92A1BCB51E70} = {6243E01C-9969-4EDE-9B7C-29D1E5C5DAC8}
		{828A4F28-41BE-47D6-8E65-CC8F4A7D34F0} = {6243E01C-9969-4EDE-9B7C-29D1E5C5DAC8}
		{ED7C8BE6-FBFC-4399-8470-AF32EDE52BC4} = {6243E01C-9969-4EDE-9B7C-29D1E5C5DAC8}
		{099F2520-FC4E-4AE4-85AE-BF327001125D} = {6243E01C-9969-4EDE-9B7C-29D1E5C5DAC8}
		{702BCC1C-CD93-42A4-B5D7-5A797D913704} = {6243E01C-9969-4EDE-9B7C-29D1E5C5DAC8}
		{0D8E7422-27BC-463A-A9B4-6F521F9F3BEC} = {6243E01C-9969-4EDE-9B7C-29D1E5C5DAC8}
		{EEA3949E-D60F-408C-9917-259711FC29B6} = {CFD9188B-433B-462A-A261-A5DC116E9078}
		{46DF77A6-541B-4C2C-A8D4-EC241F9E21CC} = {B37F1E79-D818-4A35-8450-E42722E5E3EA}
	EndGlobalSection
	GlobalSection(ExtensibilityGlobals) = postSolution
		SolutionGuid = {83498F0C-015F-44E4-9E7E-813DAD113571}
	EndGlobalSection
	GlobalSection(SharedMSBuildProjectFiles) = preSolution
		..\..\submodules\Framework.Uno\src\Framework.Base\Framework.UnoNative.Shared\Framework.UnoNative.Shared.projitems*{05414bc5-ee81-480f-a9f6-40617f802eb4}*SharedItemsImports = 13
		..\ooeentwicklerfoundation\ooeentwickler.foundation.shared\ooeentwickler.foundation.shared.projitems*{0b9ce412-6f5f-4e24-8c9d-511827f21de9}*SharedItemsImports = 5
		..\ooeentwicklerfoundation\ooeentwickler.foundation.shared\ooeentwickler.foundation.shared.projitems*{7722768e-1c27-409b-ab06-b705776f1c48}*SharedItemsImports = 13
		..\..\submodules\Framework.Uno\src\Framework.Base\Framework.UnoNative.Shared\Framework.UnoNative.Shared.projitems*{dc5bfd62-a0c6-4a13-a074-7ac9ed85f60d}*SharedItemsImports = 5
	EndGlobalSection
EndGlobal
