
Microsoft Visual Studio Solution File, Format Version 12.00
# Visual Studio Version 17
VisualStudioVersion = 17.9.34526.213
MinimumVisualStudioVersion = 10.0.40219.1
Project("{2150E333-8FDC-42A3-9474-1A3956D46DE8}") = "Source", "Source", "{D0533806-92D6-4E95-95AE-4791DCA4D739}"
EndProject
Project("{2150E333-8FDC-42A3-9474-1A3956D46DE8}") = "Platforms", "Platforms", "{11689861-BCC1-4F7B-B09F-34BE87A1A66B}"
EndProject
Project("{9A19103F-16F7-4668-BE54-9A1E7A4F7556}") = "ooeentwickleruno", "ooeentwickleruno\ooeentwickleruno.csproj", "{DC5BFD62-A0C6-4A13-A074-7AC9ED85F60D}"
EndProject
Project("{9A19103F-16F7-4668-BE54-9A1E7A4F7556}") = "ooeentwickleruno.Shared", "ooeentwickleruno.Shared\ooeentwickleruno.Shared.csproj", "{0F1C215C-DB15-4F7B-B97D-1DF769F8410D}"
EndProject
Project("{9A19103F-16F7-4668-BE54-9A1E7A4F7556}") = "ooeentwickleruno.Wasm", "ooeentwickleruno.Wasm\ooeentwickleruno.Wasm.csproj", "{7735B4D8-AA47-41AE-95FD-485598043EC9}"
EndProject
Project("{9A19103F-16F7-4668-BE54-9A1E7A4F7556}") = "ooeentwickleruno.Skia.Wpf", "ooeentwickleruno.Skia.WPF\ooeentwickleruno.Skia.Wpf.csproj", "{5D6CDB02-CC03-4894-A309-09DE47967A36}"
EndProject
Project("{2150E333-8FDC-42A3-9474-1A3956D46DE8}") = "Solution Items", "Solution Items", "{24F8BB11-5594-4E44-9189-C575BDEAEC69}"
	ProjectSection(SolutionItems) = preProject
		.gitignore = .gitignore
		Directory.Build.props = Directory.Build.props
		Directory.Build.targets = Directory.Build.targets
		Directory.Packages.props = Directory.Packages.props
		solution-config.props.sample = solution-config.props.sample
	EndProjectSection
EndProject
Project("{2150E333-8FDC-42A3-9474-1A3956D46DE8}") = "Framework.Uno", "Framework.Uno", "{BB0BA901-54C8-430D-A5DB-EAFCC89EA3D8}"
EndProject
Project("{9A19103F-16F7-4668-BE54-9A1E7A4F7556}") = "Framework.ApiClient", "..\..\submodules\Framework.Uno\src\Framework.Base\Framework.ApiClient\Framework.ApiClient.csproj", "{6B66B415-99BF-444B-B8A1-12412E1D4C12}"
EndProject
Project("{9A19103F-16F7-4668-BE54-9A1E7A4F7556}") = "Framework.Mvvm", "..\..\submodules\Framework.Uno\src\Framework.Base\Framework.Mvvm\Framework.Mvvm.csproj", "{29ED1150-56FF-487D-85DA-BB2763654C83}"
EndProject
Project("{9A19103F-16F7-4668-BE54-9A1E7A4F7556}") = "Framework.Services", "..\..\submodules\Framework.Uno\src\Framework.Base\Framework.Services\Framework.Services.csproj", "{63A1D088-F8E1-48DA-93D2-72FBE7B4A459}"
EndProject
Project("{D954291E-2A0B-460D-934E-DC6B0785DB48}") = "Framework.UnoNative.Shared", "..\..\submodules\Framework.Uno\src\Framework.Base\Framework.UnoNative.Shared\Framework.UnoNative.Shared.shproj", "{05414BC5-EE81-480F-A9F6-40617F802EB4}"
EndProject
Project("{2150E333-8FDC-42A3-9474-1A3956D46DE8}") = "Submodules", "Submodules", "{B0FD6D02-A35A-4E0A-9AE0-8B512C33D7C1}"
EndProject
Project("{2150E333-8FDC-42A3-9474-1A3956D46DE8}") = "CodeGen", "CodeGen", "{B37F1E79-D818-4A35-8450-E42722E5E3EA}"
EndProject
Project("{2150E333-8FDC-42A3-9474-1A3956D46DE8}") = "Shared", "Shared", "{CFD9188B-433B-462A-A261-A5DC116E9078}"
EndProject
Project("{9A19103F-16F7-4668-BE54-9A1E7A4F7556}") = "ooeentwickleruno.foundation", "ooeentwickleruno.foundation\ooeentwickleruno.foundation.csproj", "{0B9CE412-6F5F-4E24-8C9D-511827F21DE9}"
EndProject
Project("{2150E333-8FDC-42A3-9474-1A3956D46DE8}") = "Uno", "Uno", "{F92E5311-13F4-4706-9403-3845C0A87CC1}"
EndProject
Project("{2150E333-8FDC-42A3-9474-1A3956D46DE8}") = "ApiConnector", "ApiConnector", "{84F844EF-C567-4248-BF36-8DE784174DCE}"
EndProject
Project("{9A19103F-16F7-4668-BE54-9A1E7A4F7556}") = "ooeentwickleruno.apiclient", "ApiConnector\ooeentwickleruno.apiclient\ooeentwickleruno.apiclient.csproj", "{8D1A3F44-3D48-4A49-940F-9796E453452E}"
EndProject
Project("{9A19103F-16F7-4668-BE54-9A1E7A4F7556}") = "Framework.Restservice.Foundation", "..\..\..\..\Uno\Framework.Uno\submodules\Framework.Restservice\src\Framework.Restservice.Foundation\Framework.Restservice.Foundation.csproj", "{9525CD95-302B-418F-AF53-03AE84DDE849}"
EndProject
Project("{9A19103F-16F7-4668-BE54-9A1E7A4F7556}") = "Shared", "..\..\..\..\Uno\Framework.Uno\submodules\Framework.Restservice\submodules\CodeGen\src\Common\Shared\Shared.csproj", "{C807BB03-8706-4872-BDDC-8B7E56408AB7}"
EndProject
Project("{9A19103F-16F7-4668-BE54-9A1E7A4F7556}") = "Foundation", "..\..\..\..\Uno\Framework.Uno\submodules\Framework.Restservice\submodules\CodeGen\src\Common\Foundation\Foundation.csproj", "{C5D050D1-6708-4F8A-A61E-AF738065A59A}"
EndProject
Project("{9A19103F-16F7-4668-BE54-9A1E7A4F7556}") = "Codelisk.GeneratorAttributes", "..\..\..\..\Uno\Framework.Uno\submodules\Framework.Restservice\submodules\CodeGen\src\Common\Codelisk.GeneratorAttributes\Codelisk.GeneratorAttributes.csproj", "{E12F4A72-0C07-4493-92DF-1763AE6A99A3}"
EndProject
Project("{9A19103F-16F7-4668-BE54-9A1E7A4F7556}") = "Foundation.Crawler", "..\..\..\..\Uno\Framework.Uno\submodules\Framework.Restservice\submodules\CodeGen\src\GeneratorHelper\Foundation.Crawler\Foundation.Crawler.csproj", "{54567DF2-BAF4-458F-9D2D-7FCDA92CF4AD}"
EndProject
Project("{9A19103F-16F7-4668-BE54-9A1E7A4F7556}") = "Generators.Base", "..\..\..\..\Uno\Framework.Uno\submodules\Framework.Restservice\submodules\CodeGen\src\GeneratorHelper\Generators.Base\Generators.Base.csproj", "{9AF80A96-8E3D-49C4-B5EE-7BBB6B88ED9B}"
EndProject
Project("{9A19103F-16F7-4668-BE54-9A1E7A4F7556}") = "Api.Generator", "..\..\..\..\Uno\Framework.Uno\submodules\Framework.Restservice\submodules\CodeGen\src\Generators\Api\Api.Generator\Api.Generator.csproj", "{D873F86D-7F1D-4338-9F0D-7E84EC5E0141}"
EndProject
Project("{2150E333-8FDC-42A3-9474-1A3956D46DE8}") = "Generators", "Generators", "{6243E01C-9969-4EDE-9B7C-29D1E5C5DAC8}"
EndProject
Project("{9A19103F-16F7-4668-BE54-9A1E7A4F7556}") = "Codelisk.Api.RefitApis.Generator", "..\..\..\..\Uno\Framework.Uno\submodules\Framework.Restservice\submodules\CodeGen\src\Generators\Api\Codelisk.Api.RefitApis.Generator\Codelisk.Api.RefitApis.Generator.csproj", "{8905EB0B-1CA7-48AE-BA37-50A46B6D5621}"
EndProject
Project("{9A19103F-16F7-4668-BE54-9A1E7A4F7556}") = "Codelisk.Foundation.Generator", "..\..\..\..\Uno\Framework.Uno\submodules\Framework.Restservice\submodules\CodeGen\src\Generators\Foundation\Codelisk.Foundation.Generator\Codelisk.Foundation.Generator.csproj", "{B3728F5F-49D4-43A2-8BBD-57BA7A713410}"
EndProject
Project("{9A19103F-16F7-4668-BE54-9A1E7A4F7556}") = "Codelisk.Controller.Generator", "..\..\..\..\Uno\Framework.Uno\submodules\Framework.Restservice\submodules\CodeGen\src\Generators\Web\Codelisk.Controller.Generator\Codelisk.Controller.Generator.csproj", "{2E7BA19E-8585-48A4-BC21-143A3D5DFAAF}"
EndProject
Project("{9A19103F-16F7-4668-BE54-9A1E7A4F7556}") = "WebAutoMapperProfile.Generator", "..\..\..\..\Uno\Framework.Uno\submodules\Framework.Restservice\submodules\CodeGen\src\Generators\Web\WebAutoMapperProfile.Generator\WebAutoMapperProfile.Generator.csproj", "{DA4415BF-5B7B-41D6-91B2-36ED477E41D6}"
EndProject
Project("{9A19103F-16F7-4668-BE54-9A1E7A4F7556}") = "WebDbContext.Generator", "..\..\..\..\Uno\Framework.Uno\submodules\Framework.Restservice\submodules\CodeGen\src\Generators\Web\WebDbContext.Generator\WebDbContext.Generator.csproj", "{742C1BA4-625E-4602-BD2A-A0A70AF40AFD}"
EndProject
Project("{9A19103F-16F7-4668-BE54-9A1E7A4F7556}") = "WebManager.Contract.Generator", "..\..\..\..\Uno\Framework.Uno\submodules\Framework.Restservice\submodules\CodeGen\src\Generators\Web\WebManager.Contract.Generator\WebManager.Contract.Generator.csproj", "{0EFD4217-8847-4991-8099-A003584EDEF5}"
EndProject
Project("{9A19103F-16F7-4668-BE54-9A1E7A4F7556}") = "WebGenerator.Base", "..\..\..\..\Uno\Framework.Uno\submodules\Framework.Restservice\submodules\CodeGen\src\Generators\Web\WebGenerator.Base\WebGenerator.Base.csproj", "{84B66A7F-E8DE-4730-9BDA-C02C1EA1A596}"
EndProject
Project("{9A19103F-16F7-4668-BE54-9A1E7A4F7556}") = "WebManager.Generator", "..\..\..\..\Uno\Framework.Uno\submodules\Framework.Restservice\submodules\CodeGen\src\Generators\Web\WebManager.Generator\WebManager.Generator.csproj", "{B344AB25-A37D-404D-A942-072FBCBDDA28}"
EndProject
Project("{9A19103F-16F7-4668-BE54-9A1E7A4F7556}") = "WebRepositories.Contract.Generator", "..\..\..\..\Uno\Framework.Uno\submodules\Framework.Restservice\submodules\CodeGen\src\Generators\Web\WebRepositories.Contract.Generator\WebRepositories.Contract.Generator.csproj", "{6C822156-C053-459A-A027-575553956571}"
EndProject
Project("{9A19103F-16F7-4668-BE54-9A1E7A4F7556}") = "WebRepositories.Generator", "..\..\..\..\Uno\Framework.Uno\submodules\Framework.Restservice\submodules\CodeGen\src\Generators\Web\WebRepositories.Generator\WebRepositories.Generator.csproj", "{2880B96D-C8D3-408B-8EDA-51EBA7BDDCAE}"
EndProject
Project("{9A19103F-16F7-4668-BE54-9A1E7A4F7556}") = "Codelisk.AutoFilterer.Generators", "..\..\..\..\Uno\Framework.Uno\submodules\Framework.Restservice\submodules\CodeGen\src\Submodules\AutoFilterer\src\AutoFilterer.Generators\Codelisk.AutoFilterer.Generators.csproj", "{49FEB5D8-F936-441A-AA8D-8D4A985A9247}"
EndProject
Project("{9A19103F-16F7-4668-BE54-9A1E7A4F7556}") = "Codelisk.AutoFilterer", "..\..\..\..\Uno\Framework.Uno\submodules\Framework.Restservice\submodules\CodeGen\src\Submodules\AutoFilterer\src\AutoFilterer\Codelisk.AutoFilterer.csproj", "{AC7A26F2-14E9-4ABF-BCB9-489209C9868B}"
EndProject
Project("{9A19103F-16F7-4668-BE54-9A1E7A4F7556}") = "AutoFilterer.Dynamics", "..\..\..\..\Uno\Framework.Uno\submodules\Framework.Restservice\submodules\CodeGen\src\Submodules\AutoFilterer\src\AutoFilterer.Dynamics\AutoFilterer.Dynamics.csproj", "{6E534D89-3289-4E5A-8604-5AAC3395FFA6}"
EndProject
Project("{9A19103F-16F7-4668-BE54-9A1E7A4F7556}") = "Codelisk.AutoRegisterInject.Generator", "..\..\..\..\Uno\Framework.Uno\submodules\Framework.Restservice\submodules\CodeGen\src\Submodules\AutoRegisterInject\src\AutoRegisterInject\Codelisk.AutoRegisterInject.Generator.csproj", "{9FF46469-CBDC-4846-A0A1-08806E3EA29A}"
EndProject
Project("{D954291E-2A0B-460D-934E-DC6B0785DB48}") = "ooeentwickler.foundation.shared", "..\ooeentwicklerfoundation\ooeentwickler.foundation.shared\ooeentwickler.foundation.shared.shproj", "{7722768E-1C27-409B-AB06-B705776F1C48}"
EndProject
Global
	GlobalSection(SolutionConfigurationPlatforms) = preSolution
		Debug|Any CPU = Debug|Any CPU
		Debug|arm64 = Debug|arm64
		Debug|x64 = Debug|x64
		Debug|x86 = Debug|x86
		Release|Any CPU = Release|Any CPU
		Release|arm64 = Release|arm64
		Release|x64 = Release|x64
		Release|x86 = Release|x86
	EndGlobalSection
	GlobalSection(ProjectConfigurationPlatforms) = postSolution
		{DC5BFD62-A0C6-4A13-A074-7AC9ED85F60D}.Debug|Any CPU.ActiveCfg = Debug|Any CPU
		{DC5BFD62-A0C6-4A13-A074-7AC9ED85F60D}.Debug|Any CPU.Build.0 = Debug|Any CPU
		{DC5BFD62-A0C6-4A13-A074-7AC9ED85F60D}.Debug|arm64.ActiveCfg = Debug|Any CPU
		{DC5BFD62-A0C6-4A13-A074-7AC9ED85F60D}.Debug|arm64.Build.0 = Debug|Any CPU
		{DC5BFD62-A0C6-4A13-A074-7AC9ED85F60D}.Debug|x64.ActiveCfg = Debug|Any CPU
		{DC5BFD62-A0C6-4A13-A074-7AC9ED85F60D}.Debug|x64.Build.0 = Debug|Any CPU
		{DC5BFD62-A0C6-4A13-A074-7AC9ED85F60D}.Debug|x86.ActiveCfg = Debug|Any CPU
		{DC5BFD62-A0C6-4A13-A074-7AC9ED85F60D}.Debug|x86.Build.0 = Debug|Any CPU
		{DC5BFD62-A0C6-4A13-A074-7AC9ED85F60D}.Release|Any CPU.ActiveCfg = Release|Any CPU
		{DC5BFD62-A0C6-4A13-A074-7AC9ED85F60D}.Release|Any CPU.Build.0 = Release|Any CPU
		{DC5BFD62-A0C6-4A13-A074-7AC9ED85F60D}.Release|arm64.ActiveCfg = Release|Any CPU
		{DC5BFD62-A0C6-4A13-A074-7AC9ED85F60D}.Release|arm64.Build.0 = Release|Any CPU
		{DC5BFD62-A0C6-4A13-A074-7AC9ED85F60D}.Release|x64.ActiveCfg = Release|Any CPU
		{DC5BFD62-A0C6-4A13-A074-7AC9ED85F60D}.Release|x64.Build.0 = Release|Any CPU
		{DC5BFD62-A0C6-4A13-A074-7AC9ED85F60D}.Release|x86.ActiveCfg = Release|Any CPU
		{DC5BFD62-A0C6-4A13-A074-7AC9ED85F60D}.Release|x86.Build.0 = Release|Any CPU
		{0F1C215C-DB15-4F7B-B97D-1DF769F8410D}.Debug|Any CPU.ActiveCfg = Debug|Any CPU
		{0F1C215C-DB15-4F7B-B97D-1DF769F8410D}.Debug|Any CPU.Build.0 = Debug|Any CPU
		{0F1C215C-DB15-4F7B-B97D-1DF769F8410D}.Debug|arm64.ActiveCfg = Debug|Any CPU
		{0F1C215C-DB15-4F7B-B97D-1DF769F8410D}.Debug|arm64.Build.0 = Debug|Any CPU
		{0F1C215C-DB15-4F7B-B97D-1DF769F8410D}.Debug|x64.ActiveCfg = Debug|Any CPU
		{0F1C215C-DB15-4F7B-B97D-1DF769F8410D}.Debug|x64.Build.0 = Debug|Any CPU
		{0F1C215C-DB15-4F7B-B97D-1DF769F8410D}.Debug|x86.ActiveCfg = Debug|Any CPU
		{0F1C215C-DB15-4F7B-B97D-1DF769F8410D}.Debug|x86.Build.0 = Debug|Any CPU
		{0F1C215C-DB15-4F7B-B97D-1DF769F8410D}.Release|Any CPU.ActiveCfg = Release|Any CPU
		{0F1C215C-DB15-4F7B-B97D-1DF769F8410D}.Release|Any CPU.Build.0 = Release|Any CPU
		{0F1C215C-DB15-4F7B-B97D-1DF769F8410D}.Release|arm64.ActiveCfg = Release|Any CPU
		{0F1C215C-DB15-4F7B-B97D-1DF769F8410D}.Release|arm64.Build.0 = Release|Any CPU
		{0F1C215C-DB15-4F7B-B97D-1DF769F8410D}.Release|x64.ActiveCfg = Release|Any CPU
		{0F1C215C-DB15-4F7B-B97D-1DF769F8410D}.Release|x64.Build.0 = Release|Any CPU
		{0F1C215C-DB15-4F7B-B97D-1DF769F8410D}.Release|x86.ActiveCfg = Release|Any CPU
		{0F1C215C-DB15-4F7B-B97D-1DF769F8410D}.Release|x86.Build.0 = Release|Any CPU
		{7735B4D8-AA47-41AE-95FD-485598043EC9}.Debug|Any CPU.ActiveCfg = Debug|Any CPU
		{7735B4D8-AA47-41AE-95FD-485598043EC9}.Debug|Any CPU.Build.0 = Debug|Any CPU
		{7735B4D8-AA47-41AE-95FD-485598043EC9}.Debug|arm64.ActiveCfg = Debug|Any CPU
		{7735B4D8-AA47-41AE-95FD-485598043EC9}.Debug|arm64.Build.0 = Debug|Any CPU
		{7735B4D8-AA47-41AE-95FD-485598043EC9}.Debug|x64.ActiveCfg = Debug|Any CPU
		{7735B4D8-AA47-41AE-95FD-485598043EC9}.Debug|x64.Build.0 = Debug|Any CPU
		{7735B4D8-AA47-41AE-95FD-485598043EC9}.Debug|x86.ActiveCfg = Debug|Any CPU
		{7735B4D8-AA47-41AE-95FD-485598043EC9}.Debug|x86.Build.0 = Debug|Any CPU
		{7735B4D8-AA47-41AE-95FD-485598043EC9}.Release|Any CPU.ActiveCfg = Release|Any CPU
		{7735B4D8-AA47-41AE-95FD-485598043EC9}.Release|Any CPU.Build.0 = Release|Any CPU
		{7735B4D8-AA47-41AE-95FD-485598043EC9}.Release|arm64.ActiveCfg = Release|Any CPU
		{7735B4D8-AA47-41AE-95FD-485598043EC9}.Release|arm64.Build.0 = Release|Any CPU
		{7735B4D8-AA47-41AE-95FD-485598043EC9}.Release|x64.ActiveCfg = Release|Any CPU
		{7735B4D8-AA47-41AE-95FD-485598043EC9}.Release|x64.Build.0 = Release|Any CPU
		{7735B4D8-AA47-41AE-95FD-485598043EC9}.Release|x86.ActiveCfg = Release|Any CPU
		{7735B4D8-AA47-41AE-95FD-485598043EC9}.Release|x86.Build.0 = Release|Any CPU
		{5D6CDB02-CC03-4894-A309-09DE47967A36}.Debug|Any CPU.ActiveCfg = Debug|Any CPU
		{5D6CDB02-CC03-4894-A309-09DE47967A36}.Debug|Any CPU.Build.0 = Debug|Any CPU
		{5D6CDB02-CC03-4894-A309-09DE47967A36}.Debug|arm64.ActiveCfg = Debug|Any CPU
		{5D6CDB02-CC03-4894-A309-09DE47967A36}.Debug|arm64.Build.0 = Debug|Any CPU
		{5D6CDB02-CC03-4894-A309-09DE47967A36}.Debug|x64.ActiveCfg = Debug|Any CPU
		{5D6CDB02-CC03-4894-A309-09DE47967A36}.Debug|x64.Build.0 = Debug|Any CPU
		{5D6CDB02-CC03-4894-A309-09DE47967A36}.Debug|x86.ActiveCfg = Debug|Any CPU
		{5D6CDB02-CC03-4894-A309-09DE47967A36}.Debug|x86.Build.0 = Debug|Any CPU
		{5D6CDB02-CC03-4894-A309-09DE47967A36}.Release|Any CPU.ActiveCfg = Release|Any CPU
		{5D6CDB02-CC03-4894-A309-09DE47967A36}.Release|Any CPU.Build.0 = Release|Any CPU
		{5D6CDB02-CC03-4894-A309-09DE47967A36}.Release|arm64.ActiveCfg = Release|Any CPU
		{5D6CDB02-CC03-4894-A309-09DE47967A36}.Release|arm64.Build.0 = Release|Any CPU
		{5D6CDB02-CC03-4894-A309-09DE47967A36}.Release|x64.ActiveCfg = Release|Any CPU
		{5D6CDB02-CC03-4894-A309-09DE47967A36}.Release|x64.Build.0 = Release|Any CPU
		{5D6CDB02-CC03-4894-A309-09DE47967A36}.Release|x86.ActiveCfg = Release|Any CPU
		{5D6CDB02-CC03-4894-A309-09DE47967A36}.Release|x86.Build.0 = Release|Any CPU
		{6B66B415-99BF-444B-B8A1-12412E1D4C12}.Debug|Any CPU.ActiveCfg = Debug|Any CPU
		{6B66B415-99BF-444B-B8A1-12412E1D4C12}.Debug|Any CPU.Build.0 = Debug|Any CPU
		{6B66B415-99BF-444B-B8A1-12412E1D4C12}.Debug|arm64.ActiveCfg = Debug|Any CPU
		{6B66B415-99BF-444B-B8A1-12412E1D4C12}.Debug|arm64.Build.0 = Debug|Any CPU
		{6B66B415-99BF-444B-B8A1-12412E1D4C12}.Debug|x64.ActiveCfg = Debug|Any CPU
		{6B66B415-99BF-444B-B8A1-12412E1D4C12}.Debug|x64.Build.0 = Debug|Any CPU
		{6B66B415-99BF-444B-B8A1-12412E1D4C12}.Debug|x86.ActiveCfg = Debug|Any CPU
		{6B66B415-99BF-444B-B8A1-12412E1D4C12}.Debug|x86.Build.0 = Debug|Any CPU
		{6B66B415-99BF-444B-B8A1-12412E1D4C12}.Release|Any CPU.ActiveCfg = Release|Any CPU
		{6B66B415-99BF-444B-B8A1-12412E1D4C12}.Release|Any CPU.Build.0 = Release|Any CPU
		{6B66B415-99BF-444B-B8A1-12412E1D4C12}.Release|arm64.ActiveCfg = Release|Any CPU
		{6B66B415-99BF-444B-B8A1-12412E1D4C12}.Release|arm64.Build.0 = Release|Any CPU
		{6B66B415-99BF-444B-B8A1-12412E1D4C12}.Release|x64.ActiveCfg = Release|Any CPU
		{6B66B415-99BF-444B-B8A1-12412E1D4C12}.Release|x64.Build.0 = Release|Any CPU
		{6B66B415-99BF-444B-B8A1-12412E1D4C12}.Release|x86.ActiveCfg = Release|Any CPU
		{6B66B415-99BF-444B-B8A1-12412E1D4C12}.Release|x86.Build.0 = Release|Any CPU
		{29ED1150-56FF-487D-85DA-BB2763654C83}.Debug|Any CPU.ActiveCfg = Debug|Any CPU
		{29ED1150-56FF-487D-85DA-BB2763654C83}.Debug|Any CPU.Build.0 = Debug|Any CPU
		{29ED1150-56FF-487D-85DA-BB2763654C83}.Debug|arm64.ActiveCfg = Debug|Any CPU
		{29ED1150-56FF-487D-85DA-BB2763654C83}.Debug|arm64.Build.0 = Debug|Any CPU
		{29ED1150-56FF-487D-85DA-BB2763654C83}.Debug|x64.ActiveCfg = Debug|Any CPU
		{29ED1150-56FF-487D-85DA-BB2763654C83}.Debug|x64.Build.0 = Debug|Any CPU
		{29ED1150-56FF-487D-85DA-BB2763654C83}.Debug|x86.ActiveCfg = Debug|Any CPU
		{29ED1150-56FF-487D-85DA-BB2763654C83}.Debug|x86.Build.0 = Debug|Any CPU
		{29ED1150-56FF-487D-85DA-BB2763654C83}.Release|Any CPU.ActiveCfg = Release|Any CPU
		{29ED1150-56FF-487D-85DA-BB2763654C83}.Release|Any CPU.Build.0 = Release|Any CPU
		{29ED1150-56FF-487D-85DA-BB2763654C83}.Release|arm64.ActiveCfg = Release|Any CPU
		{29ED1150-56FF-487D-85DA-BB2763654C83}.Release|arm64.Build.0 = Release|Any CPU
		{29ED1150-56FF-487D-85DA-BB2763654C83}.Release|x64.ActiveCfg = Release|Any CPU
		{29ED1150-56FF-487D-85DA-BB2763654C83}.Release|x64.Build.0 = Release|Any CPU
		{29ED1150-56FF-487D-85DA-BB2763654C83}.Release|x86.ActiveCfg = Release|Any CPU
		{29ED1150-56FF-487D-85DA-BB2763654C83}.Release|x86.Build.0 = Release|Any CPU
		{63A1D088-F8E1-48DA-93D2-72FBE7B4A459}.Debug|Any CPU.ActiveCfg = Debug|Any CPU
		{63A1D088-F8E1-48DA-93D2-72FBE7B4A459}.Debug|Any CPU.Build.0 = Debug|Any CPU
		{63A1D088-F8E1-48DA-93D2-72FBE7B4A459}.Debug|arm64.ActiveCfg = Debug|Any CPU
		{63A1D088-F8E1-48DA-93D2-72FBE7B4A459}.Debug|arm64.Build.0 = Debug|Any CPU
		{63A1D088-F8E1-48DA-93D2-72FBE7B4A459}.Debug|x64.ActiveCfg = Debug|Any CPU
		{63A1D088-F8E1-48DA-93D2-72FBE7B4A459}.Debug|x64.Build.0 = Debug|Any CPU
		{63A1D088-F8E1-48DA-93D2-72FBE7B4A459}.Debug|x86.ActiveCfg = Debug|Any CPU
		{63A1D088-F8E1-48DA-93D2-72FBE7B4A459}.Debug|x86.Build.0 = Debug|Any CPU
		{63A1D088-F8E1-48DA-93D2-72FBE7B4A459}.Release|Any CPU.ActiveCfg = Release|Any CPU
		{63A1D088-F8E1-48DA-93D2-72FBE7B4A459}.Release|Any CPU.Build.0 = Release|Any CPU
		{63A1D088-F8E1-48DA-93D2-72FBE7B4A459}.Release|arm64.ActiveCfg = Release|Any CPU
		{63A1D088-F8E1-48DA-93D2-72FBE7B4A459}.Release|arm64.Build.0 = Release|Any CPU
		{63A1D088-F8E1-48DA-93D2-72FBE7B4A459}.Release|x64.ActiveCfg = Release|Any CPU
		{63A1D088-F8E1-48DA-93D2-72FBE7B4A459}.Release|x64.Build.0 = Release|Any CPU
		{63A1D088-F8E1-48DA-93D2-72FBE7B4A459}.Release|x86.ActiveCfg = Release|Any CPU
		{63A1D088-F8E1-48DA-93D2-72FBE7B4A459}.Release|x86.Build.0 = Release|Any CPU
		{0B9CE412-6F5F-4E24-8C9D-511827F21DE9}.Debug|Any CPU.ActiveCfg = Debug|Any CPU
		{0B9CE412-6F5F-4E24-8C9D-511827F21DE9}.Debug|Any CPU.Build.0 = Debug|Any CPU
		{0B9CE412-6F5F-4E24-8C9D-511827F21DE9}.Debug|arm64.ActiveCfg = Debug|Any CPU
		{0B9CE412-6F5F-4E24-8C9D-511827F21DE9}.Debug|arm64.Build.0 = Debug|Any CPU
		{0B9CE412-6F5F-4E24-8C9D-511827F21DE9}.Debug|x64.ActiveCfg = Debug|Any CPU
		{0B9CE412-6F5F-4E24-8C9D-511827F21DE9}.Debug|x64.Build.0 = Debug|Any CPU
		{0B9CE412-6F5F-4E24-8C9D-511827F21DE9}.Debug|x86.ActiveCfg = Debug|Any CPU
		{0B9CE412-6F5F-4E24-8C9D-511827F21DE9}.Debug|x86.Build.0 = Debug|Any CPU
		{0B9CE412-6F5F-4E24-8C9D-511827F21DE9}.Release|Any CPU.ActiveCfg = Release|Any CPU
		{0B9CE412-6F5F-4E24-8C9D-511827F21DE9}.Release|Any CPU.Build.0 = Release|Any CPU
		{0B9CE412-6F5F-4E24-8C9D-511827F21DE9}.Release|arm64.ActiveCfg = Release|Any CPU
		{0B9CE412-6F5F-4E24-8C9D-511827F21DE9}.Release|arm64.Build.0 = Release|Any CPU
		{0B9CE412-6F5F-4E24-8C9D-511827F21DE9}.Release|x64.ActiveCfg = Release|Any CPU
		{0B9CE412-6F5F-4E24-8C9D-511827F21DE9}.Release|x64.Build.0 = Release|Any CPU
		{0B9CE412-6F5F-4E24-8C9D-511827F21DE9}.Release|x86.ActiveCfg = Release|Any CPU
		{0B9CE412-6F5F-4E24-8C9D-511827F21DE9}.Release|x86.Build.0 = Release|Any CPU
		{8D1A3F44-3D48-4A49-940F-9796E453452E}.Debug|Any CPU.ActiveCfg = Debug|Any CPU
		{8D1A3F44-3D48-4A49-940F-9796E453452E}.Debug|Any CPU.Build.0 = Debug|Any CPU
		{8D1A3F44-3D48-4A49-940F-9796E453452E}.Debug|arm64.ActiveCfg = Debug|Any CPU
		{8D1A3F44-3D48-4A49-940F-9796E453452E}.Debug|arm64.Build.0 = Debug|Any CPU
		{8D1A3F44-3D48-4A49-940F-9796E453452E}.Debug|x64.ActiveCfg = Debug|Any CPU
		{8D1A3F44-3D48-4A49-940F-9796E453452E}.Debug|x64.Build.0 = Debug|Any CPU
		{8D1A3F44-3D48-4A49-940F-9796E453452E}.Debug|x86.ActiveCfg = Debug|Any CPU
		{8D1A3F44-3D48-4A49-940F-9796E453452E}.Debug|x86.Build.0 = Debug|Any CPU
		{8D1A3F44-3D48-4A49-940F-9796E453452E}.Release|Any CPU.ActiveCfg = Release|Any CPU
		{8D1A3F44-3D48-4A49-940F-9796E453452E}.Release|Any CPU.Build.0 = Release|Any CPU
		{8D1A3F44-3D48-4A49-940F-9796E453452E}.Release|arm64.ActiveCfg = Release|Any CPU
		{8D1A3F44-3D48-4A49-940F-9796E453452E}.Release|arm64.Build.0 = Release|Any CPU
		{8D1A3F44-3D48-4A49-940F-9796E453452E}.Release|x64.ActiveCfg = Release|Any CPU
		{8D1A3F44-3D48-4A49-940F-9796E453452E}.Release|x64.Build.0 = Release|Any CPU
		{8D1A3F44-3D48-4A49-940F-9796E453452E}.Release|x86.ActiveCfg = Release|Any CPU
		{8D1A3F44-3D48-4A49-940F-9796E453452E}.Release|x86.Build.0 = Release|Any CPU
		{9525CD95-302B-418F-AF53-03AE84DDE849}.Debug|Any CPU.ActiveCfg = Debug|Any CPU
		{9525CD95-302B-418F-AF53-03AE84DDE849}.Debug|Any CPU.Build.0 = Debug|Any CPU
		{9525CD95-302B-418F-AF53-03AE84DDE849}.Debug|arm64.ActiveCfg = Debug|Any CPU
		{9525CD95-302B-418F-AF53-03AE84DDE849}.Debug|arm64.Build.0 = Debug|Any CPU
		{9525CD95-302B-418F-AF53-03AE84DDE849}.Debug|x64.ActiveCfg = Debug|Any CPU
		{9525CD95-302B-418F-AF53-03AE84DDE849}.Debug|x64.Build.0 = Debug|Any CPU
		{9525CD95-302B-418F-AF53-03AE84DDE849}.Debug|x86.ActiveCfg = Debug|Any CPU
		{9525CD95-302B-418F-AF53-03AE84DDE849}.Debug|x86.Build.0 = Debug|Any CPU
		{9525CD95-302B-418F-AF53-03AE84DDE849}.Release|Any CPU.ActiveCfg = Release|Any CPU
		{9525CD95-302B-418F-AF53-03AE84DDE849}.Release|Any CPU.Build.0 = Release|Any CPU
		{9525CD95-302B-418F-AF53-03AE84DDE849}.Release|arm64.ActiveCfg = Release|Any CPU
		{9525CD95-302B-418F-AF53-03AE84DDE849}.Release|arm64.Build.0 = Release|Any CPU
		{9525CD95-302B-418F-AF53-03AE84DDE849}.Release|x64.ActiveCfg = Release|Any CPU
		{9525CD95-302B-418F-AF53-03AE84DDE849}.Release|x64.Build.0 = Release|Any CPU
		{9525CD95-302B-418F-AF53-03AE84DDE849}.Release|x86.ActiveCfg = Release|Any CPU
		{9525CD95-302B-418F-AF53-03AE84DDE849}.Release|x86.Build.0 = Release|Any CPU
		{C807BB03-8706-4872-BDDC-8B7E56408AB7}.Debug|Any CPU.ActiveCfg = Debug|Any CPU
		{C807BB03-8706-4872-BDDC-8B7E56408AB7}.Debug|Any CPU.Build.0 = Debug|Any CPU
		{C807BB03-8706-4872-BDDC-8B7E56408AB7}.Debug|arm64.ActiveCfg = Debug|Any CPU
		{C807BB03-8706-4872-BDDC-8B7E56408AB7}.Debug|arm64.Build.0 = Debug|Any CPU
		{C807BB03-8706-4872-BDDC-8B7E56408AB7}.Debug|x64.ActiveCfg = Debug|Any CPU
		{C807BB03-8706-4872-BDDC-8B7E56408AB7}.Debug|x64.Build.0 = Debug|Any CPU
		{C807BB03-8706-4872-BDDC-8B7E56408AB7}.Debug|x86.ActiveCfg = Debug|Any CPU
		{C807BB03-8706-4872-BDDC-8B7E56408AB7}.Debug|x86.Build.0 = Debug|Any CPU
		{C807BB03-8706-4872-BDDC-8B7E56408AB7}.Release|Any CPU.ActiveCfg = Release|Any CPU
		{C807BB03-8706-4872-BDDC-8B7E56408AB7}.Release|Any CPU.Build.0 = Release|Any CPU
		{C807BB03-8706-4872-BDDC-8B7E56408AB7}.Release|arm64.ActiveCfg = Release|Any CPU
		{C807BB03-8706-4872-BDDC-8B7E56408AB7}.Release|arm64.Build.0 = Release|Any CPU
		{C807BB03-8706-4872-BDDC-8B7E56408AB7}.Release|x64.ActiveCfg = Release|Any CPU
		{C807BB03-8706-4872-BDDC-8B7E56408AB7}.Release|x64.Build.0 = Release|Any CPU
		{C807BB03-8706-4872-BDDC-8B7E56408AB7}.Release|x86.ActiveCfg = Release|Any CPU
		{C807BB03-8706-4872-BDDC-8B7E56408AB7}.Release|x86.Build.0 = Release|Any CPU
		{C5D050D1-6708-4F8A-A61E-AF738065A59A}.Debug|Any CPU.ActiveCfg = Debug|Any CPU
		{C5D050D1-6708-4F8A-A61E-AF738065A59A}.Debug|Any CPU.Build.0 = Debug|Any CPU
		{C5D050D1-6708-4F8A-A61E-AF738065A59A}.Debug|arm64.ActiveCfg = Debug|Any CPU
		{C5D050D1-6708-4F8A-A61E-AF738065A59A}.Debug|arm64.Build.0 = Debug|Any CPU
		{C5D050D1-6708-4F8A-A61E-AF738065A59A}.Debug|x64.ActiveCfg = Debug|Any CPU
		{C5D050D1-6708-4F8A-A61E-AF738065A59A}.Debug|x64.Build.0 = Debug|Any CPU
		{C5D050D1-6708-4F8A-A61E-AF738065A59A}.Debug|x86.ActiveCfg = Debug|Any CPU
		{C5D050D1-6708-4F8A-A61E-AF738065A59A}.Debug|x86.Build.0 = Debug|Any CPU
		{C5D050D1-6708-4F8A-A61E-AF738065A59A}.Release|Any CPU.ActiveCfg = Release|Any CPU
		{C5D050D1-6708-4F8A-A61E-AF738065A59A}.Release|Any CPU.Build.0 = Release|Any CPU
		{C5D050D1-6708-4F8A-A61E-AF738065A59A}.Release|arm64.ActiveCfg = Release|Any CPU
		{C5D050D1-6708-4F8A-A61E-AF738065A59A}.Release|arm64.Build.0 = Release|Any CPU
		{C5D050D1-6708-4F8A-A61E-AF738065A59A}.Release|x64.ActiveCfg = Release|Any CPU
		{C5D050D1-6708-4F8A-A61E-AF738065A59A}.Release|x64.Build.0 = Release|Any CPU
		{C5D050D1-6708-4F8A-A61E-AF738065A59A}.Release|x86.ActiveCfg = Release|Any CPU
		{C5D050D1-6708-4F8A-A61E-AF738065A59A}.Release|x86.Build.0 = Release|Any CPU
		{E12F4A72-0C07-4493-92DF-1763AE6A99A3}.Debug|Any CPU.ActiveCfg = Debug|Any CPU
		{E12F4A72-0C07-4493-92DF-1763AE6A99A3}.Debug|Any CPU.Build.0 = Debug|Any CPU
		{E12F4A72-0C07-4493-92DF-1763AE6A99A3}.Debug|arm64.ActiveCfg = Debug|Any CPU
		{E12F4A72-0C07-4493-92DF-1763AE6A99A3}.Debug|arm64.Build.0 = Debug|Any CPU
		{E12F4A72-0C07-4493-92DF-1763AE6A99A3}.Debug|x64.ActiveCfg = Debug|Any CPU
		{E12F4A72-0C07-4493-92DF-1763AE6A99A3}.Debug|x64.Build.0 = Debug|Any CPU
		{E12F4A72-0C07-4493-92DF-1763AE6A99A3}.Debug|x86.ActiveCfg = Debug|Any CPU
		{E12F4A72-0C07-4493-92DF-1763AE6A99A3}.Debug|x86.Build.0 = Debug|Any CPU
		{E12F4A72-0C07-4493-92DF-1763AE6A99A3}.Release|Any CPU.ActiveCfg = Release|Any CPU
		{E12F4A72-0C07-4493-92DF-1763AE6A99A3}.Release|Any CPU.Build.0 = Release|Any CPU
		{E12F4A72-0C07-4493-92DF-1763AE6A99A3}.Release|arm64.ActiveCfg = Release|Any CPU
		{E12F4A72-0C07-4493-92DF-1763AE6A99A3}.Release|arm64.Build.0 = Release|Any CPU
		{E12F4A72-0C07-4493-92DF-1763AE6A99A3}.Release|x64.ActiveCfg = Release|Any CPU
		{E12F4A72-0C07-4493-92DF-1763AE6A99A3}.Release|x64.Build.0 = Release|Any CPU
		{E12F4A72-0C07-4493-92DF-1763AE6A99A3}.Release|x86.ActiveCfg = Release|Any CPU
		{E12F4A72-0C07-4493-92DF-1763AE6A99A3}.Release|x86.Build.0 = Release|Any CPU
		{54567DF2-BAF4-458F-9D2D-7FCDA92CF4AD}.Debug|Any CPU.ActiveCfg = Debug|Any CPU
		{54567DF2-BAF4-458F-9D2D-7FCDA92CF4AD}.Debug|Any CPU.Build.0 = Debug|Any CPU
		{54567DF2-BAF4-458F-9D2D-7FCDA92CF4AD}.Debug|arm64.ActiveCfg = Debug|Any CPU
		{54567DF2-BAF4-458F-9D2D-7FCDA92CF4AD}.Debug|arm64.Build.0 = Debug|Any CPU
		{54567DF2-BAF4-458F-9D2D-7FCDA92CF4AD}.Debug|x64.ActiveCfg = Debug|Any CPU
		{54567DF2-BAF4-458F-9D2D-7FCDA92CF4AD}.Debug|x64.Build.0 = Debug|Any CPU
		{54567DF2-BAF4-458F-9D2D-7FCDA92CF4AD}.Debug|x86.ActiveCfg = Debug|Any CPU
		{54567DF2-BAF4-458F-9D2D-7FCDA92CF4AD}.Debug|x86.Build.0 = Debug|Any CPU
		{54567DF2-BAF4-458F-9D2D-7FCDA92CF4AD}.Release|Any CPU.ActiveCfg = Release|Any CPU
		{54567DF2-BAF4-458F-9D2D-7FCDA92CF4AD}.Release|Any CPU.Build.0 = Release|Any CPU
		{54567DF2-BAF4-458F-9D2D-7FCDA92CF4AD}.Release|arm64.ActiveCfg = Release|Any CPU
		{54567DF2-BAF4-458F-9D2D-7FCDA92CF4AD}.Release|arm64.Build.0 = Release|Any CPU
		{54567DF2-BAF4-458F-9D2D-7FCDA92CF4AD}.Release|x64.ActiveCfg = Release|Any CPU
		{54567DF2-BAF4-458F-9D2D-7FCDA92CF4AD}.Release|x64.Build.0 = Release|Any CPU
		{54567DF2-BAF4-458F-9D2D-7FCDA92CF4AD}.Release|x86.ActiveCfg = Release|Any CPU
		{54567DF2-BAF4-458F-9D2D-7FCDA92CF4AD}.Release|x86.Build.0 = Release|Any CPU
		{9AF80A96-8E3D-49C4-B5EE-7BBB6B88ED9B}.Debug|Any CPU.ActiveCfg = Debug|Any CPU
		{9AF80A96-8E3D-49C4-B5EE-7BBB6B88ED9B}.Debug|Any CPU.Build.0 = Debug|Any CPU
		{9AF80A96-8E3D-49C4-B5EE-7BBB6B88ED9B}.Debug|arm64.ActiveCfg = Debug|Any CPU
		{9AF80A96-8E3D-49C4-B5EE-7BBB6B88ED9B}.Debug|arm64.Build.0 = Debug|Any CPU
		{9AF80A96-8E3D-49C4-B5EE-7BBB6B88ED9B}.Debug|x64.ActiveCfg = Debug|Any CPU
		{9AF80A96-8E3D-49C4-B5EE-7BBB6B88ED9B}.Debug|x64.Build.0 = Debug|Any CPU
		{9AF80A96-8E3D-49C4-B5EE-7BBB6B88ED9B}.Debug|x86.ActiveCfg = Debug|Any CPU
		{9AF80A96-8E3D-49C4-B5EE-7BBB6B88ED9B}.Debug|x86.Build.0 = Debug|Any CPU
		{9AF80A96-8E3D-49C4-B5EE-7BBB6B88ED9B}.Release|Any CPU.ActiveCfg = Release|Any CPU
		{9AF80A96-8E3D-49C4-B5EE-7BBB6B88ED9B}.Release|Any CPU.Build.0 = Release|Any CPU
		{9AF80A96-8E3D-49C4-B5EE-7BBB6B88ED9B}.Release|arm64.ActiveCfg = Release|Any CPU
		{9AF80A96-8E3D-49C4-B5EE-7BBB6B88ED9B}.Release|arm64.Build.0 = Release|Any CPU
		{9AF80A96-8E3D-49C4-B5EE-7BBB6B88ED9B}.Release|x64.ActiveCfg = Release|Any CPU
		{9AF80A96-8E3D-49C4-B5EE-7BBB6B88ED9B}.Release|x64.Build.0 = Release|Any CPU
		{9AF80A96-8E3D-49C4-B5EE-7BBB6B88ED9B}.Release|x86.ActiveCfg = Release|Any CPU
		{9AF80A96-8E3D-49C4-B5EE-7BBB6B88ED9B}.Release|x86.Build.0 = Release|Any CPU
		{D873F86D-7F1D-4338-9F0D-7E84EC5E0141}.Debug|Any CPU.ActiveCfg = Debug|Any CPU
		{D873F86D-7F1D-4338-9F0D-7E84EC5E0141}.Debug|Any CPU.Build.0 = Debug|Any CPU
		{D873F86D-7F1D-4338-9F0D-7E84EC5E0141}.Debug|arm64.ActiveCfg = Debug|Any CPU
		{D873F86D-7F1D-4338-9F0D-7E84EC5E0141}.Debug|arm64.Build.0 = Debug|Any CPU
		{D873F86D-7F1D-4338-9F0D-7E84EC5E0141}.Debug|x64.ActiveCfg = Debug|Any CPU
		{D873F86D-7F1D-4338-9F0D-7E84EC5E0141}.Debug|x64.Build.0 = Debug|Any CPU
		{D873F86D-7F1D-4338-9F0D-7E84EC5E0141}.Debug|x86.ActiveCfg = Debug|Any CPU
		{D873F86D-7F1D-4338-9F0D-7E84EC5E0141}.Debug|x86.Build.0 = Debug|Any CPU
		{D873F86D-7F1D-4338-9F0D-7E84EC5E0141}.Release|Any CPU.ActiveCfg = Release|Any CPU
		{D873F86D-7F1D-4338-9F0D-7E84EC5E0141}.Release|Any CPU.Build.0 = Release|Any CPU
		{D873F86D-7F1D-4338-9F0D-7E84EC5E0141}.Release|arm64.ActiveCfg = Release|Any CPU
		{D873F86D-7F1D-4338-9F0D-7E84EC5E0141}.Release|arm64.Build.0 = Release|Any CPU
		{D873F86D-7F1D-4338-9F0D-7E84EC5E0141}.Release|x64.ActiveCfg = Release|Any CPU
		{D873F86D-7F1D-4338-9F0D-7E84EC5E0141}.Release|x64.Build.0 = Release|Any CPU
		{D873F86D-7F1D-4338-9F0D-7E84EC5E0141}.Release|x86.ActiveCfg = Release|Any CPU
		{D873F86D-7F1D-4338-9F0D-7E84EC5E0141}.Release|x86.Build.0 = Release|Any CPU
		{8905EB0B-1CA7-48AE-BA37-50A46B6D5621}.Debug|Any CPU.ActiveCfg = Debug|Any CPU
		{8905EB0B-1CA7-48AE-BA37-50A46B6D5621}.Debug|Any CPU.Build.0 = Debug|Any CPU
		{8905EB0B-1CA7-48AE-BA37-50A46B6D5621}.Debug|arm64.ActiveCfg = Debug|Any CPU
		{8905EB0B-1CA7-48AE-BA37-50A46B6D5621}.Debug|arm64.Build.0 = Debug|Any CPU
		{8905EB0B-1CA7-48AE-BA37-50A46B6D5621}.Debug|x64.ActiveCfg = Debug|Any CPU
		{8905EB0B-1CA7-48AE-BA37-50A46B6D5621}.Debug|x64.Build.0 = Debug|Any CPU
		{8905EB0B-1CA7-48AE-BA37-50A46B6D5621}.Debug|x86.ActiveCfg = Debug|Any CPU
		{8905EB0B-1CA7-48AE-BA37-50A46B6D5621}.Debug|x86.Build.0 = Debug|Any CPU
		{8905EB0B-1CA7-48AE-BA37-50A46B6D5621}.Release|Any CPU.ActiveCfg = Release|Any CPU
		{8905EB0B-1CA7-48AE-BA37-50A46B6D5621}.Release|Any CPU.Build.0 = Release|Any CPU
		{8905EB0B-1CA7-48AE-BA37-50A46B6D5621}.Release|arm64.ActiveCfg = Release|Any CPU
		{8905EB0B-1CA7-48AE-BA37-50A46B6D5621}.Release|arm64.Build.0 = Release|Any CPU
		{8905EB0B-1CA7-48AE-BA37-50A46B6D5621}.Release|x64.ActiveCfg = Release|Any CPU
		{8905EB0B-1CA7-48AE-BA37-50A46B6D5621}.Release|x64.Build.0 = Release|Any CPU
		{8905EB0B-1CA7-48AE-BA37-50A46B6D5621}.Release|x86.ActiveCfg = Release|Any CPU
		{8905EB0B-1CA7-48AE-BA37-50A46B6D5621}.Release|x86.Build.0 = Release|Any CPU
		{B3728F5F-49D4-43A2-8BBD-57BA7A713410}.Debug|Any CPU.ActiveCfg = Debug|Any CPU
		{B3728F5F-49D4-43A2-8BBD-57BA7A713410}.Debug|Any CPU.Build.0 = Debug|Any CPU
		{B3728F5F-49D4-43A2-8BBD-57BA7A713410}.Debug|arm64.ActiveCfg = Debug|Any CPU
		{B3728F5F-49D4-43A2-8BBD-57BA7A713410}.Debug|arm64.Build.0 = Debug|Any CPU
		{B3728F5F-49D4-43A2-8BBD-57BA7A713410}.Debug|x64.ActiveCfg = Debug|Any CPU
		{B3728F5F-49D4-43A2-8BBD-57BA7A713410}.Debug|x64.Build.0 = Debug|Any CPU
		{B3728F5F-49D4-43A2-8BBD-57BA7A713410}.Debug|x86.ActiveCfg = Debug|Any CPU
		{B3728F5F-49D4-43A2-8BBD-57BA7A713410}.Debug|x86.Build.0 = Debug|Any CPU
		{B3728F5F-49D4-43A2-8BBD-57BA7A713410}.Release|Any CPU.ActiveCfg = Release|Any CPU
		{B3728F5F-49D4-43A2-8BBD-57BA7A713410}.Release|Any CPU.Build.0 = Release|Any CPU
		{B3728F5F-49D4-43A2-8BBD-57BA7A713410}.Release|arm64.ActiveCfg = Release|Any CPU
		{B3728F5F-49D4-43A2-8BBD-57BA7A713410}.Release|arm64.Build.0 = Release|Any CPU
		{B3728F5F-49D4-43A2-8BBD-57BA7A713410}.Release|x64.ActiveCfg = Release|Any CPU
		{B3728F5F-49D4-43A2-8BBD-57BA7A713410}.Release|x64.Build.0 = Release|Any CPU
		{B3728F5F-49D4-43A2-8BBD-57BA7A713410}.Release|x86.ActiveCfg = Release|Any CPU
		{B3728F5F-49D4-43A2-8BBD-57BA7A713410}.Release|x86.Build.0 = Release|Any CPU
		{2E7BA19E-8585-48A4-BC21-143A3D5DFAAF}.Debug|Any CPU.ActiveCfg = Debug|Any CPU
		{2E7BA19E-8585-48A4-BC21-143A3D5DFAAF}.Debug|Any CPU.Build.0 = Debug|Any CPU
		{2E7BA19E-8585-48A4-BC21-143A3D5DFAAF}.Debug|arm64.ActiveCfg = Debug|Any CPU
		{2E7BA19E-8585-48A4-BC21-143A3D5DFAAF}.Debug|arm64.Build.0 = Debug|Any CPU
		{2E7BA19E-8585-48A4-BC21-143A3D5DFAAF}.Debug|x64.ActiveCfg = Debug|Any CPU
		{2E7BA19E-8585-48A4-BC21-143A3D5DFAAF}.Debug|x64.Build.0 = Debug|Any CPU
		{2E7BA19E-8585-48A4-BC21-143A3D5DFAAF}.Debug|x86.ActiveCfg = Debug|Any CPU
		{2E7BA19E-8585-48A4-BC21-143A3D5DFAAF}.Debug|x86.Build.0 = Debug|Any CPU
		{2E7BA19E-8585-48A4-BC21-143A3D5DFAAF}.Release|Any CPU.ActiveCfg = Release|Any CPU
		{2E7BA19E-8585-48A4-BC21-143A3D5DFAAF}.Release|Any CPU.Build.0 = Release|Any CPU
		{2E7BA19E-8585-48A4-BC21-143A3D5DFAAF}.Release|arm64.ActiveCfg = Release|Any CPU
		{2E7BA19E-8585-48A4-BC21-143A3D5DFAAF}.Release|arm64.Build.0 = Release|Any CPU
		{2E7BA19E-8585-48A4-BC21-143A3D5DFAAF}.Release|x64.ActiveCfg = Release|Any CPU
		{2E7BA19E-8585-48A4-BC21-143A3D5DFAAF}.Release|x64.Build.0 = Release|Any CPU
		{2E7BA19E-8585-48A4-BC21-143A3D5DFAAF}.Release|x86.ActiveCfg = Release|Any CPU
		{2E7BA19E-8585-48A4-BC21-143A3D5DFAAF}.Release|x86.Build.0 = Release|Any CPU
		{DA4415BF-5B7B-41D6-91B2-36ED477E41D6}.Debug|Any CPU.ActiveCfg = Debug|Any CPU
		{DA4415BF-5B7B-41D6-91B2-36ED477E41D6}.Debug|Any CPU.Build.0 = Debug|Any CPU
		{DA4415BF-5B7B-41D6-91B2-36ED477E41D6}.Debug|arm64.ActiveCfg = Debug|Any CPU
		{DA4415BF-5B7B-41D6-91B2-36ED477E41D6}.Debug|arm64.Build.0 = Debug|Any CPU
		{DA4415BF-5B7B-41D6-91B2-36ED477E41D6}.Debug|x64.ActiveCfg = Debug|Any CPU
		{DA4415BF-5B7B-41D6-91B2-36ED477E41D6}.Debug|x64.Build.0 = Debug|Any CPU
		{DA4415BF-5B7B-41D6-91B2-36ED477E41D6}.Debug|x86.ActiveCfg = Debug|Any CPU
		{DA4415BF-5B7B-41D6-91B2-36ED477E41D6}.Debug|x86.Build.0 = Debug|Any CPU
		{DA4415BF-5B7B-41D6-91B2-36ED477E41D6}.Release|Any CPU.ActiveCfg = Release|Any CPU
		{DA4415BF-5B7B-41D6-91B2-36ED477E41D6}.Release|Any CPU.Build.0 = Release|Any CPU
		{DA4415BF-5B7B-41D6-91B2-36ED477E41D6}.Release|arm64.ActiveCfg = Release|Any CPU
		{DA4415BF-5B7B-41D6-91B2-36ED477E41D6}.Release|arm64.Build.0 = Release|Any CPU
		{DA4415BF-5B7B-41D6-91B2-36ED477E41D6}.Release|x64.ActiveCfg = Release|Any CPU
		{DA4415BF-5B7B-41D6-91B2-36ED477E41D6}.Release|x64.Build.0 = Release|Any CPU
		{DA4415BF-5B7B-41D6-91B2-36ED477E41D6}.Release|x86.ActiveCfg = Release|Any CPU
		{DA4415BF-5B7B-41D6-91B2-36ED477E41D6}.Release|x86.Build.0 = Release|Any CPU
		{742C1BA4-625E-4602-BD2A-A0A70AF40AFD}.Debug|Any CPU.ActiveCfg = Debug|Any CPU
		{742C1BA4-625E-4602-BD2A-A0A70AF40AFD}.Debug|Any CPU.Build.0 = Debug|Any CPU
		{742C1BA4-625E-4602-BD2A-A0A70AF40AFD}.Debug|arm64.ActiveCfg = Debug|Any CPU
		{742C1BA4-625E-4602-BD2A-A0A70AF40AFD}.Debug|arm64.Build.0 = Debug|Any CPU
		{742C1BA4-625E-4602-BD2A-A0A70AF40AFD}.Debug|x64.ActiveCfg = Debug|Any CPU
		{742C1BA4-625E-4602-BD2A-A0A70AF40AFD}.Debug|x64.Build.0 = Debug|Any CPU
		{742C1BA4-625E-4602-BD2A-A0A70AF40AFD}.Debug|x86.ActiveCfg = Debug|Any CPU
		{742C1BA4-625E-4602-BD2A-A0A70AF40AFD}.Debug|x86.Build.0 = Debug|Any CPU
		{742C1BA4-625E-4602-BD2A-A0A70AF40AFD}.Release|Any CPU.ActiveCfg = Release|Any CPU
		{742C1BA4-625E-4602-BD2A-A0A70AF40AFD}.Release|Any CPU.Build.0 = Release|Any CPU
		{742C1BA4-625E-4602-BD2A-A0A70AF40AFD}.Release|arm64.ActiveCfg = Release|Any CPU
		{742C1BA4-625E-4602-BD2A-A0A70AF40AFD}.Release|arm64.Build.0 = Release|Any CPU
		{742C1BA4-625E-4602-BD2A-A0A70AF40AFD}.Release|x64.ActiveCfg = Release|Any CPU
		{742C1BA4-625E-4602-BD2A-A0A70AF40AFD}.Release|x64.Build.0 = Release|Any CPU
		{742C1BA4-625E-4602-BD2A-A0A70AF40AFD}.Release|x86.ActiveCfg = Release|Any CPU
		{742C1BA4-625E-4602-BD2A-A0A70AF40AFD}.Release|x86.Build.0 = Release|Any CPU
		{0EFD4217-8847-4991-8099-A003584EDEF5}.Debug|Any CPU.ActiveCfg = Debug|Any CPU
		{0EFD4217-8847-4991-8099-A003584EDEF5}.Debug|Any CPU.Build.0 = Debug|Any CPU
		{0EFD4217-8847-4991-8099-A003584EDEF5}.Debug|arm64.ActiveCfg = Debug|Any CPU
		{0EFD4217-8847-4991-8099-A003584EDEF5}.Debug|arm64.Build.0 = Debug|Any CPU
		{0EFD4217-8847-4991-8099-A003584EDEF5}.Debug|x64.ActiveCfg = Debug|Any CPU
		{0EFD4217-8847-4991-8099-A003584EDEF5}.Debug|x64.Build.0 = Debug|Any CPU
		{0EFD4217-8847-4991-8099-A003584EDEF5}.Debug|x86.ActiveCfg = Debug|Any CPU
		{0EFD4217-8847-4991-8099-A003584EDEF5}.Debug|x86.Build.0 = Debug|Any CPU
		{0EFD4217-8847-4991-8099-A003584EDEF5}.Release|Any CPU.ActiveCfg = Release|Any CPU
		{0EFD4217-8847-4991-8099-A003584EDEF5}.Release|Any CPU.Build.0 = Release|Any CPU
		{0EFD4217-8847-4991-8099-A003584EDEF5}.Release|arm64.ActiveCfg = Release|Any CPU
		{0EFD4217-8847-4991-8099-A003584EDEF5}.Release|arm64.Build.0 = Release|Any CPU
		{0EFD4217-8847-4991-8099-A003584EDEF5}.Release|x64.ActiveCfg = Release|Any CPU
		{0EFD4217-8847-4991-8099-A003584EDEF5}.Release|x64.Build.0 = Release|Any CPU
		{0EFD4217-8847-4991-8099-A003584EDEF5}.Release|x86.ActiveCfg = Release|Any CPU
		{0EFD4217-8847-4991-8099-A003584EDEF5}.Release|x86.Build.0 = Release|Any CPU
		{84B66A7F-E8DE-4730-9BDA-C02C1EA1A596}.Debug|Any CPU.ActiveCfg = Debug|Any CPU
		{84B66A7F-E8DE-4730-9BDA-C02C1EA1A596}.Debug|Any CPU.Build.0 = Debug|Any CPU
		{84B66A7F-E8DE-4730-9BDA-C02C1EA1A596}.Debug|arm64.ActiveCfg = Debug|Any CPU
		{84B66A7F-E8DE-4730-9BDA-C02C1EA1A596}.Debug|arm64.Build.0 = Debug|Any CPU
		{84B66A7F-E8DE-4730-9BDA-C02C1EA1A596}.Debug|x64.ActiveCfg = Debug|Any CPU
		{84B66A7F-E8DE-4730-9BDA-C02C1EA1A596}.Debug|x64.Build.0 = Debug|Any CPU
		{84B66A7F-E8DE-4730-9BDA-C02C1EA1A596}.Debug|x86.ActiveCfg = Debug|Any CPU
		{84B66A7F-E8DE-4730-9BDA-C02C1EA1A596}.Debug|x86.Build.0 = Debug|Any CPU
		{84B66A7F-E8DE-4730-9BDA-C02C1EA1A596}.Release|Any CPU.ActiveCfg = Release|Any CPU
		{84B66A7F-E8DE-4730-9BDA-C02C1EA1A596}.Release|Any CPU.Build.0 = Release|Any CPU
		{84B66A7F-E8DE-4730-9BDA-C02C1EA1A596}.Release|arm64.ActiveCfg = Release|Any CPU
		{84B66A7F-E8DE-4730-9BDA-C02C1EA1A596}.Release|arm64.Build.0 = Release|Any CPU
		{84B66A7F-E8DE-4730-9BDA-C02C1EA1A596}.Release|x64.ActiveCfg = Release|Any CPU
		{84B66A7F-E8DE-4730-9BDA-C02C1EA1A596}.Release|x64.Build.0 = Release|Any CPU
		{84B66A7F-E8DE-4730-9BDA-C02C1EA1A596}.Release|x86.ActiveCfg = Release|Any CPU
		{84B66A7F-E8DE-4730-9BDA-C02C1EA1A596}.Release|x86.Build.0 = Release|Any CPU
		{B344AB25-A37D-404D-A942-072FBCBDDA28}.Debug|Any CPU.ActiveCfg = Debug|Any CPU
		{B344AB25-A37D-404D-A942-072FBCBDDA28}.Debug|Any CPU.Build.0 = Debug|Any CPU
		{B344AB25-A37D-404D-A942-072FBCBDDA28}.Debug|arm64.ActiveCfg = Debug|Any CPU
		{B344AB25-A37D-404D-A942-072FBCBDDA28}.Debug|arm64.Build.0 = Debug|Any CPU
		{B344AB25-A37D-404D-A942-072FBCBDDA28}.Debug|x64.ActiveCfg = Debug|Any CPU
		{B344AB25-A37D-404D-A942-072FBCBDDA28}.Debug|x64.Build.0 = Debug|Any CPU
		{B344AB25-A37D-404D-A942-072FBCBDDA28}.Debug|x86.ActiveCfg = Debug|Any CPU
		{B344AB25-A37D-404D-A942-072FBCBDDA28}.Debug|x86.Build.0 = Debug|Any CPU
		{B344AB25-A37D-404D-A942-072FBCBDDA28}.Release|Any CPU.ActiveCfg = Release|Any CPU
		{B344AB25-A37D-404D-A942-072FBCBDDA28}.Release|Any CPU.Build.0 = Release|Any CPU
		{B344AB25-A37D-404D-A942-072FBCBDDA28}.Release|arm64.ActiveCfg = Release|Any CPU
		{B344AB25-A37D-404D-A942-072FBCBDDA28}.Release|arm64.Build.0 = Release|Any CPU
		{B344AB25-A37D-404D-A942-072FBCBDDA28}.Release|x64.ActiveCfg = Release|Any CPU
		{B344AB25-A37D-404D-A942-072FBCBDDA28}.Release|x64.Build.0 = Release|Any CPU
		{B344AB25-A37D-404D-A942-072FBCBDDA28}.Release|x86.ActiveCfg = Release|Any CPU
		{B344AB25-A37D-404D-A942-072FBCBDDA28}.Release|x86.Build.0 = Release|Any CPU
		{6C822156-C053-459A-A027-575553956571}.Debug|Any CPU.ActiveCfg = Debug|Any CPU
		{6C822156-C053-459A-A027-575553956571}.Debug|Any CPU.Build.0 = Debug|Any CPU
		{6C822156-C053-459A-A027-575553956571}.Debug|arm64.ActiveCfg = Debug|Any CPU
		{6C822156-C053-459A-A027-575553956571}.Debug|arm64.Build.0 = Debug|Any CPU
		{6C822156-C053-459A-A027-575553956571}.Debug|x64.ActiveCfg = Debug|Any CPU
		{6C822156-C053-459A-A027-575553956571}.Debug|x64.Build.0 = Debug|Any CPU
		{6C822156-C053-459A-A027-575553956571}.Debug|x86.ActiveCfg = Debug|Any CPU
		{6C822156-C053-459A-A027-575553956571}.Debug|x86.Build.0 = Debug|Any CPU
		{6C822156-C053-459A-A027-575553956571}.Release|Any CPU.ActiveCfg = Release|Any CPU
		{6C822156-C053-459A-A027-575553956571}.Release|Any CPU.Build.0 = Release|Any CPU
		{6C822156-C053-459A-A027-575553956571}.Release|arm64.ActiveCfg = Release|Any CPU
		{6C822156-C053-459A-A027-575553956571}.Release|arm64.Build.0 = Release|Any CPU
		{6C822156-C053-459A-A027-575553956571}.Release|x64.ActiveCfg = Release|Any CPU
		{6C822156-C053-459A-A027-575553956571}.Release|x64.Build.0 = Release|Any CPU
		{6C822156-C053-459A-A027-575553956571}.Release|x86.ActiveCfg = Release|Any CPU
		{6C822156-C053-459A-A027-575553956571}.Release|x86.Build.0 = Release|Any CPU
		{2880B96D-C8D3-408B-8EDA-51EBA7BDDCAE}.Debug|Any CPU.ActiveCfg = Debug|Any CPU
		{2880B96D-C8D3-408B-8EDA-51EBA7BDDCAE}.Debug|Any CPU.Build.0 = Debug|Any CPU
		{2880B96D-C8D3-408B-8EDA-51EBA7BDDCAE}.Debug|arm64.ActiveCfg = Debug|Any CPU
		{2880B96D-C8D3-408B-8EDA-51EBA7BDDCAE}.Debug|arm64.Build.0 = Debug|Any CPU
		{2880B96D-C8D3-408B-8EDA-51EBA7BDDCAE}.Debug|x64.ActiveCfg = Debug|Any CPU
		{2880B96D-C8D3-408B-8EDA-51EBA7BDDCAE}.Debug|x64.Build.0 = Debug|Any CPU
		{2880B96D-C8D3-408B-8EDA-51EBA7BDDCAE}.Debug|x86.ActiveCfg = Debug|Any CPU
		{2880B96D-C8D3-408B-8EDA-51EBA7BDDCAE}.Debug|x86.Build.0 = Debug|Any CPU
		{2880B96D-C8D3-408B-8EDA-51EBA7BDDCAE}.Release|Any CPU.ActiveCfg = Release|Any CPU
		{2880B96D-C8D3-408B-8EDA-51EBA7BDDCAE}.Release|Any CPU.Build.0 = Release|Any CPU
		{2880B96D-C8D3-408B-8EDA-51EBA7BDDCAE}.Release|arm64.ActiveCfg = Release|Any CPU
		{2880B96D-C8D3-408B-8EDA-51EBA7BDDCAE}.Release|arm64.Build.0 = Release|Any CPU
		{2880B96D-C8D3-408B-8EDA-51EBA7BDDCAE}.Release|x64.ActiveCfg = Release|Any CPU
		{2880B96D-C8D3-408B-8EDA-51EBA7BDDCAE}.Release|x64.Build.0 = Release|Any CPU
		{2880B96D-C8D3-408B-8EDA-51EBA7BDDCAE}.Release|x86.ActiveCfg = Release|Any CPU
		{2880B96D-C8D3-408B-8EDA-51EBA7BDDCAE}.Release|x86.Build.0 = Release|Any CPU
		{49FEB5D8-F936-441A-AA8D-8D4A985A9247}.Debug|Any CPU.ActiveCfg = Debug|Any CPU
		{49FEB5D8-F936-441A-AA8D-8D4A985A9247}.Debug|Any CPU.Build.0 = Debug|Any CPU
		{49FEB5D8-F936-441A-AA8D-8D4A985A9247}.Debug|arm64.ActiveCfg = Debug|Any CPU
		{49FEB5D8-F936-441A-AA8D-8D4A985A9247}.Debug|arm64.Build.0 = Debug|Any CPU
		{49FEB5D8-F936-441A-AA8D-8D4A985A9247}.Debug|x64.ActiveCfg = Debug|Any CPU
		{49FEB5D8-F936-441A-AA8D-8D4A985A9247}.Debug|x64.Build.0 = Debug|Any CPU
		{49FEB5D8-F936-441A-AA8D-8D4A985A9247}.Debug|x86.ActiveCfg = Debug|Any CPU
		{49FEB5D8-F936-441A-AA8D-8D4A985A9247}.Debug|x86.Build.0 = Debug|Any CPU
		{49FEB5D8-F936-441A-AA8D-8D4A985A9247}.Release|Any CPU.ActiveCfg = Release|Any CPU
		{49FEB5D8-F936-441A-AA8D-8D4A985A9247}.Release|Any CPU.Build.0 = Release|Any CPU
		{49FEB5D8-F936-441A-AA8D-8D4A985A9247}.Release|arm64.ActiveCfg = Release|Any CPU
		{49FEB5D8-F936-441A-AA8D-8D4A985A9247}.Release|arm64.Build.0 = Release|Any CPU
		{49FEB5D8-F936-441A-AA8D-8D4A985A9247}.Release|x64.ActiveCfg = Release|Any CPU
		{49FEB5D8-F936-441A-AA8D-8D4A985A9247}.Release|x64.Build.0 = Release|Any CPU
		{49FEB5D8-F936-441A-AA8D-8D4A985A9247}.Release|x86.ActiveCfg = Release|Any CPU
		{49FEB5D8-F936-441A-AA8D-8D4A985A9247}.Release|x86.Build.0 = Release|Any CPU
		{AC7A26F2-14E9-4ABF-BCB9-489209C9868B}.Debug|Any CPU.ActiveCfg = Debug|Any CPU
		{AC7A26F2-14E9-4ABF-BCB9-489209C9868B}.Debug|Any CPU.Build.0 = Debug|Any CPU
		{AC7A26F2-14E9-4ABF-BCB9-489209C9868B}.Debug|arm64.ActiveCfg = Debug|Any CPU
		{AC7A26F2-14E9-4ABF-BCB9-489209C9868B}.Debug|arm64.Build.0 = Debug|Any CPU
		{AC7A26F2-14E9-4ABF-BCB9-489209C9868B}.Debug|x64.ActiveCfg = Debug|Any CPU
		{AC7A26F2-14E9-4ABF-BCB9-489209C9868B}.Debug|x64.Build.0 = Debug|Any CPU
		{AC7A26F2-14E9-4ABF-BCB9-489209C9868B}.Debug|x86.ActiveCfg = Debug|Any CPU
		{AC7A26F2-14E9-4ABF-BCB9-489209C9868B}.Debug|x86.Build.0 = Debug|Any CPU
		{AC7A26F2-14E9-4ABF-BCB9-489209C9868B}.Release|Any CPU.ActiveCfg = Release|Any CPU
		{AC7A26F2-14E9-4ABF-BCB9-489209C9868B}.Release|Any CPU.Build.0 = Release|Any CPU
		{AC7A26F2-14E9-4ABF-BCB9-489209C9868B}.Release|arm64.ActiveCfg = Release|Any CPU
		{AC7A26F2-14E9-4ABF-BCB9-489209C9868B}.Release|arm64.Build.0 = Release|Any CPU
		{AC7A26F2-14E9-4ABF-BCB9-489209C9868B}.Release|x64.ActiveCfg = Release|Any CPU
		{AC7A26F2-14E9-4ABF-BCB9-489209C9868B}.Release|x64.Build.0 = Release|Any CPU
		{AC7A26F2-14E9-4ABF-BCB9-489209C9868B}.Release|x86.ActiveCfg = Release|Any CPU
		{AC7A26F2-14E9-4ABF-BCB9-489209C9868B}.Release|x86.Build.0 = Release|Any CPU
		{6E534D89-3289-4E5A-8604-5AAC3395FFA6}.Debug|Any CPU.ActiveCfg = Debug|Any CPU
		{6E534D89-3289-4E5A-8604-5AAC3395FFA6}.Debug|Any CPU.Build.0 = Debug|Any CPU
		{6E534D89-3289-4E5A-8604-5AAC3395FFA6}.Debug|arm64.ActiveCfg = Debug|Any CPU
		{6E534D89-3289-4E5A-8604-5AAC3395FFA6}.Debug|arm64.Build.0 = Debug|Any CPU
		{6E534D89-3289-4E5A-8604-5AAC3395FFA6}.Debug|x64.ActiveCfg = Debug|Any CPU
		{6E534D89-3289-4E5A-8604-5AAC3395FFA6}.Debug|x64.Build.0 = Debug|Any CPU
		{6E534D89-3289-4E5A-8604-5AAC3395FFA6}.Debug|x86.ActiveCfg = Debug|Any CPU
		{6E534D89-3289-4E5A-8604-5AAC3395FFA6}.Debug|x86.Build.0 = Debug|Any CPU
		{6E534D89-3289-4E5A-8604-5AAC3395FFA6}.Release|Any CPU.ActiveCfg = Release|Any CPU
		{6E534D89-3289-4E5A-8604-5AAC3395FFA6}.Release|Any CPU.Build.0 = Release|Any CPU
		{6E534D89-3289-4E5A-8604-5AAC3395FFA6}.Release|arm64.ActiveCfg = Release|Any CPU
		{6E534D89-3289-4E5A-8604-5AAC3395FFA6}.Release|arm64.Build.0 = Release|Any CPU
		{6E534D89-3289-4E5A-8604-5AAC3395FFA6}.Release|x64.ActiveCfg = Release|Any CPU
		{6E534D89-3289-4E5A-8604-5AAC3395FFA6}.Release|x64.Build.0 = Release|Any CPU
		{6E534D89-3289-4E5A-8604-5AAC3395FFA6}.Release|x86.ActiveCfg = Release|Any CPU
		{6E534D89-3289-4E5A-8604-5AAC3395FFA6}.Release|x86.Build.0 = Release|Any CPU
		{9FF46469-CBDC-4846-A0A1-08806E3EA29A}.Debug|Any CPU.ActiveCfg = Debug|Any CPU
		{9FF46469-CBDC-4846-A0A1-08806E3EA29A}.Debug|Any CPU.Build.0 = Debug|Any CPU
		{9FF46469-CBDC-4846-A0A1-08806E3EA29A}.Debug|arm64.ActiveCfg = Debug|Any CPU
		{9FF46469-CBDC-4846-A0A1-08806E3EA29A}.Debug|arm64.Build.0 = Debug|Any CPU
		{9FF46469-CBDC-4846-A0A1-08806E3EA29A}.Debug|x64.ActiveCfg = Debug|Any CPU
		{9FF46469-CBDC-4846-A0A1-08806E3EA29A}.Debug|x64.Build.0 = Debug|Any CPU
		{9FF46469-CBDC-4846-A0A1-08806E3EA29A}.Debug|x86.ActiveCfg = Debug|Any CPU
		{9FF46469-CBDC-4846-A0A1-08806E3EA29A}.Debug|x86.Build.0 = Debug|Any CPU
		{9FF46469-CBDC-4846-A0A1-08806E3EA29A}.Release|Any CPU.ActiveCfg = Release|Any CPU
		{9FF46469-CBDC-4846-A0A1-08806E3EA29A}.Release|Any CPU.Build.0 = Release|Any CPU
		{9FF46469-CBDC-4846-A0A1-08806E3EA29A}.Release|arm64.ActiveCfg = Release|Any CPU
		{9FF46469-CBDC-4846-A0A1-08806E3EA29A}.Release|arm64.Build.0 = Release|Any CPU
		{9FF46469-CBDC-4846-A0A1-08806E3EA29A}.Release|x64.ActiveCfg = Release|Any CPU
		{9FF46469-CBDC-4846-A0A1-08806E3EA29A}.Release|x64.Build.0 = Release|Any CPU
		{9FF46469-CBDC-4846-A0A1-08806E3EA29A}.Release|x86.ActiveCfg = Release|Any CPU
		{9FF46469-CBDC-4846-A0A1-08806E3EA29A}.Release|x86.Build.0 = Release|Any CPU
	EndGlobalSection
	GlobalSection(SolutionProperties) = preSolution
		HideSolutionNode = FALSE
	EndGlobalSection
	GlobalSection(NestedProjects) = preSolution
		{11689861-BCC1-4F7B-B09F-34BE87A1A66B} = {F92E5311-13F4-4706-9403-3845C0A87CC1}
		{DC5BFD62-A0C6-4A13-A074-7AC9ED85F60D} = {F92E5311-13F4-4706-9403-3845C0A87CC1}
		{0F1C215C-DB15-4F7B-B97D-1DF769F8410D} = {11689861-BCC1-4F7B-B09F-34BE87A1A66B}
		{7735B4D8-AA47-41AE-95FD-485598043EC9} = {11689861-BCC1-4F7B-B09F-34BE87A1A66B}
		{5D6CDB02-CC03-4894-A309-09DE47967A36} = {11689861-BCC1-4F7B-B09F-34BE87A1A66B}
		{BB0BA901-54C8-430D-A5DB-EAFCC89EA3D8} = {B0FD6D02-A35A-4E0A-9AE0-8B512C33D7C1}
		{6B66B415-99BF-444B-B8A1-12412E1D4C12} = {BB0BA901-54C8-430D-A5DB-EAFCC89EA3D8}
		{29ED1150-56FF-487D-85DA-BB2763654C83} = {BB0BA901-54C8-430D-A5DB-EAFCC89EA3D8}
		{63A1D088-F8E1-48DA-93D2-72FBE7B4A459} = {BB0BA901-54C8-430D-A5DB-EAFCC89EA3D8}
		{05414BC5-EE81-480F-A9F6-40617F802EB4} = {BB0BA901-54C8-430D-A5DB-EAFCC89EA3D8}
		{B37F1E79-D818-4A35-8450-E42722E5E3EA} = {B0FD6D02-A35A-4E0A-9AE0-8B512C33D7C1}
		{0B9CE412-6F5F-4E24-8C9D-511827F21DE9} = {D0533806-92D6-4E95-95AE-4791DCA4D739}
		{F92E5311-13F4-4706-9403-3845C0A87CC1} = {D0533806-92D6-4E95-95AE-4791DCA4D739}
		{84F844EF-C567-4248-BF36-8DE784174DCE} = {D0533806-92D6-4E95-95AE-4791DCA4D739}
		{8D1A3F44-3D48-4A49-940F-9796E453452E} = {84F844EF-C567-4248-BF36-8DE784174DCE}
		{9525CD95-302B-418F-AF53-03AE84DDE849} = {CFD9188B-433B-462A-A261-A5DC116E9078}
		{C807BB03-8706-4872-BDDC-8B7E56408AB7} = {B37F1E79-D818-4A35-8450-E42722E5E3EA}
		{C5D050D1-6708-4F8A-A61E-AF738065A59A} = {B37F1E79-D818-4A35-8450-E42722E5E3EA}
		{E12F4A72-0C07-4493-92DF-1763AE6A99A3} = {B37F1E79-D818-4A35-8450-E42722E5E3EA}
		{54567DF2-BAF4-458F-9D2D-7FCDA92CF4AD} = {B37F1E79-D818-4A35-8450-E42722E5E3EA}
		{9AF80A96-8E3D-49C4-B5EE-7BBB6B88ED9B} = {B37F1E79-D818-4A35-8450-E42722E5E3EA}
		{D873F86D-7F1D-4338-9F0D-7E84EC5E0141} = {6243E01C-9969-4EDE-9B7C-29D1E5C5DAC8}
		{6243E01C-9969-4EDE-9B7C-29D1E5C5DAC8} = {B37F1E79-D818-4A35-8450-E42722E5E3EA}
		{8905EB0B-1CA7-48AE-BA37-50A46B6D5621} = {6243E01C-9969-4EDE-9B7C-29D1E5C5DAC8}
		{B3728F5F-49D4-43A2-8BBD-57BA7A713410} = {6243E01C-9969-4EDE-9B7C-29D1E5C5DAC8}
		{2E7BA19E-8585-48A4-BC21-143A3D5DFAAF} = {6243E01C-9969-4EDE-9B7C-29D1E5C5DAC8}
		{DA4415BF-5B7B-41D6-91B2-36ED477E41D6} = {6243E01C-9969-4EDE-9B7C-29D1E5C5DAC8}
		{742C1BA4-625E-4602-BD2A-A0A70AF40AFD} = {6243E01C-9969-4EDE-9B7C-29D1E5C5DAC8}
		{0EFD4217-8847-4991-8099-A003584EDEF5} = {6243E01C-9969-4EDE-9B7C-29D1E5C5DAC8}
		{84B66A7F-E8DE-4730-9BDA-C02C1EA1A596} = {6243E01C-9969-4EDE-9B7C-29D1E5C5DAC8}
		{B344AB25-A37D-404D-A942-072FBCBDDA28} = {6243E01C-9969-4EDE-9B7C-29D1E5C5DAC8}
		{6C822156-C053-459A-A027-575553956571} = {6243E01C-9969-4EDE-9B7C-29D1E5C5DAC8}
		{2880B96D-C8D3-408B-8EDA-51EBA7BDDCAE} = {6243E01C-9969-4EDE-9B7C-29D1E5C5DAC8}
		{49FEB5D8-F936-441A-AA8D-8D4A985A9247} = {B37F1E79-D818-4A35-8450-E42722E5E3EA}
		{AC7A26F2-14E9-4ABF-BCB9-489209C9868B} = {B37F1E79-D818-4A35-8450-E42722E5E3EA}
		{6E534D89-3289-4E5A-8604-5AAC3395FFA6} = {B37F1E79-D818-4A35-8450-E42722E5E3EA}
		{9FF46469-CBDC-4846-A0A1-08806E3EA29A} = {B37F1E79-D818-4A35-8450-E42722E5E3EA}
		{7722768E-1C27-409B-AB06-B705776F1C48} = {CFD9188B-433B-462A-A261-A5DC116E9078}
	EndGlobalSection
	GlobalSection(ExtensibilityGlobals) = postSolution
		SolutionGuid = {83498F0C-015F-44E4-9E7E-813DAD113571}
	EndGlobalSection
	GlobalSection(SharedMSBuildProjectFiles) = preSolution
		..\..\submodules\Framework.Uno\src\Framework.Base\Framework.UnoNative.Shared\Framework.UnoNative.Shared.projitems*{05414bc5-ee81-480f-a9f6-40617f802eb4}*SharedItemsImports = 13
		..\ooeentwicklerfoundation\ooeentwickler.foundation.shared\ooeentwickler.foundation.shared.projitems*{0b9ce412-6f5f-4e24-8c9d-511827f21de9}*SharedItemsImports = 5
		..\ooeentwicklerfoundation\ooeentwickler.foundation.shared\ooeentwickler.foundation.shared.projitems*{7722768e-1c27-409b-ab06-b705776f1c48}*SharedItemsImports = 13
		..\..\submodules\Framework.Uno\src\Framework.Base\Framework.UnoNative.Shared\Framework.UnoNative.Shared.projitems*{dc5bfd62-a0c6-4a13-a074-7ac9ed85f60d}*SharedItemsImports = 5
	EndGlobalSection
EndGlobal
