
Microsoft Visual Studio Solution File, Format Version 12.00
# Visual Studio Version 17
VisualStudioVersion = 17.9.34526.213
MinimumVisualStudioVersion = 10.0.40219.1
Project("{2150E333-8FDC-42A3-9474-1A3956D46DE8}") = "Source", "Source", "{D0533806-92D6-4E95-95AE-4791DCA4D739}"
EndProject
Project("{2150E333-8FDC-42A3-9474-1A3956D46DE8}") = "Platforms", "Platforms", "{11689861-BCC1-4F7B-B09F-34BE87A1A66B}"
EndProject
Project("{9A19103F-16F7-4668-BE54-9A1E7A4F7556}") = "ooeentwickleruno", "ooeentwickleruno\ooeentwickleruno.csproj", "{DC5BFD62-A0C6-4A13-A074-7AC9ED85F60D}"
EndProject
Project("{9A19103F-16F7-4668-BE54-9A1E7A4F7556}") = "ooeentwickleruno.Shared", "ooeentwickleruno.Shared\ooeentwickleruno.Shared.csproj", "{0F1C215C-DB15-4F7B-B97D-1DF769F8410D}"
EndProject
Project("{9A19103F-16F7-4668-BE54-9A1E7A4F7556}") = "ooeentwickleruno.Wasm", "ooeentwickleruno.Wasm\ooeentwickleruno.Wasm.csproj", "{7735B4D8-AA47-41AE-95FD-485598043EC9}"
EndProject
Project("{9A19103F-16F7-4668-BE54-9A1E7A4F7556}") = "ooeentwickleruno.Skia.Wpf", "ooeentwickleruno.Skia.WPF\ooeentwickleruno.Skia.Wpf.csproj", "{5D6CDB02-CC03-4894-A309-09DE47967A36}"
EndProject
Project("{2150E333-8FDC-42A3-9474-1A3956D46DE8}") = "Solution Items", "Solution Items", "{24F8BB11-5594-4E44-9189-C575BDEAEC69}"
	ProjectSection(SolutionItems) = preProject
		.gitignore = .gitignore
		Directory.Build.props = Directory.Build.props
		Directory.Build.targets = Directory.Build.targets
		Directory.Packages.props = Directory.Packages.props
		solution-config.props.sample = solution-config.props.sample
	EndProjectSection
EndProject
Project("{2150E333-8FDC-42A3-9474-1A3956D46DE8}") = "Framework.Uno", "Framework.Uno", "{BB0BA901-54C8-430D-A5DB-EAFCC89EA3D8}"
EndProject
Project("{9A19103F-16F7-4668-BE54-9A1E7A4F7556}") = "Framework.ApiClient", "..\..\submodules\Framework.Uno\src\Framework.Base\Framework.ApiClient\Framework.ApiClient.csproj", "{6B66B415-99BF-444B-B8A1-12412E1D4C12}"
EndProject
Project("{9A19103F-16F7-4668-BE54-9A1E7A4F7556}") = "Framework.Mvvm", "..\..\submodules\Framework.Uno\src\Framework.Base\Framework.Mvvm\Framework.Mvvm.csproj", "{29ED1150-56FF-487D-85DA-BB2763654C83}"
EndProject
Project("{9A19103F-16F7-4668-BE54-9A1E7A4F7556}") = "Framework.Services", "..\..\submodules\Framework.Uno\src\Framework.Base\Framework.Services\Framework.Services.csproj", "{63A1D088-F8E1-48DA-93D2-72FBE7B4A459}"
EndProject
Project("{9A19103F-16F7-4668-BE54-9A1E7A4F7556}") = "Framework.UnoNative", "..\..\submodules\Framework.Uno\src\Framework.Base\Framework.Uno\Framework.UnoNative.csproj", "{E779BC6F-447E-417F-99CF-C51D6ED9FC49}"
EndProject
Project("{D954291E-2A0B-460D-934E-DC6B0785DB48}") = "Framework.UnoNative.Shared", "..\..\submodules\Framework.Uno\src\Framework.Base\Framework.UnoNative.Shared\Framework.UnoNative.Shared.shproj", "{05414BC5-EE81-480F-A9F6-40617F802EB4}"
EndProject
Project("{2150E333-8FDC-42A3-9474-1A3956D46DE8}") = "Submodules", "Submodules", "{B0FD6D02-A35A-4E0A-9AE0-8B512C33D7C1}"
EndProject
Project("{9A19103F-16F7-4668-BE54-9A1E7A4F7556}") = "Codelisk.GeneratorAttributes", "..\..\submodules\Framework.Uno\submodules\CodeGen\src\Common\Codelisk.GeneratorAttributes\Codelisk.GeneratorAttributes.csproj", "{15029A57-CF22-4024-BFC5-8CC0F92BFB35}"
EndProject
Project("{9A19103F-16F7-4668-BE54-9A1E7A4F7556}") = "Foundation", "..\..\submodules\Framework.Uno\submodules\CodeGen\src\Common\Foundation\Foundation.csproj", "{CFEA86F0-470D-4B5C-9F3A-615673A3E034}"
EndProject
Project("{9A19103F-16F7-4668-BE54-9A1E7A4F7556}") = "Shared", "..\..\submodules\Framework.Uno\submodules\CodeGen\src\Common\Shared\Shared.csproj", "{F47A3BE7-4ED6-438A-9611-331049310914}"
EndProject
Project("{9A19103F-16F7-4668-BE54-9A1E7A4F7556}") = "Foundation.Crawler", "..\..\submodules\Framework.Uno\submodules\CodeGen\src\GeneratorHelper\Foundation.Crawler\Foundation.Crawler.csproj", "{2EECC69B-B2C2-4D31-95A9-53E5C6876E61}"
EndProject
Project("{9A19103F-16F7-4668-BE54-9A1E7A4F7556}") = "Generators.Base", "..\..\submodules\Framework.Uno\submodules\CodeGen\src\GeneratorHelper\Generators.Base\Generators.Base.csproj", "{A923B297-A478-442C-838C-C80076A673E1}"
EndProject
Project("{9A19103F-16F7-4668-BE54-9A1E7A4F7556}") = "Api.Generator", "..\..\submodules\Framework.Uno\submodules\CodeGen\src\Generators\Api\Api.Generator\Api.Generator.csproj", "{7118FC69-B0AC-4304-A3D7-5ABB829CA0FD}"
EndProject
Project("{9A19103F-16F7-4668-BE54-9A1E7A4F7556}") = "Codelisk.Api.RefitApis.Generator", "..\..\submodules\Framework.Uno\submodules\CodeGen\src\Generators\Api\Codelisk.Api.RefitApis.Generator\Codelisk.Api.RefitApis.Generator.csproj", "{CA947155-E6E8-4B27-A207-069CD5CE1A1A}"
EndProject
Project("{9A19103F-16F7-4668-BE54-9A1E7A4F7556}") = "Codelisk.Foundation.Generator", "..\..\submodules\Framework.Uno\submodules\CodeGen\src\Generators\Foundation\Codelisk.Foundation.Generator\Codelisk.Foundation.Generator.csproj", "{8E6D2847-EB20-461F-9E75-44E9C89BA3E9}"
EndProject
Project("{9A19103F-16F7-4668-BE54-9A1E7A4F7556}") = "Codelisk.Controller.Generator", "..\..\submodules\Framework.Uno\submodules\CodeGen\src\Generators\Web\Codelisk.Controller.Generator\Codelisk.Controller.Generator.csproj", "{8A502208-3510-47AF-9CDF-FCFBC45B3FAE}"
EndProject
Project("{9A19103F-16F7-4668-BE54-9A1E7A4F7556}") = "WebAutoMapperProfile.Generator", "..\..\submodules\Framework.Uno\submodules\CodeGen\src\Generators\Web\WebAutoMapperProfile.Generator\WebAutoMapperProfile.Generator.csproj", "{01ED6458-A10A-4A91-8C18-52AF02273946}"
EndProject
Project("{9A19103F-16F7-4668-BE54-9A1E7A4F7556}") = "WebDbContext.Generator", "..\..\submodules\Framework.Uno\submodules\CodeGen\src\Generators\Web\WebDbContext.Generator\WebDbContext.Generator.csproj", "{9DEA8380-5A4C-4E08-9947-3497645BA985}"
EndProject
Project("{9A19103F-16F7-4668-BE54-9A1E7A4F7556}") = "WebGenerator.Base", "..\..\submodules\Framework.Uno\submodules\CodeGen\src\Generators\Web\WebGenerator.Base\WebGenerator.Base.csproj", "{78A41336-F616-4B90-97B9-DA0D8297E379}"
EndProject
Project("{9A19103F-16F7-4668-BE54-9A1E7A4F7556}") = "WebManager.Contract.Generator", "..\..\submodules\Framework.Uno\submodules\CodeGen\src\Generators\Web\WebManager.Contract.Generator\WebManager.Contract.Generator.csproj", "{1A409231-F716-4A31-B7C4-B43D0F2E0DF3}"
EndProject
Project("{9A19103F-16F7-4668-BE54-9A1E7A4F7556}") = "WebManager.Generator", "..\..\submodules\Framework.Uno\submodules\CodeGen\src\Generators\Web\WebManager.Generator\WebManager.Generator.csproj", "{195BC490-E9D9-4D7F-86FB-F4A292593E90}"
EndProject
Project("{9A19103F-16F7-4668-BE54-9A1E7A4F7556}") = "WebRepositories.Contract.Generator", "..\..\submodules\Framework.Uno\submodules\CodeGen\src\Generators\Web\WebRepositories.Contract.Generator\WebRepositories.Contract.Generator.csproj", "{9A9FA152-C346-402E-94FE-F3D435AEDA19}"
EndProject
Project("{9A19103F-16F7-4668-BE54-9A1E7A4F7556}") = "WebRepositories.Generator", "..\..\submodules\Framework.Uno\submodules\CodeGen\src\Generators\Web\WebRepositories.Generator\WebRepositories.Generator.csproj", "{F74BE489-7A80-48BB-B2CE-F69FD11311E6}"
EndProject
Project("{9A19103F-16F7-4668-BE54-9A1E7A4F7556}") = "Codelisk.AutoFilterer", "..\..\submodules\Framework.Uno\submodules\CodeGen\src\Submodules\AutoFilterer\src\AutoFilterer\Codelisk.AutoFilterer.csproj", "{BAB2D85F-0AE4-4FB0-9B4D-CD05E8E53356}"
EndProject
Project("{9A19103F-16F7-4668-BE54-9A1E7A4F7556}") = "Codelisk.AutoFilterer.Generators", "..\..\submodules\Framework.Uno\submodules\CodeGen\src\Submodules\AutoFilterer\src\AutoFilterer.Generators\Codelisk.AutoFilterer.Generators.csproj", "{1F98E755-420F-4E3D-B9E0-C137976F77A0}"
EndProject
Project("{9A19103F-16F7-4668-BE54-9A1E7A4F7556}") = "Codelisk.AutoRegisterInject.Generator", "..\..\submodules\Framework.Uno\submodules\CodeGen\src\Submodules\AutoRegisterInject\src\AutoRegisterInject\Codelisk.AutoRegisterInject.Generator.csproj", "{5F7B17B4-E45B-4157-B902-B482B34FFA99}"
EndProject
Project("{2150E333-8FDC-42A3-9474-1A3956D46DE8}") = "CodeGen", "CodeGen", "{B37F1E79-D818-4A35-8450-E42722E5E3EA}"
EndProject
Global
	GlobalSection(SolutionConfigurationPlatforms) = preSolution
		Debug|Any CPU = Debug|Any CPU
		Debug|arm64 = Debug|arm64
		Debug|x64 = Debug|x64
		Debug|x86 = Debug|x86
		Release|Any CPU = Release|Any CPU
		Release|arm64 = Release|arm64
		Release|x64 = Release|x64
		Release|x86 = Release|x86
	EndGlobalSection
	GlobalSection(ProjectConfigurationPlatforms) = postSolution
		{DC5BFD62-A0C6-4A13-A074-7AC9ED85F60D}.Debug|Any CPU.ActiveCfg = Debug|Any CPU
		{DC5BFD62-A0C6-4A13-A074-7AC9ED85F60D}.Debug|Any CPU.Build.0 = Debug|Any CPU
		{DC5BFD62-A0C6-4A13-A074-7AC9ED85F60D}.Debug|arm64.ActiveCfg = Debug|Any CPU
		{DC5BFD62-A0C6-4A13-A074-7AC9ED85F60D}.Debug|arm64.Build.0 = Debug|Any CPU
		{DC5BFD62-A0C6-4A13-A074-7AC9ED85F60D}.Debug|x64.ActiveCfg = Debug|Any CPU
		{DC5BFD62-A0C6-4A13-A074-7AC9ED85F60D}.Debug|x64.Build.0 = Debug|Any CPU
		{DC5BFD62-A0C6-4A13-A074-7AC9ED85F60D}.Debug|x86.ActiveCfg = Debug|Any CPU
		{DC5BFD62-A0C6-4A13-A074-7AC9ED85F60D}.Debug|x86.Build.0 = Debug|Any CPU
		{DC5BFD62-A0C6-4A13-A074-7AC9ED85F60D}.Release|Any CPU.ActiveCfg = Release|Any CPU
		{DC5BFD62-A0C6-4A13-A074-7AC9ED85F60D}.Release|Any CPU.Build.0 = Release|Any CPU
		{DC5BFD62-A0C6-4A13-A074-7AC9ED85F60D}.Release|arm64.ActiveCfg = Release|Any CPU
		{DC5BFD62-A0C6-4A13-A074-7AC9ED85F60D}.Release|arm64.Build.0 = Release|Any CPU
		{DC5BFD62-A0C6-4A13-A074-7AC9ED85F60D}.Release|x64.ActiveCfg = Release|Any CPU
		{DC5BFD62-A0C6-4A13-A074-7AC9ED85F60D}.Release|x64.Build.0 = Release|Any CPU
		{DC5BFD62-A0C6-4A13-A074-7AC9ED85F60D}.Release|x86.ActiveCfg = Release|Any CPU
		{DC5BFD62-A0C6-4A13-A074-7AC9ED85F60D}.Release|x86.Build.0 = Release|Any CPU
		{0F1C215C-DB15-4F7B-B97D-1DF769F8410D}.Debug|Any CPU.ActiveCfg = Debug|Any CPU
		{0F1C215C-DB15-4F7B-B97D-1DF769F8410D}.Debug|Any CPU.Build.0 = Debug|Any CPU
		{0F1C215C-DB15-4F7B-B97D-1DF769F8410D}.Debug|arm64.ActiveCfg = Debug|Any CPU
		{0F1C215C-DB15-4F7B-B97D-1DF769F8410D}.Debug|arm64.Build.0 = Debug|Any CPU
		{0F1C215C-DB15-4F7B-B97D-1DF769F8410D}.Debug|x64.ActiveCfg = Debug|Any CPU
		{0F1C215C-DB15-4F7B-B97D-1DF769F8410D}.Debug|x64.Build.0 = Debug|Any CPU
		{0F1C215C-DB15-4F7B-B97D-1DF769F8410D}.Debug|x86.ActiveCfg = Debug|Any CPU
		{0F1C215C-DB15-4F7B-B97D-1DF769F8410D}.Debug|x86.Build.0 = Debug|Any CPU
		{0F1C215C-DB15-4F7B-B97D-1DF769F8410D}.Release|Any CPU.ActiveCfg = Release|Any CPU
		{0F1C215C-DB15-4F7B-B97D-1DF769F8410D}.Release|Any CPU.Build.0 = Release|Any CPU
		{0F1C215C-DB15-4F7B-B97D-1DF769F8410D}.Release|arm64.ActiveCfg = Release|Any CPU
		{0F1C215C-DB15-4F7B-B97D-1DF769F8410D}.Release|arm64.Build.0 = Release|Any CPU
		{0F1C215C-DB15-4F7B-B97D-1DF769F8410D}.Release|x64.ActiveCfg = Release|Any CPU
		{0F1C215C-DB15-4F7B-B97D-1DF769F8410D}.Release|x64.Build.0 = Release|Any CPU
		{0F1C215C-DB15-4F7B-B97D-1DF769F8410D}.Release|x86.ActiveCfg = Release|Any CPU
		{0F1C215C-DB15-4F7B-B97D-1DF769F8410D}.Release|x86.Build.0 = Release|Any CPU
		{7735B4D8-AA47-41AE-95FD-485598043EC9}.Debug|Any CPU.ActiveCfg = Debug|Any CPU
		{7735B4D8-AA47-41AE-95FD-485598043EC9}.Debug|Any CPU.Build.0 = Debug|Any CPU
		{7735B4D8-AA47-41AE-95FD-485598043EC9}.Debug|arm64.ActiveCfg = Debug|Any CPU
		{7735B4D8-AA47-41AE-95FD-485598043EC9}.Debug|arm64.Build.0 = Debug|Any CPU
		{7735B4D8-AA47-41AE-95FD-485598043EC9}.Debug|x64.ActiveCfg = Debug|Any CPU
		{7735B4D8-AA47-41AE-95FD-485598043EC9}.Debug|x64.Build.0 = Debug|Any CPU
		{7735B4D8-AA47-41AE-95FD-485598043EC9}.Debug|x86.ActiveCfg = Debug|Any CPU
		{7735B4D8-AA47-41AE-95FD-485598043EC9}.Debug|x86.Build.0 = Debug|Any CPU
		{7735B4D8-AA47-41AE-95FD-485598043EC9}.Release|Any CPU.ActiveCfg = Release|Any CPU
		{7735B4D8-AA47-41AE-95FD-485598043EC9}.Release|Any CPU.Build.0 = Release|Any CPU
		{7735B4D8-AA47-41AE-95FD-485598043EC9}.Release|arm64.ActiveCfg = Release|Any CPU
		{7735B4D8-AA47-41AE-95FD-485598043EC9}.Release|arm64.Build.0 = Release|Any CPU
		{7735B4D8-AA47-41AE-95FD-485598043EC9}.Release|x64.ActiveCfg = Release|Any CPU
		{7735B4D8-AA47-41AE-95FD-485598043EC9}.Release|x64.Build.0 = Release|Any CPU
		{7735B4D8-AA47-41AE-95FD-485598043EC9}.Release|x86.ActiveCfg = Release|Any CPU
		{7735B4D8-AA47-41AE-95FD-485598043EC9}.Release|x86.Build.0 = Release|Any CPU
		{5D6CDB02-CC03-4894-A309-09DE47967A36}.Debug|Any CPU.ActiveCfg = Debug|Any CPU
		{5D6CDB02-CC03-4894-A309-09DE47967A36}.Debug|Any CPU.Build.0 = Debug|Any CPU
		{5D6CDB02-CC03-4894-A309-09DE47967A36}.Debug|arm64.ActiveCfg = Debug|Any CPU
		{5D6CDB02-CC03-4894-A309-09DE47967A36}.Debug|arm64.Build.0 = Debug|Any CPU
		{5D6CDB02-CC03-4894-A309-09DE47967A36}.Debug|x64.ActiveCfg = Debug|Any CPU
		{5D6CDB02-CC03-4894-A309-09DE47967A36}.Debug|x64.Build.0 = Debug|Any CPU
		{5D6CDB02-CC03-4894-A309-09DE47967A36}.Debug|x86.ActiveCfg = Debug|Any CPU
		{5D6CDB02-CC03-4894-A309-09DE47967A36}.Debug|x86.Build.0 = Debug|Any CPU
		{5D6CDB02-CC03-4894-A309-09DE47967A36}.Release|Any CPU.ActiveCfg = Release|Any CPU
		{5D6CDB02-CC03-4894-A309-09DE47967A36}.Release|Any CPU.Build.0 = Release|Any CPU
		{5D6CDB02-CC03-4894-A309-09DE47967A36}.Release|arm64.ActiveCfg = Release|Any CPU
		{5D6CDB02-CC03-4894-A309-09DE47967A36}.Release|arm64.Build.0 = Release|Any CPU
		{5D6CDB02-CC03-4894-A309-09DE47967A36}.Release|x64.ActiveCfg = Release|Any CPU
		{5D6CDB02-CC03-4894-A309-09DE47967A36}.Release|x64.Build.0 = Release|Any CPU
		{5D6CDB02-CC03-4894-A309-09DE47967A36}.Release|x86.ActiveCfg = Release|Any CPU
		{5D6CDB02-CC03-4894-A309-09DE47967A36}.Release|x86.Build.0 = Release|Any CPU
		{6B66B415-99BF-444B-B8A1-12412E1D4C12}.Debug|Any CPU.ActiveCfg = Debug|Any CPU
		{6B66B415-99BF-444B-B8A1-12412E1D4C12}.Debug|Any CPU.Build.0 = Debug|Any CPU
		{6B66B415-99BF-444B-B8A1-12412E1D4C12}.Debug|arm64.ActiveCfg = Debug|Any CPU
		{6B66B415-99BF-444B-B8A1-12412E1D4C12}.Debug|arm64.Build.0 = Debug|Any CPU
		{6B66B415-99BF-444B-B8A1-12412E1D4C12}.Debug|x64.ActiveCfg = Debug|Any CPU
		{6B66B415-99BF-444B-B8A1-12412E1D4C12}.Debug|x64.Build.0 = Debug|Any CPU
		{6B66B415-99BF-444B-B8A1-12412E1D4C12}.Debug|x86.ActiveCfg = Debug|Any CPU
		{6B66B415-99BF-444B-B8A1-12412E1D4C12}.Debug|x86.Build.0 = Debug|Any CPU
		{6B66B415-99BF-444B-B8A1-12412E1D4C12}.Release|Any CPU.ActiveCfg = Release|Any CPU
		{6B66B415-99BF-444B-B8A1-12412E1D4C12}.Release|Any CPU.Build.0 = Release|Any CPU
		{6B66B415-99BF-444B-B8A1-12412E1D4C12}.Release|arm64.ActiveCfg = Release|Any CPU
		{6B66B415-99BF-444B-B8A1-12412E1D4C12}.Release|arm64.Build.0 = Release|Any CPU
		{6B66B415-99BF-444B-B8A1-12412E1D4C12}.Release|x64.ActiveCfg = Release|Any CPU
		{6B66B415-99BF-444B-B8A1-12412E1D4C12}.Release|x64.Build.0 = Release|Any CPU
		{6B66B415-99BF-444B-B8A1-12412E1D4C12}.Release|x86.ActiveCfg = Release|Any CPU
		{6B66B415-99BF-444B-B8A1-12412E1D4C12}.Release|x86.Build.0 = Release|Any CPU
		{29ED1150-56FF-487D-85DA-BB2763654C83}.Debug|Any CPU.ActiveCfg = Debug|Any CPU
		{29ED1150-56FF-487D-85DA-BB2763654C83}.Debug|Any CPU.Build.0 = Debug|Any CPU
		{29ED1150-56FF-487D-85DA-BB2763654C83}.Debug|arm64.ActiveCfg = Debug|Any CPU
		{29ED1150-56FF-487D-85DA-BB2763654C83}.Debug|arm64.Build.0 = Debug|Any CPU
		{29ED1150-56FF-487D-85DA-BB2763654C83}.Debug|x64.ActiveCfg = Debug|Any CPU
		{29ED1150-56FF-487D-85DA-BB2763654C83}.Debug|x64.Build.0 = Debug|Any CPU
		{29ED1150-56FF-487D-85DA-BB2763654C83}.Debug|x86.ActiveCfg = Debug|Any CPU
		{29ED1150-56FF-487D-85DA-BB2763654C83}.Debug|x86.Build.0 = Debug|Any CPU
		{29ED1150-56FF-487D-85DA-BB2763654C83}.Release|Any CPU.ActiveCfg = Release|Any CPU
		{29ED1150-56FF-487D-85DA-BB2763654C83}.Release|Any CPU.Build.0 = Release|Any CPU
		{29ED1150-56FF-487D-85DA-BB2763654C83}.Release|arm64.ActiveCfg = Release|Any CPU
		{29ED1150-56FF-487D-85DA-BB2763654C83}.Release|arm64.Build.0 = Release|Any CPU
		{29ED1150-56FF-487D-85DA-BB2763654C83}.Release|x64.ActiveCfg = Release|Any CPU
		{29ED1150-56FF-487D-85DA-BB2763654C83}.Release|x64.Build.0 = Release|Any CPU
		{29ED1150-56FF-487D-85DA-BB2763654C83}.Release|x86.ActiveCfg = Release|Any CPU
		{29ED1150-56FF-487D-85DA-BB2763654C83}.Release|x86.Build.0 = Release|Any CPU
		{63A1D088-F8E1-48DA-93D2-72FBE7B4A459}.Debug|Any CPU.ActiveCfg = Debug|Any CPU
		{63A1D088-F8E1-48DA-93D2-72FBE7B4A459}.Debug|Any CPU.Build.0 = Debug|Any CPU
		{63A1D088-F8E1-48DA-93D2-72FBE7B4A459}.Debug|arm64.ActiveCfg = Debug|Any CPU
		{63A1D088-F8E1-48DA-93D2-72FBE7B4A459}.Debug|arm64.Build.0 = Debug|Any CPU
		{63A1D088-F8E1-48DA-93D2-72FBE7B4A459}.Debug|x64.ActiveCfg = Debug|Any CPU
		{63A1D088-F8E1-48DA-93D2-72FBE7B4A459}.Debug|x64.Build.0 = Debug|Any CPU
		{63A1D088-F8E1-48DA-93D2-72FBE7B4A459}.Debug|x86.ActiveCfg = Debug|Any CPU
		{63A1D088-F8E1-48DA-93D2-72FBE7B4A459}.Debug|x86.Build.0 = Debug|Any CPU
		{63A1D088-F8E1-48DA-93D2-72FBE7B4A459}.Release|Any CPU.ActiveCfg = Release|Any CPU
		{63A1D088-F8E1-48DA-93D2-72FBE7B4A459}.Release|Any CPU.Build.0 = Release|Any CPU
		{63A1D088-F8E1-48DA-93D2-72FBE7B4A459}.Release|arm64.ActiveCfg = Release|Any CPU
		{63A1D088-F8E1-48DA-93D2-72FBE7B4A459}.Release|arm64.Build.0 = Release|Any CPU
		{63A1D088-F8E1-48DA-93D2-72FBE7B4A459}.Release|x64.ActiveCfg = Release|Any CPU
		{63A1D088-F8E1-48DA-93D2-72FBE7B4A459}.Release|x64.Build.0 = Release|Any CPU
		{63A1D088-F8E1-48DA-93D2-72FBE7B4A459}.Release|x86.ActiveCfg = Release|Any CPU
		{63A1D088-F8E1-48DA-93D2-72FBE7B4A459}.Release|x86.Build.0 = Release|Any CPU
		{E779BC6F-447E-417F-99CF-C51D6ED9FC49}.Debug|Any CPU.ActiveCfg = Debug|Any CPU
		{E779BC6F-447E-417F-99CF-C51D6ED9FC49}.Debug|Any CPU.Build.0 = Debug|Any CPU
		{E779BC6F-447E-417F-99CF-C51D6ED9FC49}.Debug|arm64.ActiveCfg = Debug|Any CPU
		{E779BC6F-447E-417F-99CF-C51D6ED9FC49}.Debug|arm64.Build.0 = Debug|Any CPU
		{E779BC6F-447E-417F-99CF-C51D6ED9FC49}.Debug|x64.ActiveCfg = Debug|Any CPU
		{E779BC6F-447E-417F-99CF-C51D6ED9FC49}.Debug|x64.Build.0 = Debug|Any CPU
		{E779BC6F-447E-417F-99CF-C51D6ED9FC49}.Debug|x86.ActiveCfg = Debug|Any CPU
		{E779BC6F-447E-417F-99CF-C51D6ED9FC49}.Debug|x86.Build.0 = Debug|Any CPU
		{E779BC6F-447E-417F-99CF-C51D6ED9FC49}.Release|Any CPU.ActiveCfg = Release|Any CPU
		{E779BC6F-447E-417F-99CF-C51D6ED9FC49}.Release|Any CPU.Build.0 = Release|Any CPU
		{E779BC6F-447E-417F-99CF-C51D6ED9FC49}.Release|arm64.ActiveCfg = Release|Any CPU
		{E779BC6F-447E-417F-99CF-C51D6ED9FC49}.Release|arm64.Build.0 = Release|Any CPU
		{E779BC6F-447E-417F-99CF-C51D6ED9FC49}.Release|x64.ActiveCfg = Release|Any CPU
		{E779BC6F-447E-417F-99CF-C51D6ED9FC49}.Release|x64.Build.0 = Release|Any CPU
		{E779BC6F-447E-417F-99CF-C51D6ED9FC49}.Release|x86.ActiveCfg = Release|Any CPU
		{E779BC6F-447E-417F-99CF-C51D6ED9FC49}.Release|x86.Build.0 = Release|Any CPU
		{15029A57-CF22-4024-BFC5-8CC0F92BFB35}.Debug|Any CPU.ActiveCfg = Debug|Any CPU
		{15029A57-CF22-4024-BFC5-8CC0F92BFB35}.Debug|Any CPU.Build.0 = Debug|Any CPU
		{15029A57-CF22-4024-BFC5-8CC0F92BFB35}.Debug|arm64.ActiveCfg = Debug|Any CPU
		{15029A57-CF22-4024-BFC5-8CC0F92BFB35}.Debug|arm64.Build.0 = Debug|Any CPU
		{15029A57-CF22-4024-BFC5-8CC0F92BFB35}.Debug|x64.ActiveCfg = Debug|Any CPU
		{15029A57-CF22-4024-BFC5-8CC0F92BFB35}.Debug|x64.Build.0 = Debug|Any CPU
		{15029A57-CF22-4024-BFC5-8CC0F92BFB35}.Debug|x86.ActiveCfg = Debug|Any CPU
		{15029A57-CF22-4024-BFC5-8CC0F92BFB35}.Debug|x86.Build.0 = Debug|Any CPU
		{15029A57-CF22-4024-BFC5-8CC0F92BFB35}.Release|Any CPU.ActiveCfg = Release|Any CPU
		{15029A57-CF22-4024-BFC5-8CC0F92BFB35}.Release|Any CPU.Build.0 = Release|Any CPU
		{15029A57-CF22-4024-BFC5-8CC0F92BFB35}.Release|arm64.ActiveCfg = Release|Any CPU
		{15029A57-CF22-4024-BFC5-8CC0F92BFB35}.Release|arm64.Build.0 = Release|Any CPU
		{15029A57-CF22-4024-BFC5-8CC0F92BFB35}.Release|x64.ActiveCfg = Release|Any CPU
		{15029A57-CF22-4024-BFC5-8CC0F92BFB35}.Release|x64.Build.0 = Release|Any CPU
		{15029A57-CF22-4024-BFC5-8CC0F92BFB35}.Release|x86.ActiveCfg = Release|Any CPU
		{15029A57-CF22-4024-BFC5-8CC0F92BFB35}.Release|x86.Build.0 = Release|Any CPU
		{CFEA86F0-470D-4B5C-9F3A-615673A3E034}.Debug|Any CPU.ActiveCfg = Debug|Any CPU
		{CFEA86F0-470D-4B5C-9F3A-615673A3E034}.Debug|Any CPU.Build.0 = Debug|Any CPU
		{CFEA86F0-470D-4B5C-9F3A-615673A3E034}.Debug|arm64.ActiveCfg = Debug|Any CPU
		{CFEA86F0-470D-4B5C-9F3A-615673A3E034}.Debug|arm64.Build.0 = Debug|Any CPU
		{CFEA86F0-470D-4B5C-9F3A-615673A3E034}.Debug|x64.ActiveCfg = Debug|Any CPU
		{CFEA86F0-470D-4B5C-9F3A-615673A3E034}.Debug|x64.Build.0 = Debug|Any CPU
		{CFEA86F0-470D-4B5C-9F3A-615673A3E034}.Debug|x86.ActiveCfg = Debug|Any CPU
		{CFEA86F0-470D-4B5C-9F3A-615673A3E034}.Debug|x86.Build.0 = Debug|Any CPU
		{CFEA86F0-470D-4B5C-9F3A-615673A3E034}.Release|Any CPU.ActiveCfg = Release|Any CPU
		{CFEA86F0-470D-4B5C-9F3A-615673A3E034}.Release|Any CPU.Build.0 = Release|Any CPU
		{CFEA86F0-470D-4B5C-9F3A-615673A3E034}.Release|arm64.ActiveCfg = Release|Any CPU
		{CFEA86F0-470D-4B5C-9F3A-615673A3E034}.Release|arm64.Build.0 = Release|Any CPU
		{CFEA86F0-470D-4B5C-9F3A-615673A3E034}.Release|x64.ActiveCfg = Release|Any CPU
		{CFEA86F0-470D-4B5C-9F3A-615673A3E034}.Release|x64.Build.0 = Release|Any CPU
		{CFEA86F0-470D-4B5C-9F3A-615673A3E034}.Release|x86.ActiveCfg = Release|Any CPU
		{CFEA86F0-470D-4B5C-9F3A-615673A3E034}.Release|x86.Build.0 = Release|Any CPU
		{F47A3BE7-4ED6-438A-9611-331049310914}.Debug|Any CPU.ActiveCfg = Debug|Any CPU
		{F47A3BE7-4ED6-438A-9611-331049310914}.Debug|Any CPU.Build.0 = Debug|Any CPU
		{F47A3BE7-4ED6-438A-9611-331049310914}.Debug|arm64.ActiveCfg = Debug|Any CPU
		{F47A3BE7-4ED6-438A-9611-331049310914}.Debug|arm64.Build.0 = Debug|Any CPU
		{F47A3BE7-4ED6-438A-9611-331049310914}.Debug|x64.ActiveCfg = Debug|Any CPU
		{F47A3BE7-4ED6-438A-9611-331049310914}.Debug|x64.Build.0 = Debug|Any CPU
		{F47A3BE7-4ED6-438A-9611-331049310914}.Debug|x86.ActiveCfg = Debug|Any CPU
		{F47A3BE7-4ED6-438A-9611-331049310914}.Debug|x86.Build.0 = Debug|Any CPU
		{F47A3BE7-4ED6-438A-9611-331049310914}.Release|Any CPU.ActiveCfg = Release|Any CPU
		{F47A3BE7-4ED6-438A-9611-331049310914}.Release|Any CPU.Build.0 = Release|Any CPU
		{F47A3BE7-4ED6-438A-9611-331049310914}.Release|arm64.ActiveCfg = Release|Any CPU
		{F47A3BE7-4ED6-438A-9611-331049310914}.Release|arm64.Build.0 = Release|Any CPU
		{F47A3BE7-4ED6-438A-9611-331049310914}.Release|x64.ActiveCfg = Release|Any CPU
		{F47A3BE7-4ED6-438A-9611-331049310914}.Release|x64.Build.0 = Release|Any CPU
		{F47A3BE7-4ED6-438A-9611-331049310914}.Release|x86.ActiveCfg = Release|Any CPU
		{F47A3BE7-4ED6-438A-9611-331049310914}.Release|x86.Build.0 = Release|Any CPU
		{2EECC69B-B2C2-4D31-95A9-53E5C6876E61}.Debug|Any CPU.ActiveCfg = Debug|Any CPU
		{2EECC69B-B2C2-4D31-95A9-53E5C6876E61}.Debug|Any CPU.Build.0 = Debug|Any CPU
		{2EECC69B-B2C2-4D31-95A9-53E5C6876E61}.Debug|arm64.ActiveCfg = Debug|Any CPU
		{2EECC69B-B2C2-4D31-95A9-53E5C6876E61}.Debug|arm64.Build.0 = Debug|Any CPU
		{2EECC69B-B2C2-4D31-95A9-53E5C6876E61}.Debug|x64.ActiveCfg = Debug|Any CPU
		{2EECC69B-B2C2-4D31-95A9-53E5C6876E61}.Debug|x64.Build.0 = Debug|Any CPU
		{2EECC69B-B2C2-4D31-95A9-53E5C6876E61}.Debug|x86.ActiveCfg = Debug|Any CPU
		{2EECC69B-B2C2-4D31-95A9-53E5C6876E61}.Debug|x86.Build.0 = Debug|Any CPU
		{2EECC69B-B2C2-4D31-95A9-53E5C6876E61}.Release|Any CPU.ActiveCfg = Release|Any CPU
		{2EECC69B-B2C2-4D31-95A9-53E5C6876E61}.Release|Any CPU.Build.0 = Release|Any CPU
		{2EECC69B-B2C2-4D31-95A9-53E5C6876E61}.Release|arm64.ActiveCfg = Release|Any CPU
		{2EECC69B-B2C2-4D31-95A9-53E5C6876E61}.Release|arm64.Build.0 = Release|Any CPU
		{2EECC69B-B2C2-4D31-95A9-53E5C6876E61}.Release|x64.ActiveCfg = Release|Any CPU
		{2EECC69B-B2C2-4D31-95A9-53E5C6876E61}.Release|x64.Build.0 = Release|Any CPU
		{2EECC69B-B2C2-4D31-95A9-53E5C6876E61}.Release|x86.ActiveCfg = Release|Any CPU
		{2EECC69B-B2C2-4D31-95A9-53E5C6876E61}.Release|x86.Build.0 = Release|Any CPU
		{A923B297-A478-442C-838C-C80076A673E1}.Debug|Any CPU.ActiveCfg = Debug|Any CPU
		{A923B297-A478-442C-838C-C80076A673E1}.Debug|Any CPU.Build.0 = Debug|Any CPU
		{A923B297-A478-442C-838C-C80076A673E1}.Debug|arm64.ActiveCfg = Debug|Any CPU
		{A923B297-A478-442C-838C-C80076A673E1}.Debug|arm64.Build.0 = Debug|Any CPU
		{A923B297-A478-442C-838C-C80076A673E1}.Debug|x64.ActiveCfg = Debug|Any CPU
		{A923B297-A478-442C-838C-C80076A673E1}.Debug|x64.Build.0 = Debug|Any CPU
		{A923B297-A478-442C-838C-C80076A673E1}.Debug|x86.ActiveCfg = Debug|Any CPU
		{A923B297-A478-442C-838C-C80076A673E1}.Debug|x86.Build.0 = Debug|Any CPU
		{A923B297-A478-442C-838C-C80076A673E1}.Release|Any CPU.ActiveCfg = Release|Any CPU
		{A923B297-A478-442C-838C-C80076A673E1}.Release|Any CPU.Build.0 = Release|Any CPU
		{A923B297-A478-442C-838C-C80076A673E1}.Release|arm64.ActiveCfg = Release|Any CPU
		{A923B297-A478-442C-838C-C80076A673E1}.Release|arm64.Build.0 = Release|Any CPU
		{A923B297-A478-442C-838C-C80076A673E1}.Release|x64.ActiveCfg = Release|Any CPU
		{A923B297-A478-442C-838C-C80076A673E1}.Release|x64.Build.0 = Release|Any CPU
		{A923B297-A478-442C-838C-C80076A673E1}.Release|x86.ActiveCfg = Release|Any CPU
		{A923B297-A478-442C-838C-C80076A673E1}.Release|x86.Build.0 = Release|Any CPU
		{7118FC69-B0AC-4304-A3D7-5ABB829CA0FD}.Debug|Any CPU.ActiveCfg = Debug|Any CPU
		{7118FC69-B0AC-4304-A3D7-5ABB829CA0FD}.Debug|Any CPU.Build.0 = Debug|Any CPU
		{7118FC69-B0AC-4304-A3D7-5ABB829CA0FD}.Debug|arm64.ActiveCfg = Debug|Any CPU
		{7118FC69-B0AC-4304-A3D7-5ABB829CA0FD}.Debug|arm64.Build.0 = Debug|Any CPU
		{7118FC69-B0AC-4304-A3D7-5ABB829CA0FD}.Debug|x64.ActiveCfg = Debug|Any CPU
		{7118FC69-B0AC-4304-A3D7-5ABB829CA0FD}.Debug|x64.Build.0 = Debug|Any CPU
		{7118FC69-B0AC-4304-A3D7-5ABB829CA0FD}.Debug|x86.ActiveCfg = Debug|Any CPU
		{7118FC69-B0AC-4304-A3D7-5ABB829CA0FD}.Debug|x86.Build.0 = Debug|Any CPU
		{7118FC69-B0AC-4304-A3D7-5ABB829CA0FD}.Release|Any CPU.ActiveCfg = Release|Any CPU
		{7118FC69-B0AC-4304-A3D7-5ABB829CA0FD}.Release|Any CPU.Build.0 = Release|Any CPU
		{7118FC69-B0AC-4304-A3D7-5ABB829CA0FD}.Release|arm64.ActiveCfg = Release|Any CPU
		{7118FC69-B0AC-4304-A3D7-5ABB829CA0FD}.Release|arm64.Build.0 = Release|Any CPU
		{7118FC69-B0AC-4304-A3D7-5ABB829CA0FD}.Release|x64.ActiveCfg = Release|Any CPU
		{7118FC69-B0AC-4304-A3D7-5ABB829CA0FD}.Release|x64.Build.0 = Release|Any CPU
		{7118FC69-B0AC-4304-A3D7-5ABB829CA0FD}.Release|x86.ActiveCfg = Release|Any CPU
		{7118FC69-B0AC-4304-A3D7-5ABB829CA0FD}.Release|x86.Build.0 = Release|Any CPU
		{CA947155-E6E8-4B27-A207-069CD5CE1A1A}.Debug|Any CPU.ActiveCfg = Debug|Any CPU
		{CA947155-E6E8-4B27-A207-069CD5CE1A1A}.Debug|Any CPU.Build.0 = Debug|Any CPU
		{CA947155-E6E8-4B27-A207-069CD5CE1A1A}.Debug|arm64.ActiveCfg = Debug|Any CPU
		{CA947155-E6E8-4B27-A207-069CD5CE1A1A}.Debug|arm64.Build.0 = Debug|Any CPU
		{CA947155-E6E8-4B27-A207-069CD5CE1A1A}.Debug|x64.ActiveCfg = Debug|Any CPU
		{CA947155-E6E8-4B27-A207-069CD5CE1A1A}.Debug|x64.Build.0 = Debug|Any CPU
		{CA947155-E6E8-4B27-A207-069CD5CE1A1A}.Debug|x86.ActiveCfg = Debug|Any CPU
		{CA947155-E6E8-4B27-A207-069CD5CE1A1A}.Debug|x86.Build.0 = Debug|Any CPU
		{CA947155-E6E8-4B27-A207-069CD5CE1A1A}.Release|Any CPU.ActiveCfg = Release|Any CPU
		{CA947155-E6E8-4B27-A207-069CD5CE1A1A}.Release|Any CPU.Build.0 = Release|Any CPU
		{CA947155-E6E8-4B27-A207-069CD5CE1A1A}.Release|arm64.ActiveCfg = Release|Any CPU
		{CA947155-E6E8-4B27-A207-069CD5CE1A1A}.Release|arm64.Build.0 = Release|Any CPU
		{CA947155-E6E8-4B27-A207-069CD5CE1A1A}.Release|x64.ActiveCfg = Release|Any CPU
		{CA947155-E6E8-4B27-A207-069CD5CE1A1A}.Release|x64.Build.0 = Release|Any CPU
		{CA947155-E6E8-4B27-A207-069CD5CE1A1A}.Release|x86.ActiveCfg = Release|Any CPU
		{CA947155-E6E8-4B27-A207-069CD5CE1A1A}.Release|x86.Build.0 = Release|Any CPU
		{8E6D2847-EB20-461F-9E75-44E9C89BA3E9}.Debug|Any CPU.ActiveCfg = Debug|Any CPU
		{8E6D2847-EB20-461F-9E75-44E9C89BA3E9}.Debug|Any CPU.Build.0 = Debug|Any CPU
		{8E6D2847-EB20-461F-9E75-44E9C89BA3E9}.Debug|arm64.ActiveCfg = Debug|Any CPU
		{8E6D2847-EB20-461F-9E75-44E9C89BA3E9}.Debug|arm64.Build.0 = Debug|Any CPU
		{8E6D2847-EB20-461F-9E75-44E9C89BA3E9}.Debug|x64.ActiveCfg = Debug|Any CPU
		{8E6D2847-EB20-461F-9E75-44E9C89BA3E9}.Debug|x64.Build.0 = Debug|Any CPU
		{8E6D2847-EB20-461F-9E75-44E9C89BA3E9}.Debug|x86.ActiveCfg = Debug|Any CPU
		{8E6D2847-EB20-461F-9E75-44E9C89BA3E9}.Debug|x86.Build.0 = Debug|Any CPU
		{8E6D2847-EB20-461F-9E75-44E9C89BA3E9}.Release|Any CPU.ActiveCfg = Release|Any CPU
		{8E6D2847-EB20-461F-9E75-44E9C89BA3E9}.Release|Any CPU.Build.0 = Release|Any CPU
		{8E6D2847-EB20-461F-9E75-44E9C89BA3E9}.Release|arm64.ActiveCfg = Release|Any CPU
		{8E6D2847-EB20-461F-9E75-44E9C89BA3E9}.Release|arm64.Build.0 = Release|Any CPU
		{8E6D2847-EB20-461F-9E75-44E9C89BA3E9}.Release|x64.ActiveCfg = Release|Any CPU
		{8E6D2847-EB20-461F-9E75-44E9C89BA3E9}.Release|x64.Build.0 = Release|Any CPU
		{8E6D2847-EB20-461F-9E75-44E9C89BA3E9}.Release|x86.ActiveCfg = Release|Any CPU
		{8E6D2847-EB20-461F-9E75-44E9C89BA3E9}.Release|x86.Build.0 = Release|Any CPU
		{8A502208-3510-47AF-9CDF-FCFBC45B3FAE}.Debug|Any CPU.ActiveCfg = Debug|Any CPU
		{8A502208-3510-47AF-9CDF-FCFBC45B3FAE}.Debug|Any CPU.Build.0 = Debug|Any CPU
		{8A502208-3510-47AF-9CDF-FCFBC45B3FAE}.Debug|arm64.ActiveCfg = Debug|Any CPU
		{8A502208-3510-47AF-9CDF-FCFBC45B3FAE}.Debug|arm64.Build.0 = Debug|Any CPU
		{8A502208-3510-47AF-9CDF-FCFBC45B3FAE}.Debug|x64.ActiveCfg = Debug|Any CPU
		{8A502208-3510-47AF-9CDF-FCFBC45B3FAE}.Debug|x64.Build.0 = Debug|Any CPU
		{8A502208-3510-47AF-9CDF-FCFBC45B3FAE}.Debug|x86.ActiveCfg = Debug|Any CPU
		{8A502208-3510-47AF-9CDF-FCFBC45B3FAE}.Debug|x86.Build.0 = Debug|Any CPU
		{8A502208-3510-47AF-9CDF-FCFBC45B3FAE}.Release|Any CPU.ActiveCfg = Release|Any CPU
		{8A502208-3510-47AF-9CDF-FCFBC45B3FAE}.Release|Any CPU.Build.0 = Release|Any CPU
		{8A502208-3510-47AF-9CDF-FCFBC45B3FAE}.Release|arm64.ActiveCfg = Release|Any CPU
		{8A502208-3510-47AF-9CDF-FCFBC45B3FAE}.Release|arm64.Build.0 = Release|Any CPU
		{8A502208-3510-47AF-9CDF-FCFBC45B3FAE}.Release|x64.ActiveCfg = Release|Any CPU
		{8A502208-3510-47AF-9CDF-FCFBC45B3FAE}.Release|x64.Build.0 = Release|Any CPU
		{8A502208-3510-47AF-9CDF-FCFBC45B3FAE}.Release|x86.ActiveCfg = Release|Any CPU
		{8A502208-3510-47AF-9CDF-FCFBC45B3FAE}.Release|x86.Build.0 = Release|Any CPU
		{01ED6458-A10A-4A91-8C18-52AF02273946}.Debug|Any CPU.ActiveCfg = Debug|Any CPU
		{01ED6458-A10A-4A91-8C18-52AF02273946}.Debug|Any CPU.Build.0 = Debug|Any CPU
		{01ED6458-A10A-4A91-8C18-52AF02273946}.Debug|arm64.ActiveCfg = Debug|Any CPU
		{01ED6458-A10A-4A91-8C18-52AF02273946}.Debug|arm64.Build.0 = Debug|Any CPU
		{01ED6458-A10A-4A91-8C18-52AF02273946}.Debug|x64.ActiveCfg = Debug|Any CPU
		{01ED6458-A10A-4A91-8C18-52AF02273946}.Debug|x64.Build.0 = Debug|Any CPU
		{01ED6458-A10A-4A91-8C18-52AF02273946}.Debug|x86.ActiveCfg = Debug|Any CPU
		{01ED6458-A10A-4A91-8C18-52AF02273946}.Debug|x86.Build.0 = Debug|Any CPU
		{01ED6458-A10A-4A91-8C18-52AF02273946}.Release|Any CPU.ActiveCfg = Release|Any CPU
		{01ED6458-A10A-4A91-8C18-52AF02273946}.Release|Any CPU.Build.0 = Release|Any CPU
		{01ED6458-A10A-4A91-8C18-52AF02273946}.Release|arm64.ActiveCfg = Release|Any CPU
		{01ED6458-A10A-4A91-8C18-52AF02273946}.Release|arm64.Build.0 = Release|Any CPU
		{01ED6458-A10A-4A91-8C18-52AF02273946}.Release|x64.ActiveCfg = Release|Any CPU
		{01ED6458-A10A-4A91-8C18-52AF02273946}.Release|x64.Build.0 = Release|Any CPU
		{01ED6458-A10A-4A91-8C18-52AF02273946}.Release|x86.ActiveCfg = Release|Any CPU
		{01ED6458-A10A-4A91-8C18-52AF02273946}.Release|x86.Build.0 = Release|Any CPU
		{9DEA8380-5A4C-4E08-9947-3497645BA985}.Debug|Any CPU.ActiveCfg = Debug|Any CPU
		{9DEA8380-5A4C-4E08-9947-3497645BA985}.Debug|Any CPU.Build.0 = Debug|Any CPU
		{9DEA8380-5A4C-4E08-9947-3497645BA985}.Debug|arm64.ActiveCfg = Debug|Any CPU
		{9DEA8380-5A4C-4E08-9947-3497645BA985}.Debug|arm64.Build.0 = Debug|Any CPU
		{9DEA8380-5A4C-4E08-9947-3497645BA985}.Debug|x64.ActiveCfg = Debug|Any CPU
		{9DEA8380-5A4C-4E08-9947-3497645BA985}.Debug|x64.Build.0 = Debug|Any CPU
		{9DEA8380-5A4C-4E08-9947-3497645BA985}.Debug|x86.ActiveCfg = Debug|Any CPU
		{9DEA8380-5A4C-4E08-9947-3497645BA985}.Debug|x86.Build.0 = Debug|Any CPU
		{9DEA8380-5A4C-4E08-9947-3497645BA985}.Release|Any CPU.ActiveCfg = Release|Any CPU
		{9DEA8380-5A4C-4E08-9947-3497645BA985}.Release|Any CPU.Build.0 = Release|Any CPU
		{9DEA8380-5A4C-4E08-9947-3497645BA985}.Release|arm64.ActiveCfg = Release|Any CPU
		{9DEA8380-5A4C-4E08-9947-3497645BA985}.Release|arm64.Build.0 = Release|Any CPU
		{9DEA8380-5A4C-4E08-9947-3497645BA985}.Release|x64.ActiveCfg = Release|Any CPU
		{9DEA8380-5A4C-4E08-9947-3497645BA985}.Release|x64.Build.0 = Release|Any CPU
		{9DEA8380-5A4C-4E08-9947-3497645BA985}.Release|x86.ActiveCfg = Release|Any CPU
		{9DEA8380-5A4C-4E08-9947-3497645BA985}.Release|x86.Build.0 = Release|Any CPU
		{78A41336-F616-4B90-97B9-DA0D8297E379}.Debug|Any CPU.ActiveCfg = Debug|Any CPU
		{78A41336-F616-4B90-97B9-DA0D8297E379}.Debug|Any CPU.Build.0 = Debug|Any CPU
		{78A41336-F616-4B90-97B9-DA0D8297E379}.Debug|arm64.ActiveCfg = Debug|Any CPU
		{78A41336-F616-4B90-97B9-DA0D8297E379}.Debug|arm64.Build.0 = Debug|Any CPU
		{78A41336-F616-4B90-97B9-DA0D8297E379}.Debug|x64.ActiveCfg = Debug|Any CPU
		{78A41336-F616-4B90-97B9-DA0D8297E379}.Debug|x64.Build.0 = Debug|Any CPU
		{78A41336-F616-4B90-97B9-DA0D8297E379}.Debug|x86.ActiveCfg = Debug|Any CPU
		{78A41336-F616-4B90-97B9-DA0D8297E379}.Debug|x86.Build.0 = Debug|Any CPU
		{78A41336-F616-4B90-97B9-DA0D8297E379}.Release|Any CPU.ActiveCfg = Release|Any CPU
		{78A41336-F616-4B90-97B9-DA0D8297E379}.Release|Any CPU.Build.0 = Release|Any CPU
		{78A41336-F616-4B90-97B9-DA0D8297E379}.Release|arm64.ActiveCfg = Release|Any CPU
		{78A41336-F616-4B90-97B9-DA0D8297E379}.Release|arm64.Build.0 = Release|Any CPU
		{78A41336-F616-4B90-97B9-DA0D8297E379}.Release|x64.ActiveCfg = Release|Any CPU
		{78A41336-F616-4B90-97B9-DA0D8297E379}.Release|x64.Build.0 = Release|Any CPU
		{78A41336-F616-4B90-97B9-DA0D8297E379}.Release|x86.ActiveCfg = Release|Any CPU
		{78A41336-F616-4B90-97B9-DA0D8297E379}.Release|x86.Build.0 = Release|Any CPU
		{1A409231-F716-4A31-B7C4-B43D0F2E0DF3}.Debug|Any CPU.ActiveCfg = Debug|Any CPU
		{1A409231-F716-4A31-B7C4-B43D0F2E0DF3}.Debug|Any CPU.Build.0 = Debug|Any CPU
		{1A409231-F716-4A31-B7C4-B43D0F2E0DF3}.Debug|arm64.ActiveCfg = Debug|Any CPU
		{1A409231-F716-4A31-B7C4-B43D0F2E0DF3}.Debug|arm64.Build.0 = Debug|Any CPU
		{1A409231-F716-4A31-B7C4-B43D0F2E0DF3}.Debug|x64.ActiveCfg = Debug|Any CPU
		{1A409231-F716-4A31-B7C4-B43D0F2E0DF3}.Debug|x64.Build.0 = Debug|Any CPU
		{1A409231-F716-4A31-B7C4-B43D0F2E0DF3}.Debug|x86.ActiveCfg = Debug|Any CPU
		{1A409231-F716-4A31-B7C4-B43D0F2E0DF3}.Debug|x86.Build.0 = Debug|Any CPU
		{1A409231-F716-4A31-B7C4-B43D0F2E0DF3}.Release|Any CPU.ActiveCfg = Release|Any CPU
		{1A409231-F716-4A31-B7C4-B43D0F2E0DF3}.Release|Any CPU.Build.0 = Release|Any CPU
		{1A409231-F716-4A31-B7C4-B43D0F2E0DF3}.Release|arm64.ActiveCfg = Release|Any CPU
		{1A409231-F716-4A31-B7C4-B43D0F2E0DF3}.Release|arm64.Build.0 = Release|Any CPU
		{1A409231-F716-4A31-B7C4-B43D0F2E0DF3}.Release|x64.ActiveCfg = Release|Any CPU
		{1A409231-F716-4A31-B7C4-B43D0F2E0DF3}.Release|x64.Build.0 = Release|Any CPU
		{1A409231-F716-4A31-B7C4-B43D0F2E0DF3}.Release|x86.ActiveCfg = Release|Any CPU
		{1A409231-F716-4A31-B7C4-B43D0F2E0DF3}.Release|x86.Build.0 = Release|Any CPU
		{195BC490-E9D9-4D7F-86FB-F4A292593E90}.Debug|Any CPU.ActiveCfg = Debug|Any CPU
		{195BC490-E9D9-4D7F-86FB-F4A292593E90}.Debug|Any CPU.Build.0 = Debug|Any CPU
		{195BC490-E9D9-4D7F-86FB-F4A292593E90}.Debug|arm64.ActiveCfg = Debug|Any CPU
		{195BC490-E9D9-4D7F-86FB-F4A292593E90}.Debug|arm64.Build.0 = Debug|Any CPU
		{195BC490-E9D9-4D7F-86FB-F4A292593E90}.Debug|x64.ActiveCfg = Debug|Any CPU
		{195BC490-E9D9-4D7F-86FB-F4A292593E90}.Debug|x64.Build.0 = Debug|Any CPU
		{195BC490-E9D9-4D7F-86FB-F4A292593E90}.Debug|x86.ActiveCfg = Debug|Any CPU
		{195BC490-E9D9-4D7F-86FB-F4A292593E90}.Debug|x86.Build.0 = Debug|Any CPU
		{195BC490-E9D9-4D7F-86FB-F4A292593E90}.Release|Any CPU.ActiveCfg = Release|Any CPU
		{195BC490-E9D9-4D7F-86FB-F4A292593E90}.Release|Any CPU.Build.0 = Release|Any CPU
		{195BC490-E9D9-4D7F-86FB-F4A292593E90}.Release|arm64.ActiveCfg = Release|Any CPU
		{195BC490-E9D9-4D7F-86FB-F4A292593E90}.Release|arm64.Build.0 = Release|Any CPU
		{195BC490-E9D9-4D7F-86FB-F4A292593E90}.Release|x64.ActiveCfg = Release|Any CPU
		{195BC490-E9D9-4D7F-86FB-F4A292593E90}.Release|x64.Build.0 = Release|Any CPU
		{195BC490-E9D9-4D7F-86FB-F4A292593E90}.Release|x86.ActiveCfg = Release|Any CPU
		{195BC490-E9D9-4D7F-86FB-F4A292593E90}.Release|x86.Build.0 = Release|Any CPU
		{9A9FA152-C346-402E-94FE-F3D435AEDA19}.Debug|Any CPU.ActiveCfg = Debug|Any CPU
		{9A9FA152-C346-402E-94FE-F3D435AEDA19}.Debug|Any CPU.Build.0 = Debug|Any CPU
		{9A9FA152-C346-402E-94FE-F3D435AEDA19}.Debug|arm64.ActiveCfg = Debug|Any CPU
		{9A9FA152-C346-402E-94FE-F3D435AEDA19}.Debug|arm64.Build.0 = Debug|Any CPU
		{9A9FA152-C346-402E-94FE-F3D435AEDA19}.Debug|x64.ActiveCfg = Debug|Any CPU
		{9A9FA152-C346-402E-94FE-F3D435AEDA19}.Debug|x64.Build.0 = Debug|Any CPU
		{9A9FA152-C346-402E-94FE-F3D435AEDA19}.Debug|x86.ActiveCfg = Debug|Any CPU
		{9A9FA152-C346-402E-94FE-F3D435AEDA19}.Debug|x86.Build.0 = Debug|Any CPU
		{9A9FA152-C346-402E-94FE-F3D435AEDA19}.Release|Any CPU.ActiveCfg = Release|Any CPU
		{9A9FA152-C346-402E-94FE-F3D435AEDA19}.Release|Any CPU.Build.0 = Release|Any CPU
		{9A9FA152-C346-402E-94FE-F3D435AEDA19}.Release|arm64.ActiveCfg = Release|Any CPU
		{9A9FA152-C346-402E-94FE-F3D435AEDA19}.Release|arm64.Build.0 = Release|Any CPU
		{9A9FA152-C346-402E-94FE-F3D435AEDA19}.Release|x64.ActiveCfg = Release|Any CPU
		{9A9FA152-C346-402E-94FE-F3D435AEDA19}.Release|x64.Build.0 = Release|Any CPU
		{9A9FA152-C346-402E-94FE-F3D435AEDA19}.Release|x86.ActiveCfg = Release|Any CPU
		{9A9FA152-C346-402E-94FE-F3D435AEDA19}.Release|x86.Build.0 = Release|Any CPU
		{F74BE489-7A80-48BB-B2CE-F69FD11311E6}.Debug|Any CPU.ActiveCfg = Debug|Any CPU
		{F74BE489-7A80-48BB-B2CE-F69FD11311E6}.Debug|Any CPU.Build.0 = Debug|Any CPU
		{F74BE489-7A80-48BB-B2CE-F69FD11311E6}.Debug|arm64.ActiveCfg = Debug|Any CPU
		{F74BE489-7A80-48BB-B2CE-F69FD11311E6}.Debug|arm64.Build.0 = Debug|Any CPU
		{F74BE489-7A80-48BB-B2CE-F69FD11311E6}.Debug|x64.ActiveCfg = Debug|Any CPU
		{F74BE489-7A80-48BB-B2CE-F69FD11311E6}.Debug|x64.Build.0 = Debug|Any CPU
		{F74BE489-7A80-48BB-B2CE-F69FD11311E6}.Debug|x86.ActiveCfg = Debug|Any CPU
		{F74BE489-7A80-48BB-B2CE-F69FD11311E6}.Debug|x86.Build.0 = Debug|Any CPU
		{F74BE489-7A80-48BB-B2CE-F69FD11311E6}.Release|Any CPU.ActiveCfg = Release|Any CPU
		{F74BE489-7A80-48BB-B2CE-F69FD11311E6}.Release|Any CPU.Build.0 = Release|Any CPU
		{F74BE489-7A80-48BB-B2CE-F69FD11311E6}.Release|arm64.ActiveCfg = Release|Any CPU
		{F74BE489-7A80-48BB-B2CE-F69FD11311E6}.Release|arm64.Build.0 = Release|Any CPU
		{F74BE489-7A80-48BB-B2CE-F69FD11311E6}.Release|x64.ActiveCfg = Release|Any CPU
		{F74BE489-7A80-48BB-B2CE-F69FD11311E6}.Release|x64.Build.0 = Release|Any CPU
		{F74BE489-7A80-48BB-B2CE-F69FD11311E6}.Release|x86.ActiveCfg = Release|Any CPU
		{F74BE489-7A80-48BB-B2CE-F69FD11311E6}.Release|x86.Build.0 = Release|Any CPU
		{BAB2D85F-0AE4-4FB0-9B4D-CD05E8E53356}.Debug|Any CPU.ActiveCfg = Debug|Any CPU
		{BAB2D85F-0AE4-4FB0-9B4D-CD05E8E53356}.Debug|Any CPU.Build.0 = Debug|Any CPU
		{BAB2D85F-0AE4-4FB0-9B4D-CD05E8E53356}.Debug|arm64.ActiveCfg = Debug|Any CPU
		{BAB2D85F-0AE4-4FB0-9B4D-CD05E8E53356}.Debug|arm64.Build.0 = Debug|Any CPU
		{BAB2D85F-0AE4-4FB0-9B4D-CD05E8E53356}.Debug|x64.ActiveCfg = Debug|Any CPU
		{BAB2D85F-0AE4-4FB0-9B4D-CD05E8E53356}.Debug|x64.Build.0 = Debug|Any CPU
		{BAB2D85F-0AE4-4FB0-9B4D-CD05E8E53356}.Debug|x86.ActiveCfg = Debug|Any CPU
		{BAB2D85F-0AE4-4FB0-9B4D-CD05E8E53356}.Debug|x86.Build.0 = Debug|Any CPU
		{BAB2D85F-0AE4-4FB0-9B4D-CD05E8E53356}.Release|Any CPU.ActiveCfg = Release|Any CPU
		{BAB2D85F-0AE4-4FB0-9B4D-CD05E8E53356}.Release|Any CPU.Build.0 = Release|Any CPU
		{BAB2D85F-0AE4-4FB0-9B4D-CD05E8E53356}.Release|arm64.ActiveCfg = Release|Any CPU
		{BAB2D85F-0AE4-4FB0-9B4D-CD05E8E53356}.Release|arm64.Build.0 = Release|Any CPU
		{BAB2D85F-0AE4-4FB0-9B4D-CD05E8E53356}.Release|x64.ActiveCfg = Release|Any CPU
		{BAB2D85F-0AE4-4FB0-9B4D-CD05E8E53356}.Release|x64.Build.0 = Release|Any CPU
		{BAB2D85F-0AE4-4FB0-9B4D-CD05E8E53356}.Release|x86.ActiveCfg = Release|Any CPU
		{BAB2D85F-0AE4-4FB0-9B4D-CD05E8E53356}.Release|x86.Build.0 = Release|Any CPU
		{1F98E755-420F-4E3D-B9E0-C137976F77A0}.Debug|Any CPU.ActiveCfg = Debug|Any CPU
		{1F98E755-420F-4E3D-B9E0-C137976F77A0}.Debug|Any CPU.Build.0 = Debug|Any CPU
		{1F98E755-420F-4E3D-B9E0-C137976F77A0}.Debug|arm64.ActiveCfg = Debug|Any CPU
		{1F98E755-420F-4E3D-B9E0-C137976F77A0}.Debug|arm64.Build.0 = Debug|Any CPU
		{1F98E755-420F-4E3D-B9E0-C137976F77A0}.Debug|x64.ActiveCfg = Debug|Any CPU
		{1F98E755-420F-4E3D-B9E0-C137976F77A0}.Debug|x64.Build.0 = Debug|Any CPU
		{1F98E755-420F-4E3D-B9E0-C137976F77A0}.Debug|x86.ActiveCfg = Debug|Any CPU
		{1F98E755-420F-4E3D-B9E0-C137976F77A0}.Debug|x86.Build.0 = Debug|Any CPU
		{1F98E755-420F-4E3D-B9E0-C137976F77A0}.Release|Any CPU.ActiveCfg = Release|Any CPU
		{1F98E755-420F-4E3D-B9E0-C137976F77A0}.Release|Any CPU.Build.0 = Release|Any CPU
		{1F98E755-420F-4E3D-B9E0-C137976F77A0}.Release|arm64.ActiveCfg = Release|Any CPU
		{1F98E755-420F-4E3D-B9E0-C137976F77A0}.Release|arm64.Build.0 = Release|Any CPU
		{1F98E755-420F-4E3D-B9E0-C137976F77A0}.Release|x64.ActiveCfg = Release|Any CPU
		{1F98E755-420F-4E3D-B9E0-C137976F77A0}.Release|x64.Build.0 = Release|Any CPU
		{1F98E755-420F-4E3D-B9E0-C137976F77A0}.Release|x86.ActiveCfg = Release|Any CPU
		{1F98E755-420F-4E3D-B9E0-C137976F77A0}.Release|x86.Build.0 = Release|Any CPU
		{5F7B17B4-E45B-4157-B902-B482B34FFA99}.Debug|Any CPU.ActiveCfg = Debug|Any CPU
		{5F7B17B4-E45B-4157-B902-B482B34FFA99}.Debug|Any CPU.Build.0 = Debug|Any CPU
		{5F7B17B4-E45B-4157-B902-B482B34FFA99}.Debug|arm64.ActiveCfg = Debug|Any CPU
		{5F7B17B4-E45B-4157-B902-B482B34FFA99}.Debug|arm64.Build.0 = Debug|Any CPU
		{5F7B17B4-E45B-4157-B902-B482B34FFA99}.Debug|x64.ActiveCfg = Debug|Any CPU
		{5F7B17B4-E45B-4157-B902-B482B34FFA99}.Debug|x64.Build.0 = Debug|Any CPU
		{5F7B17B4-E45B-4157-B902-B482B34FFA99}.Debug|x86.ActiveCfg = Debug|Any CPU
		{5F7B17B4-E45B-4157-B902-B482B34FFA99}.Debug|x86.Build.0 = Debug|Any CPU
		{5F7B17B4-E45B-4157-B902-B482B34FFA99}.Release|Any CPU.ActiveCfg = Release|Any CPU
		{5F7B17B4-E45B-4157-B902-B482B34FFA99}.Release|Any CPU.Build.0 = Release|Any CPU
		{5F7B17B4-E45B-4157-B902-B482B34FFA99}.Release|arm64.ActiveCfg = Release|Any CPU
		{5F7B17B4-E45B-4157-B902-B482B34FFA99}.Release|arm64.Build.0 = Release|Any CPU
		{5F7B17B4-E45B-4157-B902-B482B34FFA99}.Release|x64.ActiveCfg = Release|Any CPU
		{5F7B17B4-E45B-4157-B902-B482B34FFA99}.Release|x64.Build.0 = Release|Any CPU
		{5F7B17B4-E45B-4157-B902-B482B34FFA99}.Release|x86.ActiveCfg = Release|Any CPU
		{5F7B17B4-E45B-4157-B902-B482B34FFA99}.Release|x86.Build.0 = Release|Any CPU
	EndGlobalSection
	GlobalSection(SolutionProperties) = preSolution
		HideSolutionNode = FALSE
	EndGlobalSection
	GlobalSection(NestedProjects) = preSolution
		{11689861-BCC1-4F7B-B09F-34BE87A1A66B} = {D0533806-92D6-4E95-95AE-4791DCA4D739}
		{DC5BFD62-A0C6-4A13-A074-7AC9ED85F60D} = {D0533806-92D6-4E95-95AE-4791DCA4D739}
		{0F1C215C-DB15-4F7B-B97D-1DF769F8410D} = {11689861-BCC1-4F7B-B09F-34BE87A1A66B}
		{7735B4D8-AA47-41AE-95FD-485598043EC9} = {11689861-BCC1-4F7B-B09F-34BE87A1A66B}
		{5D6CDB02-CC03-4894-A309-09DE47967A36} = {11689861-BCC1-4F7B-B09F-34BE87A1A66B}
		{BB0BA901-54C8-430D-A5DB-EAFCC89EA3D8} = {B0FD6D02-A35A-4E0A-9AE0-8B512C33D7C1}
		{6B66B415-99BF-444B-B8A1-12412E1D4C12} = {BB0BA901-54C8-430D-A5DB-EAFCC89EA3D8}
		{29ED1150-56FF-487D-85DA-BB2763654C83} = {BB0BA901-54C8-430D-A5DB-EAFCC89EA3D8}
		{63A1D088-F8E1-48DA-93D2-72FBE7B4A459} = {BB0BA901-54C8-430D-A5DB-EAFCC89EA3D8}
		{E779BC6F-447E-417F-99CF-C51D6ED9FC49} = {BB0BA901-54C8-430D-A5DB-EAFCC89EA3D8}
		{05414BC5-EE81-480F-A9F6-40617F802EB4} = {BB0BA901-54C8-430D-A5DB-EAFCC89EA3D8}
		{15029A57-CF22-4024-BFC5-8CC0F92BFB35} = {B37F1E79-D818-4A35-8450-E42722E5E3EA}
		{CFEA86F0-470D-4B5C-9F3A-615673A3E034} = {B37F1E79-D818-4A35-8450-E42722E5E3EA}
		{F47A3BE7-4ED6-438A-9611-331049310914} = {B37F1E79-D818-4A35-8450-E42722E5E3EA}
		{2EECC69B-B2C2-4D31-95A9-53E5C6876E61} = {B37F1E79-D818-4A35-8450-E42722E5E3EA}
		{A923B297-A478-442C-838C-C80076A673E1} = {B37F1E79-D818-4A35-8450-E42722E5E3EA}
		{7118FC69-B0AC-4304-A3D7-5ABB829CA0FD} = {B37F1E79-D818-4A35-8450-E42722E5E3EA}
		{CA947155-E6E8-4B27-A207-069CD5CE1A1A} = {B37F1E79-D818-4A35-8450-E42722E5E3EA}
		{8E6D2847-EB20-461F-9E75-44E9C89BA3E9} = {B37F1E79-D818-4A35-8450-E42722E5E3EA}
		{8A502208-3510-47AF-9CDF-FCFBC45B3FAE} = {B37F1E79-D818-4A35-8450-E42722E5E3EA}
		{01ED6458-A10A-4A91-8C18-52AF02273946} = {B37F1E79-D818-4A35-8450-E42722E5E3EA}
		{9DEA8380-5A4C-4E08-9947-3497645BA985} = {B37F1E79-D818-4A35-8450-E42722E5E3EA}
		{78A41336-F616-4B90-97B9-DA0D8297E379} = {B37F1E79-D818-4A35-8450-E42722E5E3EA}
		{1A409231-F716-4A31-B7C4-B43D0F2E0DF3} = {B37F1E79-D818-4A35-8450-E42722E5E3EA}
		{195BC490-E9D9-4D7F-86FB-F4A292593E90} = {B37F1E79-D818-4A35-8450-E42722E5E3EA}
		{9A9FA152-C346-402E-94FE-F3D435AEDA19} = {B37F1E79-D818-4A35-8450-E42722E5E3EA}
		{F74BE489-7A80-48BB-B2CE-F69FD11311E6} = {B37F1E79-D818-4A35-8450-E42722E5E3EA}
		{BAB2D85F-0AE4-4FB0-9B4D-CD05E8E53356} = {B37F1E79-D818-4A35-8450-E42722E5E3EA}
		{1F98E755-420F-4E3D-B9E0-C137976F77A0} = {B37F1E79-D818-4A35-8450-E42722E5E3EA}
		{5F7B17B4-E45B-4157-B902-B482B34FFA99} = {B37F1E79-D818-4A35-8450-E42722E5E3EA}
		{B37F1E79-D818-4A35-8450-E42722E5E3EA} = {B0FD6D02-A35A-4E0A-9AE0-8B512C33D7C1}
	EndGlobalSection
	GlobalSection(ExtensibilityGlobals) = postSolution
		SolutionGuid = {83498F0C-015F-44E4-9E7E-813DAD113571}
	EndGlobalSection
	GlobalSection(SharedMSBuildProjectFiles) = preSolution
		..\..\submodules\Framework.Uno\src\Framework.Base\Framework.UnoNative.Shared\Framework.UnoNative.Shared.projitems*{05414bc5-ee81-480f-a9f6-40617f802eb4}*SharedItemsImports = 13
	EndGlobalSection
EndGlobal
